{
  "version": 4,
  "terraform_version": "1.2.8",
  "serial": 0,
  "lineage": "",
  "outputs": {},
  "resources": [
    {
      "mode": "data",
      "type": "terraform_remote_state",
      "name": "network",
      "provider": "provider[\"terraform.io/builtin/terraform\"]",
      "instances": [
        {
          "schema_version": 0,
          "attributes": {
            "backend": "s3",
            "config": {
              "value": {
                "bucket": "nocnoc-devops-prod",
                "key": "terraform-prod/network/terraform.tfstate",
                "region": "ap-southeast-1"
              },
              "type": [
                "object",
                {
                  "bucket": "string",
                  "key": "string",
                  "region": "string"
                }
              ]
            },
            "defaults": null,
            "outputs": {
              "value": {
                "cluster_name": "nocnoc-production-cluster",
                "region": "ap-southeast-1",
                "subnet_ids": [
                  "subnet-0f6a132300d4ad972",
                  "subnet-003bba4eb3dcbe47c",
                  "subnet-03b8fad679562155f"
                ],
                "vpc_id": "vpc-0b5f985df3c1b0ebf"
              },
              "type": [
                "object",
                {
                  "cluster_name": "string",
                  "region": "string",
                  "subnet_ids": [
                    "tuple",
                    [
                      "string",
                      "string",
                      "string"
                    ]
                  ],
                  "vpc_id": "string"
                }
              ]
            },
            "workspace": null
          },
          "sensitive_attributes": []
        }
      ]
    },
    {
      "module": "module.eks",
      "mode": "data",
      "type": "aws_eks_cluster_auth",
      "name": "this",
      "provider": "provider[\"registry.terraform.io/hashicorp/aws\"]",
      "instances": [
        {
          "schema_version": 0,
          "attributes": {
            "id": "nocnoc-production",
            "name": "nocnoc-production",
            "token": "k8s-aws-v1.aHR0cHM6Ly9zdHMuYW1hem9uYXdzLmNvbS8_QWN0aW9uPUdldENhbGxlcklkZW50aXR5JlZlcnNpb249MjAxMS0wNi0xNSZYLUFtei1BbGdvcml0aG09QVdTNC1ITUFDLVNIQTI1NiZYLUFtei1DcmVkZW50aWFsPUFTSUFXSTRFRFpINVdPQTRUNEVGJTJGMjAyMjEyMjIlMkZ1cy1lYXN0LTElMkZzdHMlMkZhd3M0X3JlcXVlc3QmWC1BbXotRGF0ZT0yMDIyMTIyMlQwOTMzNTJaJlgtQW16LUV4cGlyZXM9MCZYLUFtei1TZWN1cml0eS1Ub2tlbj1JUW9KYjNKcFoybHVYMlZqRUdrYURtRndMWE52ZFhSb1pXRnpkQzB4SWtZd1JBSWdjc0VabWFhVXUxUEglMkJUakFydHU2NHBPQlZ0cmI4ZEhhRCUyRmZtcmlmMVBnSUNJRnFFOGp4bnRJUjcxSENNaWhsSTBZOFBlWFJJaDNHOVJoU1RoTW8lMkJ0UVNGS3AwRENLTCUyRiUyRiUyRiUyRiUyRiUyRiUyRiUyRiUyRiUyRndFUUFCb01ORE14TXpnME5ERTBOekUxSWd3STV5bUd6dWdhMGRURyUyRmJvcThRS2h4bEFJRWFSUm9XUEVTeHBKTWpqRWEwMHNqTmlVV1dDZzFHS2V6YmU4bTFMYjU5azg0bnBjT2ZySVpnZUdtWkQlMkZYWHdqbDhCNWUlMkJuSGpTYnQwZjZhRElPNHFtbFI5ZzlLWWJJSmVmNGY0aWVuNkQzUDc2ZzJ0MVp5RHkyYkY1WSUyQmhTb3NCOEpVeGhFaVhHck5TdlU0S09PbHhueEJDbHZLUFQxdGtTenluNEhmZ0xPNFpBYU9QSEtUVXUzSXNYbXpubjgxQW9jRTlvM1hyMXc2Y3FlQUglMkJLNk5TMW9MQzk2cyUyRmVvbmFWTTJIeDhZMlJsa1VrWmpMcFR5UmFIZThRWlp6OFhoVUZxY1M0aXR4ZGh5WkFpc1pUSSUyRlNIVEhGUUZxc21PbDVtNnpaR1FlajVTSkxGNjhpSXFtV3BhY2lEWlFBeFMlMkJ4UXBGTHdUTGtqdTJROUtrTkduM29hJTJCS0sybGw4TVlTaHZNeHBGc3ZhSHhkSkZVUmRvbDBHdDgwNDZraktyczRweUZBSE5TbGlwTm96bHNTNUIlMkI4VjRiVDZFeGslMkZIWkU3MkR2WEN6THBudkNHd0pQUCUyRnB0c0QwT0ZSNWRGNHc3bHIzN1RWNUNMeDg0ZFN5Y0NKRG9tZDlIMFRmVUtFdjYlMkJ6NVdad3dsTE9RblFZNnB3RiUyRkZFWmF1SXBjMGZMZGRnUzFFeEh1SERFNkZhN2RCY29CWmFaZDE2Z2c2JTJCd1lmSDJkME9kcjVPUTZsOGxkbXJMSGdFalpzbzNrbUlwJTJGRGhBNk14UFFNM3BDMERtWGNWYmNqOCUyRkJCcXh4Q0J1RmNpSVJUcXFIRzdYb2ZXOHF5a0dmeEhxeW92ejklMkI1VG9uZWs1SXdiYXA1UjI2dzR4R3A4Q2ozODZRSXBIRmRzWWp2SWNCTnRnRDJBT3djSURLaWhTVjRsUkEwZENuaVUzdlZzcyUyRktzSG1hbmpteExtSXclM0QlM0QmWC1BbXotU2lnbmVkSGVhZGVycz1ob3N0JTNCeC1rOHMtYXdzLWlkJlgtQW16LVNpZ25hdHVyZT04OTljNTllNjJiZWUwYjdjYTQ3NjUxMTRlZDE1MzlkYjBhZWZkZjE0Y2FhZjNhNTYyMDU2Y2VlZDI3ZmQwZGRi"
          },
          "sensitive_attributes": []
        }
      ]
    },
    {
      "module": "module.eks",
      "mode": "data",
      "type": "aws_secretsmanager_secret_version",
      "name": "admin_password_version",
      "provider": "provider[\"registry.terraform.io/hashicorp/aws\"]",
      "instances": [
        {
          "schema_version": 0,
          "attributes": {
            "arn": "arn:aws:secretsmanager:ap-southeast-1:431384414715:secret:argocd-MJx6bd",
            "id": "arn:aws:secretsmanager:ap-southeast-1:431384414715:secret:argocd-MJx6bd|AWSCURRENT",
            "secret_binary": "",
            "secret_id": "arn:aws:secretsmanager:ap-southeast-1:431384414715:secret:argocd-MJx6bd",
            "secret_string": "-4XVAM#BrBh:-ic$",
            "version_id": "F89990BD-0741-417B-B601-63D852F37A13",
            "version_stage": "AWSCURRENT",
            "version_stages": [
              "AWSCURRENT"
            ]
          },
          "sensitive_attributes": []
        }
      ]
    },
    {
      "module": "module.eks",
      "mode": "managed",
      "type": "aws_secretsmanager_secret",
      "name": "arogcd",
      "provider": "provider[\"registry.terraform.io/hashicorp/aws\"]",
      "instances": [
        {
          "schema_version": 0,
          "attributes": {
            "arn": "arn:aws:secretsmanager:ap-southeast-1:431384414715:secret:argocd-MJx6bd",
            "description": "",
            "force_overwrite_replica_secret": false,
            "id": "arn:aws:secretsmanager:ap-southeast-1:431384414715:secret:argocd-MJx6bd",
            "kms_key_id": "",
            "name": "argocd",
            "name_prefix": "",
            "policy": "",
            "recovery_window_in_days": 0,
            "replica": [],
            "rotation_enabled": false,
            "rotation_lambda_arn": "",
            "rotation_rules": [],
            "tags": null,
            "tags_all": {}
          },
          "sensitive_attributes": [],
          "private": "bnVsbA=="
        }
      ]
    },
    {
      "module": "module.eks",
      "mode": "managed",
      "type": "aws_secretsmanager_secret_version",
      "name": "arogcd",
      "provider": "provider[\"registry.terraform.io/hashicorp/aws\"]",
      "instances": [
        {
          "schema_version": 0,
          "attributes": {
            "arn": "arn:aws:secretsmanager:ap-southeast-1:431384414715:secret:argocd-MJx6bd",
            "id": "arn:aws:secretsmanager:ap-southeast-1:431384414715:secret:argocd-MJx6bd|F89990BD-0741-417B-B601-63D852F37A13",
            "secret_binary": "",
            "secret_id": "arn:aws:secretsmanager:ap-southeast-1:431384414715:secret:argocd-MJx6bd",
            "secret_string": "-4XVAM#BrBh:-ic$",
            "version_id": "F89990BD-0741-417B-B601-63D852F37A13",
            "version_stages": [
              "AWSCURRENT"
            ]
          },
          "sensitive_attributes": [
            [
              {
                "type": "get_attr",
                "value": "secret_string"
              }
            ]
          ],
          "private": "bnVsbA==",
          "dependencies": [
            "module.eks.aws_secretsmanager_secret.arogcd",
            "module.eks.random_password.argocd"
          ]
        }
      ]
    },
    {
      "module": "module.eks",
      "mode": "managed",
      "type": "helm_release",
      "name": "fluentbit",
      "provider": "module.eks.provider[\"registry.terraform.io/hashicorp/helm\"]",
      "instances": []
    },
    {
      "module": "module.eks",
      "mode": "managed",
      "type": "helm_release",
      "name": "istio-base",
      "provider": "module.eks.provider[\"registry.terraform.io/hashicorp/helm\"]",
      "instances": [
        {
          "schema_version": 0,
          "attributes": {
            "atomic": false,
            "chart": "base",
            "cleanup_on_fail": false,
            "create_namespace": true,
            "dependency_update": false,
            "description": null,
            "devel": null,
            "disable_crd_hooks": false,
            "disable_openapi_validation": false,
            "disable_webhooks": false,
            "force_update": false,
            "id": "istio-base",
            "keyring": null,
            "lint": false,
            "manifest": null,
            "max_history": 0,
            "metadata": [
              {
                "app_version": "1.12.1",
                "chart": "base",
                "name": "istio-base",
                "namespace": "istio-system",
                "revision": 1,
                "values": "{}",
                "version": "1.12.1"
              }
            ],
            "name": "istio-base",
            "namespace": "istio-system",
            "pass_credentials": false,
            "postrender": [],
            "recreate_pods": false,
            "render_subchart_notes": true,
            "replace": false,
            "repository": "https://istio-release.storage.googleapis.com/charts",
            "repository_ca_file": null,
            "repository_cert_file": null,
            "repository_key_file": null,
            "repository_password": null,
            "repository_username": null,
            "reset_values": false,
            "reuse_values": false,
            "set": [],
            "set_sensitive": [],
            "skip_crds": false,
            "status": "deployed",
            "timeout": 300,
            "values": null,
            "verify": false,
            "version": "1.12.1",
            "wait": true,
            "wait_for_jobs": false
          },
          "sensitive_attributes": [],
          "private": "bnVsbA==",
          "dependencies": [
            "data.terraform_remote_state.network",
            "module.eks.data.aws_eks_cluster_auth.this",
            "module.eks.module.eks_blueprints.data.aws_iam_policy_document.eks_key",
            "module.eks.module.eks_blueprints.module.aws_eks.aws_cloudwatch_log_group.this",
            "module.eks.module.eks_blueprints.module.aws_eks.aws_eks_cluster.this",
            "module.eks.module.eks_blueprints.module.aws_eks.aws_iam_role.this",
            "module.eks.module.eks_blueprints.module.aws_eks.aws_iam_role_policy_attachment.this",
            "module.eks.module.eks_blueprints.module.aws_eks.aws_security_group.cluster",
            "module.eks.module.eks_blueprints.module.aws_eks.aws_security_group.node",
            "module.eks.module.eks_blueprints.module.aws_eks.aws_security_group_rule.cluster",
            "module.eks.module.eks_blueprints.module.aws_eks.aws_security_group_rule.node",
            "module.eks.module.eks_blueprints.module.aws_eks.data.aws_iam_policy_document.assume_role_policy",
            "module.eks.module.eks_blueprints.module.aws_eks.data.aws_partition.current",
            "module.eks.module.eks_blueprints.module.aws_eks.module.kms.aws_kms_external_key.this",
            "module.eks.module.eks_blueprints.module.aws_eks.module.kms.aws_kms_key.this",
            "module.eks.module.eks_blueprints.module.kms.aws_kms_key.this"
          ]
        }
      ]
    },
    {
      "module": "module.eks",
      "mode": "managed",
      "type": "helm_release",
      "name": "istio-ingress",
      "provider": "module.eks.provider[\"registry.terraform.io/hashicorp/helm\"]",
      "instances": []
    },
    {
      "module": "module.eks",
      "mode": "managed",
      "type": "helm_release",
      "name": "istiod",
      "provider": "module.eks.provider[\"registry.terraform.io/hashicorp/helm\"]",
      "instances": [
        {
          "status": "tainted",
          "schema_version": 0,
          "attributes": {
            "atomic": false,
            "chart": "istiod",
            "cleanup_on_fail": false,
            "create_namespace": false,
            "dependency_update": false,
            "description": null,
            "devel": null,
            "disable_crd_hooks": false,
            "disable_openapi_validation": false,
            "disable_webhooks": false,
            "force_update": false,
            "id": "istiod",
            "keyring": null,
            "lint": false,
            "manifest": null,
            "max_history": 0,
            "metadata": [
              {
                "app_version": "1.12.1",
                "chart": "istiod",
                "name": "istiod",
                "namespace": "istio-system",
                "revision": 1,
                "values": "{}",
                "version": "1.12.1"
              }
            ],
            "name": "istiod",
            "namespace": "istio-system",
            "pass_credentials": false,
            "postrender": [],
            "recreate_pods": false,
            "render_subchart_notes": true,
            "replace": false,
            "repository": "https://istio-release.storage.googleapis.com/charts",
            "repository_ca_file": null,
            "repository_cert_file": null,
            "repository_key_file": null,
            "repository_password": null,
            "repository_username": null,
            "reset_values": false,
            "reuse_values": false,
            "set": [],
            "set_sensitive": [],
            "skip_crds": false,
            "status": "failed",
            "timeout": 300,
            "values": null,
            "verify": false,
            "version": "1.12.1",
            "wait": true,
            "wait_for_jobs": false
          },
          "sensitive_attributes": [],
          "private": "bnVsbA==",
          "dependencies": [
            "data.terraform_remote_state.network",
            "module.eks.data.aws_eks_cluster_auth.this",
            "module.eks.helm_release.istio-base",
            "module.eks.module.eks_blueprints.data.aws_iam_policy_document.eks_key",
            "module.eks.module.eks_blueprints.module.aws_eks.aws_cloudwatch_log_group.this",
            "module.eks.module.eks_blueprints.module.aws_eks.aws_eks_cluster.this",
            "module.eks.module.eks_blueprints.module.aws_eks.aws_iam_role.this",
            "module.eks.module.eks_blueprints.module.aws_eks.aws_iam_role_policy_attachment.this",
            "module.eks.module.eks_blueprints.module.aws_eks.aws_security_group.cluster",
            "module.eks.module.eks_blueprints.module.aws_eks.aws_security_group.node",
            "module.eks.module.eks_blueprints.module.aws_eks.aws_security_group_rule.cluster",
            "module.eks.module.eks_blueprints.module.aws_eks.aws_security_group_rule.node",
            "module.eks.module.eks_blueprints.module.aws_eks.data.aws_iam_policy_document.assume_role_policy",
            "module.eks.module.eks_blueprints.module.aws_eks.data.aws_partition.current",
            "module.eks.module.eks_blueprints.module.aws_eks.module.kms.aws_kms_external_key.this",
            "module.eks.module.eks_blueprints.module.aws_eks.module.kms.aws_kms_key.this",
            "module.eks.module.eks_blueprints.module.kms.aws_kms_key.this"
          ]
        }
      ]
    },
    {
      "module": "module.eks",
      "mode": "managed",
      "type": "helm_release",
      "name": "opensearch",
      "provider": "module.eks.provider[\"registry.terraform.io/hashicorp/helm\"]",
      "instances": []
    },
    {
      "module": "module.eks",
      "mode": "managed",
      "type": "helm_release",
      "name": "prometheus-pushgateway",
      "provider": "module.eks.provider[\"registry.terraform.io/hashicorp/helm\"]",
      "instances": [
        {
          "status": "tainted",
          "schema_version": 0,
          "attributes": {
            "atomic": false,
            "chart": "prometheus-pushgateway",
            "cleanup_on_fail": false,
            "create_namespace": false,
            "dependency_update": false,
            "description": null,
            "devel": null,
            "disable_crd_hooks": false,
            "disable_openapi_validation": false,
            "disable_webhooks": false,
            "force_update": false,
            "id": "prometheus-pushgateway",
            "keyring": null,
            "lint": false,
            "manifest": null,
            "max_history": 0,
            "metadata": [
              {
                "app_version": "v1.5.1",
                "chart": "prometheus-pushgateway",
                "name": "prometheus-pushgateway",
                "namespace": "monitoring",
                "revision": 1,
                "values": "{}",
                "version": "2.0.3"
              }
            ],
            "name": "prometheus-pushgateway",
            "namespace": "monitoring",
            "pass_credentials": false,
            "postrender": [],
            "recreate_pods": false,
            "render_subchart_notes": true,
            "replace": false,
            "repository": "https://prometheus-community.github.io/helm-charts",
            "repository_ca_file": null,
            "repository_cert_file": null,
            "repository_key_file": null,
            "repository_password": null,
            "repository_username": null,
            "reset_values": false,
            "reuse_values": false,
            "set": [],
            "set_sensitive": [],
            "skip_crds": false,
            "status": "failed",
            "timeout": 300,
            "values": null,
            "verify": false,
            "version": "2.0.3",
            "wait": true,
            "wait_for_jobs": false
          },
          "sensitive_attributes": [],
          "private": "bnVsbA==",
          "dependencies": [
            "data.terraform_remote_state.network",
            "module.eks.data.aws_eks_cluster_auth.this",
            "module.eks.kubernetes_namespace.monitoring",
            "module.eks.module.eks_blueprints.data.aws_iam_policy_document.eks_key",
            "module.eks.module.eks_blueprints.module.aws_eks.aws_cloudwatch_log_group.this",
            "module.eks.module.eks_blueprints.module.aws_eks.aws_eks_cluster.this",
            "module.eks.module.eks_blueprints.module.aws_eks.aws_iam_role.this",
            "module.eks.module.eks_blueprints.module.aws_eks.aws_iam_role_policy_attachment.this",
            "module.eks.module.eks_blueprints.module.aws_eks.aws_security_group.cluster",
            "module.eks.module.eks_blueprints.module.aws_eks.aws_security_group.node",
            "module.eks.module.eks_blueprints.module.aws_eks.aws_security_group_rule.cluster",
            "module.eks.module.eks_blueprints.module.aws_eks.aws_security_group_rule.node",
            "module.eks.module.eks_blueprints.module.aws_eks.data.aws_iam_policy_document.assume_role_policy",
            "module.eks.module.eks_blueprints.module.aws_eks.data.aws_partition.current",
            "module.eks.module.eks_blueprints.module.aws_eks.module.kms.aws_kms_external_key.this",
            "module.eks.module.eks_blueprints.module.aws_eks.module.kms.aws_kms_key.this",
            "module.eks.module.eks_blueprints.module.kms.aws_kms_key.this"
          ]
        }
      ]
    },
    {
      "module": "module.eks",
      "mode": "managed",
      "type": "helm_release",
      "name": "zipkin",
      "provider": "module.eks.provider[\"registry.terraform.io/hashicorp/helm\"]",
      "instances": []
    },
    {
      "module": "module.eks",
      "mode": "managed",
      "type": "kubernetes_namespace",
      "name": "istio-ingress",
      "provider": "module.eks.provider[\"registry.terraform.io/hashicorp/kubernetes\"]",
      "instances": [
        {
          "schema_version": 0,
          "attributes": {
            "id": "istio-ingress",
            "metadata": [
              {
                "annotations": null,
                "generate_name": "",
                "generation": 0,
                "labels": {
                  "istio-injection": "enabled"
                },
                "name": "istio-ingress",
                "resource_version": "842",
                "uid": "74c57498-fc18-4435-a49b-e59c0de46275"
              }
            ],
            "timeouts": null
          },
          "sensitive_attributes": [],
          "private": "eyJlMmJmYjczMC1lY2FhLTExZTYtOGY4OC0zNDM2M2JjN2M0YzAiOnsiZGVsZXRlIjozMDAwMDAwMDAwMDB9fQ==",
          "dependencies": [
            "data.terraform_remote_state.network",
            "module.eks.data.aws_eks_cluster_auth.this",
            "module.eks.module.eks_blueprints.data.aws_iam_policy_document.eks_key",
            "module.eks.module.eks_blueprints.module.aws_eks.aws_cloudwatch_log_group.this",
            "module.eks.module.eks_blueprints.module.aws_eks.aws_eks_cluster.this",
            "module.eks.module.eks_blueprints.module.aws_eks.aws_iam_role.this",
            "module.eks.module.eks_blueprints.module.aws_eks.aws_iam_role_policy_attachment.this",
            "module.eks.module.eks_blueprints.module.aws_eks.aws_security_group.cluster",
            "module.eks.module.eks_blueprints.module.aws_eks.aws_security_group.node",
            "module.eks.module.eks_blueprints.module.aws_eks.aws_security_group_rule.cluster",
            "module.eks.module.eks_blueprints.module.aws_eks.aws_security_group_rule.node",
            "module.eks.module.eks_blueprints.module.aws_eks.data.aws_iam_policy_document.assume_role_policy",
            "module.eks.module.eks_blueprints.module.aws_eks.data.aws_partition.current",
            "module.eks.module.eks_blueprints.module.aws_eks.module.kms.aws_kms_external_key.this",
            "module.eks.module.eks_blueprints.module.aws_eks.module.kms.aws_kms_key.this",
            "module.eks.module.eks_blueprints.module.kms.aws_kms_key.this"
          ]
        }
      ]
    },
    {
      "module": "module.eks",
      "mode": "managed",
      "type": "kubernetes_namespace",
      "name": "monitoring",
      "provider": "module.eks.provider[\"registry.terraform.io/hashicorp/kubernetes\"]",
      "instances": [
        {
          "schema_version": 0,
          "attributes": {
            "id": "monitoring",
            "metadata": [
              {
                "annotations": null,
                "generate_name": "",
                "generation": 0,
                "labels": null,
                "name": "monitoring",
                "resource_version": "845",
                "uid": "539579dd-d480-491f-807e-bfc3445b4647"
              }
            ],
            "timeouts": null
          },
          "sensitive_attributes": [],
          "private": "eyJlMmJmYjczMC1lY2FhLTExZTYtOGY4OC0zNDM2M2JjN2M0YzAiOnsiZGVsZXRlIjozMDAwMDAwMDAwMDB9fQ==",
          "dependencies": [
            "data.terraform_remote_state.network",
            "module.eks.data.aws_eks_cluster_auth.this",
            "module.eks.module.eks_blueprints.data.aws_iam_policy_document.eks_key",
            "module.eks.module.eks_blueprints.module.aws_eks.aws_cloudwatch_log_group.this",
            "module.eks.module.eks_blueprints.module.aws_eks.aws_eks_cluster.this",
            "module.eks.module.eks_blueprints.module.aws_eks.aws_iam_role.this",
            "module.eks.module.eks_blueprints.module.aws_eks.aws_iam_role_policy_attachment.this",
            "module.eks.module.eks_blueprints.module.aws_eks.aws_security_group.cluster",
            "module.eks.module.eks_blueprints.module.aws_eks.aws_security_group.node",
            "module.eks.module.eks_blueprints.module.aws_eks.aws_security_group_rule.cluster",
            "module.eks.module.eks_blueprints.module.aws_eks.aws_security_group_rule.node",
            "module.eks.module.eks_blueprints.module.aws_eks.data.aws_iam_policy_document.assume_role_policy",
            "module.eks.module.eks_blueprints.module.aws_eks.data.aws_partition.current",
            "module.eks.module.eks_blueprints.module.aws_eks.module.kms.aws_kms_external_key.this",
            "module.eks.module.eks_blueprints.module.aws_eks.module.kms.aws_kms_key.this",
            "module.eks.module.eks_blueprints.module.kms.aws_kms_key.this"
          ]
        }
      ]
    },
    {
      "module": "module.eks",
      "mode": "managed",
      "type": "kubernetes_namespace",
      "name": "tracing",
      "provider": "module.eks.provider[\"registry.terraform.io/hashicorp/kubernetes\"]",
      "instances": [
        {
          "schema_version": 0,
          "attributes": {
            "id": "tracing",
            "metadata": [
              {
                "annotations": null,
                "generate_name": "",
                "generation": 0,
                "labels": null,
                "name": "tracing",
                "resource_version": "848",
                "uid": "eccf912f-3f6c-4524-82a9-db4f0e63690a"
              }
            ],
            "timeouts": null
          },
          "sensitive_attributes": [],
          "private": "eyJlMmJmYjczMC1lY2FhLTExZTYtOGY4OC0zNDM2M2JjN2M0YzAiOnsiZGVsZXRlIjozMDAwMDAwMDAwMDB9fQ==",
          "dependencies": [
            "data.terraform_remote_state.network",
            "module.eks.data.aws_eks_cluster_auth.this",
            "module.eks.module.eks_blueprints.data.aws_iam_policy_document.eks_key",
            "module.eks.module.eks_blueprints.module.aws_eks.aws_cloudwatch_log_group.this",
            "module.eks.module.eks_blueprints.module.aws_eks.aws_eks_cluster.this",
            "module.eks.module.eks_blueprints.module.aws_eks.aws_iam_role.this",
            "module.eks.module.eks_blueprints.module.aws_eks.aws_iam_role_policy_attachment.this",
            "module.eks.module.eks_blueprints.module.aws_eks.aws_security_group.cluster",
            "module.eks.module.eks_blueprints.module.aws_eks.aws_security_group.node",
            "module.eks.module.eks_blueprints.module.aws_eks.aws_security_group_rule.cluster",
            "module.eks.module.eks_blueprints.module.aws_eks.aws_security_group_rule.node",
            "module.eks.module.eks_blueprints.module.aws_eks.data.aws_iam_policy_document.assume_role_policy",
            "module.eks.module.eks_blueprints.module.aws_eks.data.aws_partition.current",
            "module.eks.module.eks_blueprints.module.aws_eks.module.kms.aws_kms_external_key.this",
            "module.eks.module.eks_blueprints.module.aws_eks.module.kms.aws_kms_key.this",
            "module.eks.module.eks_blueprints.module.kms.aws_kms_key.this"
          ]
        }
      ]
    },
    {
      "module": "module.eks",
      "mode": "managed",
      "type": "random_password",
      "name": "argocd",
      "provider": "provider[\"registry.terraform.io/hashicorp/random\"]",
      "instances": [
        {
          "schema_version": 3,
          "attributes": {
            "bcrypt_hash": "$2a$10$XV5lb7VGx9br.2peIpsK0OREf7o2iMcE6CAt7Mq0JoWt.t8nJCV3S",
            "id": "none",
            "keepers": null,
            "length": 16,
            "lower": true,
            "min_lower": 0,
            "min_numeric": 0,
            "min_special": 0,
            "min_upper": 0,
            "number": true,
            "numeric": true,
            "override_special": "!#$%\u0026*()-_=+[]{}\u003c\u003e:?",
            "result": "-4XVAM#BrBh:-ic$",
            "special": true,
            "upper": true
          },
          "sensitive_attributes": []
        }
      ]
    },
    {
      "module": "module.eks.module.eks_blueprints",
      "mode": "data",
      "type": "aws_caller_identity",
      "name": "current",
      "provider": "provider[\"registry.terraform.io/hashicorp/aws\"]",
      "instances": [
        {
          "schema_version": 0,
          "attributes": {
            "account_id": "431384414715",
            "arn": "arn:aws:sts::431384414715:assumed-role/AWSReservedSSO_AWSAdministratorAccess_089c1659a4a9bcb1/aws-infra-vendor@nocnoc.com",
            "id": "431384414715",
            "user_id": "AROAWI4EDZH5S76PHJU74:aws-infra-vendor@nocnoc.com"
          },
          "sensitive_attributes": []
        }
      ]
    },
    {
      "module": "module.eks.module.eks_blueprints",
      "mode": "data",
      "type": "aws_eks_cluster",
      "name": "cluster",
      "provider": "provider[\"registry.terraform.io/hashicorp/aws\"]",
      "instances": [
        {
          "index_key": 0,
          "schema_version": 0,
          "attributes": {
            "arn": "arn:aws:eks:ap-southeast-1:431384414715:cluster/nocnoc-production",
            "certificate_authority": [
              {
                "data": "LS0tLS1CRUdJTiBDRVJUSUZJQ0FURS0tLS0tCk1JSUMvakNDQWVhZ0F3SUJBZ0lCQURBTkJna3Foa2lHOXcwQkFRc0ZBREFWTVJNd0VRWURWUVFERXdwcmRXSmwKY201bGRHVnpNQjRYRFRJeU1USXlNakE1TWpreE9Wb1hEVE15TVRJeE9UQTVNamt4T1Zvd0ZURVRNQkVHQTFVRQpBeE1LYTNWaVpYSnVaWFJsY3pDQ0FTSXdEUVlKS29aSWh2Y05BUUVCQlFBRGdnRVBBRENDQVFvQ2dnRUJBTVBxCmh5QzU5NmdGdkM5bEFZT0dEQnI3dE15T1pCV2FxVmFzSzBGV3IrMnNsNHBoSTR6YnhTaldGa2UxNlN4cDh6ejMKaUQ2VmFneDFmb1ZTNUQ5MlltTVdqdXRoQVBpbzJXQ1JhOG1mWlFiWDREMTd3cG8wZnVPT2plUVFtNFBRR01mZQprNU9adGl3SXVXeFNiSlRNT0RkYThhb2FBbm1tOUpkeWI0MkxMNVJBTFFUMmpwR01DRG5oUTdCcTMyemJQbG9CClF5bVBPbXV3WDRCa1pJckJoeFVQSW4zS0FTT3NXcHhLMzdMNngvSE9mSUZXYjdPb0FVQVprSzJiVlVhUm16THYKczFJYXVUNkZFNDZvOUFubmc1bFYzeXhxM2prYjZXc0RHa1l1eHhwMGtxdFY5akwxREJleUMzYUd0TEwyWUxJdwo4VUlROGg5VXNIOEJZVVF0MWRNQ0F3RUFBYU5aTUZjd0RnWURWUjBQQVFIL0JBUURBZ0trTUE4R0ExVWRFd0VCCi93UUZNQU1CQWY4d0hRWURWUjBPQkJZRUZEVXVWajM4a2xxQ1ZlT2xrcFhKTXdMeWNFbzZNQlVHQTFVZEVRUU8KTUF5Q0NtdDFZbVZ5Ym1WMFpYTXdEUVlKS29aSWh2Y05BUUVMQlFBRGdnRUJBRERrYmYvOTR5WHp5MVUyb0NlUQo4L0NNbjF1dDB4bCtYOFVRRm1FZzd6ci8yZHlwMnpxVWszeEpGeFJwV1YrU1pDcjFzcTUzeEltNVJPZUdaZUhkCnlOL0ROK1MwTFFHZXdJWUV6U0M0S3d3eGplVkNoaFVQSTV1VjlKVGFIOUxBVGZ5WWxsZ2Z2UW9TTlJRMFd6TzMKTkZnNUxlbFFVZUVmWUZQN2hOSmQzTFZueTlGUjhnc0FON0ZtcTI2SVZ1Nmt2OU13YWplVWY5bXVHc2xBYTQ3QgpPSElHRzZOcElQeS9jUUJMOXFjNm5iRmlzVmMwNDJTYlBHL3ZLeTJKaHpEMDlNbG5zOTg0SW5BRjBIOUVDMjc3CjVuYkJySjViR1ZLV3Y5VmdaYmZtandMZWgxaHFCQW5ZR3o4Ri9KTTAyVEV4a0Z5QWFQaTl2UDZFd3BkZGo0S2gKeURRPQotLS0tLUVORCBDRVJUSUZJQ0FURS0tLS0tCg=="
              }
            ],
            "cluster_id": null,
            "created_at": "2022-12-22 09:23:45.795 +0000 UTC",
            "enabled_cluster_log_types": [
              "api",
              "audit",
              "authenticator",
              "controllerManager",
              "scheduler"
            ],
            "endpoint": "https://19EEBAA2771067CC07CF4ACF1AAB4A72.gr7.ap-southeast-1.eks.amazonaws.com",
            "id": "nocnoc-production",
            "identity": [
              {
                "oidc": [
                  {
                    "issuer": "https://oidc.eks.ap-southeast-1.amazonaws.com/id/19EEBAA2771067CC07CF4ACF1AAB4A72"
                  }
                ]
              }
            ],
            "kubernetes_network_config": [
              {
                "ip_family": "ipv4",
                "service_ipv4_cidr": "10.100.0.0/16",
                "service_ipv6_cidr": ""
              }
            ],
            "name": "nocnoc-production",
            "outpost_config": [],
            "platform_version": "eks.3",
            "role_arn": "arn:aws:iam::431384414715:role/nocnoc-production-cluster-role",
            "status": "ACTIVE",
            "tags": {},
            "version": "1.24",
            "vpc_config": [
              {
                "cluster_security_group_id": "sg-0d1a020089702e795",
                "endpoint_private_access": false,
                "endpoint_public_access": true,
                "public_access_cidrs": [
                  "0.0.0.0/0"
                ],
                "security_group_ids": [
                  "sg-0e055c8735fe46c27"
                ],
                "subnet_ids": [
                  "subnet-003bba4eb3dcbe47c",
                  "subnet-03b8fad679562155f",
                  "subnet-0f6a132300d4ad972"
                ],
                "vpc_id": "vpc-0b5f985df3c1b0ebf"
              }
            ]
          },
          "sensitive_attributes": []
        }
      ]
    },
    {
      "module": "module.eks.module.eks_blueprints",
      "mode": "data",
      "type": "aws_iam_policy_document",
      "name": "eks_key",
      "provider": "provider[\"registry.terraform.io/hashicorp/aws\"]",
      "instances": [
        {
          "schema_version": 0,
          "attributes": {
            "id": "3582522755",
            "json": "{\n  \"Version\": \"2012-10-17\",\n  \"Statement\": [\n    {\n      \"Sid\": \"Allow access for all principals in the account that are authorized\",\n      \"Effect\": \"Allow\",\n      \"Action\": [\n        \"kms:ReEncrypt*\",\n        \"kms:GenerateDataKey*\",\n        \"kms:Encrypt\",\n        \"kms:DescribeKey\",\n        \"kms:Decrypt\",\n        \"kms:CreateGrant\"\n      ],\n      \"Resource\": \"*\",\n      \"Principal\": {\n        \"AWS\": \"arn:aws:iam::431384414715:root\"\n      },\n      \"Condition\": {\n        \"StringEquals\": {\n          \"kms:CallerAccount\": \"431384414715\",\n          \"kms:ViaService\": \"eks.ap-southeast-1.amazonaws.com\"\n        }\n      }\n    },\n    {\n      \"Sid\": \"Allow direct access to key metadata to the account\",\n      \"Effect\": \"Allow\",\n      \"Action\": [\n        \"kms:RevokeGrant\",\n        \"kms:List*\",\n        \"kms:Get*\",\n        \"kms:Describe*\"\n      ],\n      \"Resource\": \"*\",\n      \"Principal\": {\n        \"AWS\": \"arn:aws:iam::431384414715:root\"\n      }\n    },\n    {\n      \"Sid\": \"Allow access for Key Administrators\",\n      \"Effect\": \"Allow\",\n      \"Action\": \"kms:*\",\n      \"Resource\": \"*\",\n      \"Principal\": {\n        \"AWS\": \"arn:aws:iam::431384414715:role/aws-reserved/sso.amazonaws.com/ap-southeast-1/AWSReservedSSO_AWSAdministratorAccess_089c1659a4a9bcb1\"\n      }\n    },\n    {\n      \"Sid\": \"Allow use of the key\",\n      \"Effect\": \"Allow\",\n      \"Action\": [\n        \"kms:ReEncrypt*\",\n        \"kms:GenerateDataKey*\",\n        \"kms:Encrypt\",\n        \"kms:DescribeKey\",\n        \"kms:Decrypt\"\n      ],\n      \"Resource\": \"*\",\n      \"Principal\": {\n        \"AWS\": \"arn:aws:iam::431384414715:role/nocnoc-production-cluster-role\"\n      }\n    },\n    {\n      \"Sid\": \"Allow attachment of persistent resources\",\n      \"Effect\": \"Allow\",\n      \"Action\": [\n        \"kms:RevokeGrant\",\n        \"kms:ListGrants\",\n        \"kms:CreateGrant\"\n      ],\n      \"Resource\": \"*\",\n      \"Principal\": {\n        \"AWS\": \"arn:aws:iam::431384414715:role/nocnoc-production-cluster-role\"\n      },\n      \"Condition\": {\n        \"Bool\": {\n          \"kms:GrantIsForAWSResource\": \"true\"\n        }\n      }\n    }\n  ]\n}",
            "override_json": null,
            "override_policy_documents": null,
            "policy_id": null,
            "source_json": null,
            "source_policy_documents": null,
            "statement": [
              {
                "actions": [
                  "kms:CreateGrant",
                  "kms:Decrypt",
                  "kms:DescribeKey",
                  "kms:Encrypt",
                  "kms:GenerateDataKey*",
                  "kms:ReEncrypt*"
                ],
                "condition": [
                  {
                    "test": "StringEquals",
                    "values": [
                      "431384414715"
                    ],
                    "variable": "kms:CallerAccount"
                  },
                  {
                    "test": "StringEquals",
                    "values": [
                      "eks.ap-southeast-1.amazonaws.com"
                    ],
                    "variable": "kms:ViaService"
                  }
                ],
                "effect": "Allow",
                "not_actions": [],
                "not_principals": [],
                "not_resources": [],
                "principals": [
                  {
                    "identifiers": [
                      "arn:aws:iam::431384414715:root"
                    ],
                    "type": "AWS"
                  }
                ],
                "resources": [
                  "*"
                ],
                "sid": "Allow access for all principals in the account that are authorized"
              },
              {
                "actions": [
                  "kms:Describe*",
                  "kms:Get*",
                  "kms:List*",
                  "kms:RevokeGrant"
                ],
                "condition": [],
                "effect": "Allow",
                "not_actions": [],
                "not_principals": [],
                "not_resources": [],
                "principals": [
                  {
                    "identifiers": [
                      "arn:aws:iam::431384414715:root"
                    ],
                    "type": "AWS"
                  }
                ],
                "resources": [
                  "*"
                ],
                "sid": "Allow direct access to key metadata to the account"
              },
              {
                "actions": [
                  "kms:*"
                ],
                "condition": [],
                "effect": "Allow",
                "not_actions": [],
                "not_principals": [],
                "not_resources": [],
                "principals": [
                  {
                    "identifiers": [
                      "arn:aws:iam::431384414715:role/aws-reserved/sso.amazonaws.com/ap-southeast-1/AWSReservedSSO_AWSAdministratorAccess_089c1659a4a9bcb1"
                    ],
                    "type": "AWS"
                  }
                ],
                "resources": [
                  "*"
                ],
                "sid": "Allow access for Key Administrators"
              },
              {
                "actions": [
                  "kms:Decrypt",
                  "kms:DescribeKey",
                  "kms:Encrypt",
                  "kms:GenerateDataKey*",
                  "kms:ReEncrypt*"
                ],
                "condition": [],
                "effect": "Allow",
                "not_actions": [],
                "not_principals": [],
                "not_resources": [],
                "principals": [
                  {
                    "identifiers": [
                      "arn:aws:iam::431384414715:role/nocnoc-production-cluster-role"
                    ],
                    "type": "AWS"
                  }
                ],
                "resources": [
                  "*"
                ],
                "sid": "Allow use of the key"
              },
              {
                "actions": [
                  "kms:CreateGrant",
                  "kms:ListGrants",
                  "kms:RevokeGrant"
                ],
                "condition": [
                  {
                    "test": "Bool",
                    "values": [
                      "true"
                    ],
                    "variable": "kms:GrantIsForAWSResource"
                  }
                ],
                "effect": "Allow",
                "not_actions": [],
                "not_principals": [],
                "not_resources": [],
                "principals": [
                  {
                    "identifiers": [
                      "arn:aws:iam::431384414715:role/nocnoc-production-cluster-role"
                    ],
                    "type": "AWS"
                  }
                ],
                "resources": [
                  "*"
                ],
                "sid": "Allow attachment of persistent resources"
              }
            ],
            "version": "2012-10-17"
          },
          "sensitive_attributes": []
        }
      ]
    },
    {
      "module": "module.eks.module.eks_blueprints",
      "mode": "data",
      "type": "aws_iam_session_context",
      "name": "current",
      "provider": "provider[\"registry.terraform.io/hashicorp/aws\"]",
      "instances": [
        {
          "schema_version": 0,
          "attributes": {
            "arn": "arn:aws:sts::431384414715:assumed-role/AWSReservedSSO_AWSAdministratorAccess_089c1659a4a9bcb1/aws-infra-vendor@nocnoc.com",
            "id": "arn:aws:sts::431384414715:assumed-role/AWSReservedSSO_AWSAdministratorAccess_089c1659a4a9bcb1/aws-infra-vendor@nocnoc.com",
            "issuer_arn": "arn:aws:iam::431384414715:role/aws-reserved/sso.amazonaws.com/ap-southeast-1/AWSReservedSSO_AWSAdministratorAccess_089c1659a4a9bcb1",
            "issuer_id": "AROAWI4EDZH5S76PHJU74",
            "issuer_name": "AWSReservedSSO_AWSAdministratorAccess_089c1659a4a9bcb1",
            "session_name": "aws-infra-vendor@nocnoc.com"
          },
          "sensitive_attributes": []
        }
      ]
    },
    {
      "module": "module.eks.module.eks_blueprints",
      "mode": "data",
      "type": "aws_partition",
      "name": "current",
      "provider": "provider[\"registry.terraform.io/hashicorp/aws\"]",
      "instances": [
        {
          "schema_version": 0,
          "attributes": {
            "dns_suffix": "amazonaws.com",
            "id": "aws",
            "partition": "aws",
            "reverse_dns_prefix": "com.amazonaws"
          },
          "sensitive_attributes": []
        }
      ]
    },
    {
      "module": "module.eks.module.eks_blueprints",
      "mode": "data",
      "type": "aws_region",
      "name": "current",
      "provider": "provider[\"registry.terraform.io/hashicorp/aws\"]",
      "instances": [
        {
          "schema_version": 0,
          "attributes": {
            "description": "Asia Pacific (Singapore)",
            "endpoint": "ec2.ap-southeast-1.amazonaws.com",
            "id": "ap-southeast-1",
            "name": "ap-southeast-1"
          },
          "sensitive_attributes": []
        }
      ]
    },
    {
      "module": "module.eks.module.eks_blueprints",
      "mode": "data",
      "type": "http",
      "name": "eks_cluster_readiness",
      "provider": "provider[\"registry.terraform.io/terraform-aws-modules/http\"]",
      "instances": [
        {
          "index_key": 0,
          "schema_version": 0,
          "attributes": {
            "body": "ok",
            "ca_certificate": "-----BEGIN CERTIFICATE-----\nMIIC/jCCAeagAwIBAgIBADANBgkqhkiG9w0BAQsFADAVMRMwEQYDVQQDEwprdWJl\ncm5ldGVzMB4XDTIyMTIyMjA5MjkxOVoXDTMyMTIxOTA5MjkxOVowFTETMBEGA1UE\nAxMKa3ViZXJuZXRlczCCASIwDQYJKoZIhvcNAQEBBQADggEPADCCAQoCggEBAMPq\nhyC596gFvC9lAYOGDBr7tMyOZBWaqVasK0FWr+2sl4phI4zbxSjWFke16Sxp8zz3\niD6Vagx1foVS5D92YmMWjuthAPio2WCRa8mfZQbX4D17wpo0fuOOjeQQm4PQGMfe\nk5OZtiwIuWxSbJTMODda8aoaAnmm9Jdyb42LL5RALQT2jpGMCDnhQ7Bq32zbPloB\nQymPOmuwX4BkZIrBhxUPIn3KASOsWpxK37L6x/HOfIFWb7OoAUAZkK2bVUaRmzLv\ns1IauT6FE46o9Anng5lV3yxq3jkb6WsDGkYuxxp0kqtV9jL1DBeyC3aGtLL2YLIw\n8UIQ8h9UsH8BYUQt1dMCAwEAAaNZMFcwDgYDVR0PAQH/BAQDAgKkMA8GA1UdEwEB\n/wQFMAMBAf8wHQYDVR0OBBYEFDUuVj38klqCVeOlkpXJMwLycEo6MBUGA1UdEQQO\nMAyCCmt1YmVybmV0ZXMwDQYJKoZIhvcNAQELBQADggEBADDkbf/94yXzy1U2oCeQ\n8/CMn1ut0xl+X8UQFmEg7zr/2dyp2zqUk3xJFxRpWV+SZCr1sq53xIm5ROeGZeHd\nyN/DN+S0LQGewIYEzSC4KwwxjeVChhUPI5uV9JTaH9LATfyYllgfvQoSNRQ0WzO3\nNFg5LelQUeEfYFP7hNJd3LVny9FR8gsAN7Fmq26IVu6kv9MwajeUf9muGslAa47B\nOHIGG6NpIPy/cQBL9qc6nbFisVc042SbPG/vKy2JhzD09Mlns984InAF0H9EC277\n5nbBrJ5bGVKWv9VgZbfmjwLeh1hqBAnYGz8F/JM02TExkFyAaPi9vP6Ewpddj4Kh\nyDQ=\n-----END CERTIFICATE-----\n",
            "id": "https://19EEBAA2771067CC07CF4ACF1AAB4A72.gr7.ap-southeast-1.eks.amazonaws.com/healthz",
            "insecure": false,
            "request_headers": null,
            "response_headers": {
              "Audit-Id": "773ad873-fa72-4c07-8a78-3f7342dd0dd7",
              "Cache-Control": "no-cache, private",
              "Content-Length": "2",
              "Content-Type": "text/plain; charset=utf-8",
              "Date": "Thu, 22 Dec 2022 09:33:53 GMT",
              "X-Content-Type-Options": "nosniff",
              "X-Kubernetes-Pf-Flowschema-Uid": "9bbeb062-42bb-4f7e-b0a4-a3aca94fda9a",
              "X-Kubernetes-Pf-Prioritylevel-Uid": "fb339254-ad11-41ea-b6f9-d9726397ce41"
            },
            "timeout": 600,
            "url": "https://19EEBAA2771067CC07CF4ACF1AAB4A72.gr7.ap-southeast-1.eks.amazonaws.com/healthz"
          },
          "sensitive_attributes": []
        }
      ]
    },
    {
      "module": "module.eks.module.eks_blueprints",
      "mode": "managed",
      "type": "kubernetes_config_map",
      "name": "aws_auth",
      "provider": "module.eks.provider[\"registry.terraform.io/hashicorp/kubernetes\"]",
      "instances": [
        {
          "index_key": 0,
          "schema_version": 0,
          "attributes": {
            "binary_data": null,
            "data": {
              "mapAccounts": "[]\n",
              "mapRoles": "- \"groups\":\n  - \"system:bootstrappers\"\n  - \"system:nodes\"\n  \"rolearn\": \"arn:aws:iam::431384414715:role/nocnoc-production-managed-gpu-ondemand\"\n  \"username\": \"system:node:{{EC2PrivateDNSName}}\"\n- \"groups\":\n  - \"system:bootstrappers\"\n  - \"system:nodes\"\n  \"rolearn\": \"arn:aws:iam::431384414715:role/nocnoc-production-managed-spot-ondemand\"\n  \"username\": \"system:node:{{EC2PrivateDNSName}}\"\n",
              "mapUsers": "[]\n"
            },
            "id": "kube-system/aws-auth",
            "immutable": false,
            "metadata": [
              {
                "annotations": null,
                "generate_name": "",
                "generation": 0,
                "labels": {
                  "app.kubernetes.io/created-by": "terraform-aws-eks-blueprints",
                  "app.kubernetes.io/managed-by": "terraform-aws-eks-blueprints"
                },
                "name": "aws-auth",
                "namespace": "kube-system",
                "resource_version": "843",
                "uid": "29b316da-217a-4d0d-aafa-159db789a2fb"
              }
            ]
          },
          "sensitive_attributes": [],
          "private": "bnVsbA==",
          "dependencies": [
            "data.terraform_remote_state.network",
            "module.eks.data.aws_eks_cluster_auth.this",
            "module.eks.module.eks_blueprints.data.aws_caller_identity.current",
            "module.eks.module.eks_blueprints.data.aws_eks_cluster.cluster",
            "module.eks.module.eks_blueprints.data.aws_iam_policy_document.eks_key",
            "module.eks.module.eks_blueprints.data.aws_partition.current",
            "module.eks.module.eks_blueprints.data.aws_region.current",
            "module.eks.module.eks_blueprints.data.http.eks_cluster_readiness",
            "module.eks.module.eks_blueprints.module.aws_eks.aws_cloudwatch_log_group.this",
            "module.eks.module.eks_blueprints.module.aws_eks.aws_eks_cluster.this",
            "module.eks.module.eks_blueprints.module.aws_eks.aws_iam_role.this",
            "module.eks.module.eks_blueprints.module.aws_eks.aws_iam_role_policy_attachment.this",
            "module.eks.module.eks_blueprints.module.aws_eks.aws_security_group.cluster",
            "module.eks.module.eks_blueprints.module.aws_eks.aws_security_group.node",
            "module.eks.module.eks_blueprints.module.aws_eks.aws_security_group_rule.cluster",
            "module.eks.module.eks_blueprints.module.aws_eks.aws_security_group_rule.node",
            "module.eks.module.eks_blueprints.module.aws_eks.data.aws_iam_policy_document.assume_role_policy",
            "module.eks.module.eks_blueprints.module.aws_eks.data.aws_partition.current",
            "module.eks.module.eks_blueprints.module.aws_eks.module.kms.aws_kms_external_key.this",
            "module.eks.module.eks_blueprints.module.aws_eks.module.kms.aws_kms_key.this",
            "module.eks.module.eks_blueprints.module.kms.aws_kms_key.this"
          ],
          "create_before_destroy": true
        }
      ]
    },
    {
      "module": "module.eks.module.eks_blueprints.module.aws_eks",
      "mode": "data",
      "type": "aws_caller_identity",
      "name": "current",
      "provider": "provider[\"registry.terraform.io/hashicorp/aws\"]",
      "instances": [
        {
          "schema_version": 0,
          "attributes": {
            "account_id": "431384414715",
            "arn": "arn:aws:sts::431384414715:assumed-role/AWSReservedSSO_AWSAdministratorAccess_089c1659a4a9bcb1/aws-infra-vendor@nocnoc.com",
            "id": "431384414715",
            "user_id": "AROAWI4EDZH5S76PHJU74:aws-infra-vendor@nocnoc.com"
          },
          "sensitive_attributes": []
        }
      ]
    },
    {
      "module": "module.eks.module.eks_blueprints.module.aws_eks",
      "mode": "data",
      "type": "aws_iam_policy_document",
      "name": "assume_role_policy",
      "provider": "provider[\"registry.terraform.io/hashicorp/aws\"]",
      "instances": [
        {
          "index_key": 0,
          "schema_version": 0,
          "attributes": {
            "id": "2764486067",
            "json": "{\n  \"Version\": \"2012-10-17\",\n  \"Statement\": [\n    {\n      \"Sid\": \"EKSClusterAssumeRole\",\n      \"Effect\": \"Allow\",\n      \"Action\": \"sts:AssumeRole\",\n      \"Principal\": {\n        \"Service\": \"eks.amazonaws.com\"\n      }\n    }\n  ]\n}",
            "override_json": null,
            "override_policy_documents": null,
            "policy_id": null,
            "source_json": null,
            "source_policy_documents": null,
            "statement": [
              {
                "actions": [
                  "sts:AssumeRole"
                ],
                "condition": [],
                "effect": "Allow",
                "not_actions": [],
                "not_principals": [],
                "not_resources": [],
                "principals": [
                  {
                    "identifiers": [
                      "eks.amazonaws.com"
                    ],
                    "type": "Service"
                  }
                ],
                "resources": [],
                "sid": "EKSClusterAssumeRole"
              }
            ],
            "version": "2012-10-17"
          },
          "sensitive_attributes": []
        }
      ]
    },
    {
      "module": "module.eks.module.eks_blueprints.module.aws_eks",
      "mode": "data",
      "type": "aws_partition",
      "name": "current",
      "provider": "provider[\"registry.terraform.io/hashicorp/aws\"]",
      "instances": [
        {
          "schema_version": 0,
          "attributes": {
            "dns_suffix": "amazonaws.com",
            "id": "aws",
            "partition": "aws",
            "reverse_dns_prefix": "com.amazonaws"
          },
          "sensitive_attributes": []
        }
      ]
    },
    {
      "module": "module.eks.module.eks_blueprints.module.aws_eks",
      "mode": "data",
      "type": "tls_certificate",
      "name": "this",
      "provider": "provider[\"registry.terraform.io/hashicorp/tls\"]",
      "instances": [
        {
          "index_key": 0,
          "schema_version": 0,
          "attributes": {
            "certificates": [
              {
                "cert_pem": "-----BEGIN CERTIFICATE-----\nMIIEdTCCA12gAwIBAgIJAKcOSkw0grd/MA0GCSqGSIb3DQEBCwUAMGgxCzAJBgNV\nBAYTAlVTMSUwIwYDVQQKExxTdGFyZmllbGQgVGVjaG5vbG9naWVzLCBJbmMuMTIw\nMAYDVQQLEylTdGFyZmllbGQgQ2xhc3MgMiBDZXJ0aWZpY2F0aW9uIEF1dGhvcml0\neTAeFw0wOTA5MDIwMDAwMDBaFw0zNDA2MjgxNzM5MTZaMIGYMQswCQYDVQQGEwJV\nUzEQMA4GA1UECBMHQXJpem9uYTETMBEGA1UEBxMKU2NvdHRzZGFsZTElMCMGA1UE\nChMcU3RhcmZpZWxkIFRlY2hub2xvZ2llcywgSW5jLjE7MDkGA1UEAxMyU3RhcmZp\nZWxkIFNlcnZpY2VzIFJvb3QgQ2VydGlmaWNhdGUgQXV0aG9yaXR5IC0gRzIwggEi\nMA0GCSqGSIb3DQEBAQUAA4IBDwAwggEKAoIBAQDVDDrEKvlO4vW+GZdfjohTsR8/\ny8+fIBNtKTrID30892t2OGPZNmCom15cAICyL1l/9of5JUOG52kbUpqQ4XHj2C0N\nTm/2yEnZtvMaVq4rtnQU68/7JuMauh2WLmo7WJSJR1b/JaCTcFOD2oR0FMNnngRo\nOt+OQFodSk7PQ5E751bWAHDLUu57fa4657wx+UX2wmDPE1kCK4DMNEffud6QZW0C\nzyyRpqbn3oUYSXxmTqM6bam17jQuug0DuDPfR+uxa40l2ZvOgdFFRjKWcIfeAg5J\nQ4W2bHO7ZOphQazJ1FTfhy/HIrImzJ9ZVGif/L4qL8RVHHVAYBeFAlU5i38FAgMB\nAAGjgfAwge0wDwYDVR0TAQH/BAUwAwEB/zAOBgNVHQ8BAf8EBAMCAYYwHQYDVR0O\nBBYEFJxfAN+qAdcwKziIorhtSpzyEZGDMB8GA1UdIwQYMBaAFL9ft9HO3R+G9FtV\nrNzXEMIOqYjnME8GCCsGAQUFBwEBBEMwQTAcBggrBgEFBQcwAYYQaHR0cDovL28u\nc3MyLnVzLzAhBggrBgEFBQcwAoYVaHR0cDovL3guc3MyLnVzL3guY2VyMCYGA1Ud\nHwQfMB0wG6AZoBeGFWh0dHA6Ly9zLnNzMi51cy9yLmNybDARBgNVHSAECjAIMAYG\nBFUdIAAwDQYJKoZIhvcNAQELBQADggEBACMd44pXyn3pF3lM8R5V/cxTbj5HD9/G\nVfKyBDbtgB9TxF00KGu+x1X8Z+rLP3+QsjPNG1gQggL4+C/1E2DUBc7xgQjB3ad1\nl08YuW3e95ORCLp+QCztweq7dp4zBncdDQh/U90bZKuCJ/Fp1U1ervShw3WnWEQt\n8jxwmKy6abaVd38PMV4s/KCHOkdp8Hlf9BRUpJVeEXgSYCfOn8J3/yNTd126/+pZ\n59vPr5KW7ySaNRB6nJHGDn2Z9j8Z3/VyVOEVqQdZe4O/Ui5GjLIAZHYcSNPYeehu\nVsyuLAOQ1xk4meTKCRlb/weWsKh/NEnfVqn3sF/tM+2MR7cwA130A4w=\n-----END CERTIFICATE-----\n",
                "is_ca": true,
                "issuer": "OU=Starfield Class 2 Certification Authority,O=Starfield Technologies\\, Inc.,C=US",
                "not_after": "2034-06-28T17:39:16Z",
                "not_before": "2009-09-02T00:00:00Z",
                "public_key_algorithm": "RSA",
                "serial_number": "12037640545166866303",
                "sha1_fingerprint": "9e99a48a9960b14926bb7f3b02e22da2b0ab7280",
                "signature_algorithm": "SHA256-RSA",
                "subject": "CN=Starfield Services Root Certificate Authority - G2,O=Starfield Technologies\\, Inc.,L=Scottsdale,ST=Arizona,C=US",
                "version": 3
              },
              {
                "cert_pem": "-----BEGIN CERTIFICATE-----\nMIIEkjCCA3qgAwIBAgITBn+USionzfP6wq4rAfkI7rnExjANBgkqhkiG9w0BAQsF\nADCBmDELMAkGA1UEBhMCVVMxEDAOBgNVBAgTB0FyaXpvbmExEzARBgNVBAcTClNj\nb3R0c2RhbGUxJTAjBgNVBAoTHFN0YXJmaWVsZCBUZWNobm9sb2dpZXMsIEluYy4x\nOzA5BgNVBAMTMlN0YXJmaWVsZCBTZXJ2aWNlcyBSb290IENlcnRpZmljYXRlIEF1\ndGhvcml0eSAtIEcyMB4XDTE1MDUyNTEyMDAwMFoXDTM3MTIzMTAxMDAwMFowOTEL\nMAkGA1UEBhMCVVMxDzANBgNVBAoTBkFtYXpvbjEZMBcGA1UEAxMQQW1hem9uIFJv\nb3QgQ0EgMTCCASIwDQYJKoZIhvcNAQEBBQADggEPADCCAQoCggEBALJ4gHHKeNXj\nca9HgFB0fW7Y14h29Jlo91ghYPl0hAEvrAIthtOgQ3pOsqTQNroBvo3bSMgHFzZM\n9O6II8c+6zf1tRn4SWiw3te5djgdYZ6k/oI2peVKVuRF4fn9tBb6dNqcmzU5L/qw\nIFAGbHrQgLKm+a/sRxmPUDgH3KKHOVj4utWp+UhnMJbulHheb4mjUcAwhmahRWa6\nVOujw5H5SNz/0egwLX0tdHA114gk957EWW67c4cX8jJGKLhD+rcdqsq08p8kDi1L\n93FcXmn/6pUCyziKrlA4b9v7LWIbxcceVOF34GfID5yHI9Y/QCB/IIDEgEw+OyQm\njgSubJrIqg0CAwEAAaOCATEwggEtMA8GA1UdEwEB/wQFMAMBAf8wDgYDVR0PAQH/\nBAQDAgGGMB0GA1UdDgQWBBSEGMyFNOy8DJSULghZnMeyEE4KCDAfBgNVHSMEGDAW\ngBScXwDfqgHXMCs4iKK4bUqc8hGRgzB4BggrBgEFBQcBAQRsMGowLgYIKwYBBQUH\nMAGGImh0dHA6Ly9vY3NwLnJvb3RnMi5hbWF6b250cnVzdC5jb20wOAYIKwYBBQUH\nMAKGLGh0dHA6Ly9jcnQucm9vdGcyLmFtYXpvbnRydXN0LmNvbS9yb290ZzIuY2Vy\nMD0GA1UdHwQ2MDQwMqAwoC6GLGh0dHA6Ly9jcmwucm9vdGcyLmFtYXpvbnRydXN0\nLmNvbS9yb290ZzIuY3JsMBEGA1UdIAQKMAgwBgYEVR0gADANBgkqhkiG9w0BAQsF\nAAOCAQEAYjdCXLwQtT6LLOkMm2xF4gcAevnFWAu5CIw+7bMlPLVvUOTNNWqnkzSW\nMiGpSESrnO09tKpzbeR/FoCJbM8oAxiDR3mjEH4wW6w7sGDgd9QIpuEdfF7Au/ma\neyKdpwAJfqxGF4PcnCZXmTA5YpaP7dreqsXMGz7KQ2hsVxa81Q4gLv7/wmpdLqBK\nbRRYh5TmOTFffHPLkIhqhBGWJ6bt2YFGpn6jcgAKUj6DiAdjd4lpFw85hdKrCEVN\n0FE6/V1dN2RMfjCyVSRCnTawXZwXgWHxyvkQAiSr6w10kY17RSlQOYiypok1JR4U\nakcjMS9cmvqtmg5iUaQqqcT5NJ0hGA==\n-----END CERTIFICATE-----\n",
                "is_ca": true,
                "issuer": "CN=Starfield Services Root Certificate Authority - G2,O=Starfield Technologies\\, Inc.,L=Scottsdale,ST=Arizona,C=US",
                "not_after": "2037-12-31T01:00:00Z",
                "not_before": "2015-05-25T12:00:00Z",
                "public_key_algorithm": "RSA",
                "serial_number": "144918191876577076464031512351042010504348870",
                "sha1_fingerprint": "06b25927c42a721631c1efd9431e648fa62e1e39",
                "signature_algorithm": "SHA256-RSA",
                "subject": "CN=Amazon Root CA 1,O=Amazon,C=US",
                "version": 3
              },
              {
                "cert_pem": "-----BEGIN CERTIFICATE-----\nMIIESTCCAzGgAwIBAgITBn+UV4WH6Kx33rJTMlu8mYtWDTANBgkqhkiG9w0BAQsF\nADA5MQswCQYDVQQGEwJVUzEPMA0GA1UEChMGQW1hem9uMRkwFwYDVQQDExBBbWF6\nb24gUm9vdCBDQSAxMB4XDTE1MTAyMjAwMDAwMFoXDTI1MTAxOTAwMDAwMFowRjEL\nMAkGA1UEBhMCVVMxDzANBgNVBAoTBkFtYXpvbjEVMBMGA1UECxMMU2VydmVyIENB\nIDFCMQ8wDQYDVQQDEwZBbWF6b24wggEiMA0GCSqGSIb3DQEBAQUAA4IBDwAwggEK\nAoIBAQDCThZn3c68asg3Wuw6MLAd5tES6BIoSMzoKcG5blPVo+sDORrMd4f2AbnZ\ncMzPa43j4wNxhplty6aUKk4T1qe9BOwKFjwK6zmxxLVYo7bHViXsPlJ6qOMpFge5\nblDP+18x+B26A0piiQOuPkfyDyeR4xQghfj66Yo19V+emU3nazfvpFA+ROz6WoVm\nB5x+F2pV8xeKNR7u6azDdU5YVX1TawprmxRC1+WsAYmz6qP+z8ArDITC2FMVy2fw\n0IjKOtEXc/VfmtTFch5+AfGYMGMqqvJ6LcXiAhqG5TI+Dr0RtM88k+8XUBCeQ8IG\nKuANaL7TiItKZYxK1MMuTJtV9IblAgMBAAGjggE7MIIBNzASBgNVHRMBAf8ECDAG\nAQH/AgEAMA4GA1UdDwEB/wQEAwIBhjAdBgNVHQ4EFgQUWaRmBlKge5WSPKOUByeW\ndFv5PdAwHwYDVR0jBBgwFoAUhBjMhTTsvAyUlC4IWZzHshBOCggwewYIKwYBBQUH\nAQEEbzBtMC8GCCsGAQUFBzABhiNodHRwOi8vb2NzcC5yb290Y2ExLmFtYXpvbnRy\ndXN0LmNvbTA6BggrBgEFBQcwAoYuaHR0cDovL2NydC5yb290Y2ExLmFtYXpvbnRy\ndXN0LmNvbS9yb290Y2ExLmNlcjA/BgNVHR8EODA2MDSgMqAwhi5odHRwOi8vY3Js\nLnJvb3RjYTEuYW1hem9udHJ1c3QuY29tL3Jvb3RjYTEuY3JsMBMGA1UdIAQMMAow\nCAYGZ4EMAQIBMA0GCSqGSIb3DQEBCwUAA4IBAQCFkr41u3nPo4FCHOTjY3NTOVI1\n59Gt/a6ZiqyJEi+752+a1U5y6iAwYfmXss2lJwJFqMp2PphKg5625kXg8kP2CN5t\n6G7bMQcT8C8xDZNtYTd7WPD8UZiRKAJPBXa30/AbwuZe0GaFEQ8ugcYQgSn+IGBI\n8/LwhBNTZTUVEWuCUUBVV18YtbAiPq3yXqMB48Oz+ctBWuZSkbvkNodPLamkB2g1\nupRyzQ7qDn1X8nn8N8V7YJ6y68AtkHcNSRAnpTitxBKjtKPISLMVCx7i4hncxHZS\nyLyKQXhw2W2Xs0qLeC1etA+jTGDK4UfLeC0SF7FSi8o5LL21L8IzApar2pR/\n-----END CERTIFICATE-----\n",
                "is_ca": true,
                "issuer": "CN=Amazon Root CA 1,O=Amazon,C=US",
                "not_after": "2025-10-19T00:00:00Z",
                "not_before": "2015-10-22T00:00:00Z",
                "public_key_algorithm": "RSA",
                "serial_number": "144918209630989264145272943054026349679957517",
                "sha1_fingerprint": "917e732d330f9a12404f73d8bea36948b929dffc",
                "signature_algorithm": "SHA256-RSA",
                "subject": "CN=Amazon,OU=Server CA 1B,O=Amazon,C=US",
                "version": 3
              },
              {
                "cert_pem": "-----BEGIN CERTIFICATE-----\nMIIGAzCCBOugAwIBAgIQCHHjPDlctwRyZnKGbEMyeDANBgkqhkiG9w0BAQsFADBG\nMQswCQYDVQQGEwJVUzEPMA0GA1UEChMGQW1hem9uMRUwEwYDVQQLEwxTZXJ2ZXIg\nQ0EgMUIxDzANBgNVBAMTBkFtYXpvbjAeFw0yMjA1MTQwMDAwMDBaFw0yMzA2MTIy\nMzU5NTlaMDAxLjAsBgNVBAMTJW9pZGMuZWtzLmFwLXNvdXRoZWFzdC0xLmFtYXpv\nbmF3cy5jb20wggEiMA0GCSqGSIb3DQEBAQUAA4IBDwAwggEKAoIBAQCO7RL4alJi\nHWFoU4Kvguud0Es9o7K7jkGkOL1w4s5B/LBRE2wyRXIm98CiSH5Li4iwuJ5m9c9U\nPWRzVgwShu3Z3ZYsFtSNo6dVeb9041+LI5gGpAUak+84YAxpO2v4y9Yz3/sxfMFq\nGdUHE4j7W8orFvZWQ3EC/M3PRzFS07qF52DyZhdDvD+yoeEilNDv2+LppjJFQ1ge\nDuNavocgOx9QDKdMaIBs+cmmhVk74jyYJPTO6VR+bSScx4Q5LZQrU1qzGCcgZntJ\nAevc8ePqFFRrErysZANMIQDkUXX8mh45A3yCecRNQ/MZm20zNC+OqBsRtDSsiBjl\nX+KeapgMAsg/AgMBAAGjggMBMIIC/TAfBgNVHSMEGDAWgBRZpGYGUqB7lZI8o5QH\nJ5Z0W/k90DAdBgNVHQ4EFgQUa5SKsWVDUt4EiizL5q0UcKOzT3UwMAYDVR0RBCkw\nJ4Ilb2lkYy5la3MuYXAtc291dGhlYXN0LTEuYW1hem9uYXdzLmNvbTAOBgNVHQ8B\nAf8EBAMCBaAwHQYDVR0lBBYwFAYIKwYBBQUHAwEGCCsGAQUFBwMCMD0GA1UdHwQ2\nMDQwMqAwoC6GLGh0dHA6Ly9jcmwuc2NhMWIuYW1hem9udHJ1c3QuY29tL3NjYTFi\nLTEuY3JsMBMGA1UdIAQMMAowCAYGZ4EMAQIBMHUGCCsGAQUFBwEBBGkwZzAtBggr\nBgEFBQcwAYYhaHR0cDovL29jc3Auc2NhMWIuYW1hem9udHJ1c3QuY29tMDYGCCsG\nAQUFBzAChipodHRwOi8vY3J0LnNjYTFiLmFtYXpvbnRydXN0LmNvbS9zY2ExYi5j\ncnQwDAYDVR0TAQH/BAIwADCCAX8GCisGAQQB1nkCBAIEggFvBIIBawFpAHcA6D7Q\n2j71BjUy51covIlryQPTy9ERa+zraeF3fW0GvW4AAAGAv/XMsAAABAMASDBGAiEA\n8BoXCWLgQDq1nYcXzyeTHIbsp1UX/GZMu5ukZ9ESzJ0CIQDTU40xiM8vmP/vZKAz\nsL+Z5ITMEHNgFZTZuNGfWQVrcwB2ADXPGRu/sWxXvw+tTG1Cy7u2JyAmUeo/4Srv\nqAPDO9ZMAAABgL/1zKwAAAQDAEcwRQIgYPHHJh4eL3OauuzWCDkPoH9tNiXstAlz\n85n4Y+pszGICIQCCthSnsjR0DV96I/UY92FrSzOPpNT/o/dJBdeO8nEk7AB2ALNz\ndwfhhFD4Y4bWBancEQlKeS2xZwwLh9zwAw55NqWaAAABgL/1zM0AAAQDAEcwRQIh\nAP4xOcjLJUsMMqpw+gTilAALQpwZQiWWUQqHZZT6EhOLAiAHsQ0EdFqNDrgAdU4m\n+FIFI690tL+bArJVWkO6iluDKzANBgkqhkiG9w0BAQsFAAOCAQEAZWCMOwk45d0O\nYOt67svWzSDpqQZ6s24vXLXPKzlz23L0HDOKJfG5RhcXJov2g1I+hEiNeDEOdlyT\nszfkFq+F3/KH5ptXasZrlabncLyXc5/ZkQAuUwvZI9fTdPGQmGqkVCbVFmoEXN7v\nnkyK5h3an9yq/e31PSICQAirBtd7Iq2djyIG0+x28LU1A4qKyv+D4ucL4bTgJsMo\n27jsBHMZbAR31J9D0gqqshtKzg6UpAxxaF49MT3Ar78yahVucOYWRMWExtLZZgN9\ngPbKhAWyuKja/kzTiJzguoWDjxLeqRx0/QI6/6+oWCUBReOJb9OJ5c7J2E0qpfNd\n4oI+vEGC+g==\n-----END CERTIFICATE-----\n",
                "is_ca": false,
                "issuer": "CN=Amazon,OU=Server CA 1B,O=Amazon,C=US",
                "not_after": "2023-06-12T23:59:59Z",
                "not_before": "2022-05-14T00:00:00Z",
                "public_key_algorithm": "RSA",
                "serial_number": "11225162389716273300618852537037173368",
                "sha1_fingerprint": "dbb5dfc2af72f6c8ca7b68b8bde4b414e2b96ab4",
                "signature_algorithm": "SHA256-RSA",
                "subject": "CN=oidc.eks.ap-southeast-1.amazonaws.com",
                "version": 3
              }
            ],
            "content": null,
            "id": "a21c21cd119f2a2e9cd579605264955aae419b3f",
            "url": "https://oidc.eks.ap-southeast-1.amazonaws.com/id/19EEBAA2771067CC07CF4ACF1AAB4A72",
            "verify_chain": true
          },
          "sensitive_attributes": []
        }
      ]
    },
    {
      "module": "module.eks.module.eks_blueprints.module.aws_eks",
      "mode": "managed",
      "type": "aws_eks_cluster",
      "name": "this",
      "provider": "provider[\"registry.terraform.io/hashicorp/aws\"]",
      "instances": [
        {
          "index_key": 0,
          "schema_version": 0,
          "attributes": {
            "arn": "arn:aws:eks:ap-southeast-1:431384414715:cluster/nocnoc-production",
            "certificate_authority": [
              {
                "data": "LS0tLS1CRUdJTiBDRVJUSUZJQ0FURS0tLS0tCk1JSUMvakNDQWVhZ0F3SUJBZ0lCQURBTkJna3Foa2lHOXcwQkFRc0ZBREFWTVJNd0VRWURWUVFERXdwcmRXSmwKY201bGRHVnpNQjRYRFRJeU1USXlNakE1TWpreE9Wb1hEVE15TVRJeE9UQTVNamt4T1Zvd0ZURVRNQkVHQTFVRQpBeE1LYTNWaVpYSnVaWFJsY3pDQ0FTSXdEUVlKS29aSWh2Y05BUUVCQlFBRGdnRVBBRENDQVFvQ2dnRUJBTVBxCmh5QzU5NmdGdkM5bEFZT0dEQnI3dE15T1pCV2FxVmFzSzBGV3IrMnNsNHBoSTR6YnhTaldGa2UxNlN4cDh6ejMKaUQ2VmFneDFmb1ZTNUQ5MlltTVdqdXRoQVBpbzJXQ1JhOG1mWlFiWDREMTd3cG8wZnVPT2plUVFtNFBRR01mZQprNU9adGl3SXVXeFNiSlRNT0RkYThhb2FBbm1tOUpkeWI0MkxMNVJBTFFUMmpwR01DRG5oUTdCcTMyemJQbG9CClF5bVBPbXV3WDRCa1pJckJoeFVQSW4zS0FTT3NXcHhLMzdMNngvSE9mSUZXYjdPb0FVQVprSzJiVlVhUm16THYKczFJYXVUNkZFNDZvOUFubmc1bFYzeXhxM2prYjZXc0RHa1l1eHhwMGtxdFY5akwxREJleUMzYUd0TEwyWUxJdwo4VUlROGg5VXNIOEJZVVF0MWRNQ0F3RUFBYU5aTUZjd0RnWURWUjBQQVFIL0JBUURBZ0trTUE4R0ExVWRFd0VCCi93UUZNQU1CQWY4d0hRWURWUjBPQkJZRUZEVXVWajM4a2xxQ1ZlT2xrcFhKTXdMeWNFbzZNQlVHQTFVZEVRUU8KTUF5Q0NtdDFZbVZ5Ym1WMFpYTXdEUVlKS29aSWh2Y05BUUVMQlFBRGdnRUJBRERrYmYvOTR5WHp5MVUyb0NlUQo4L0NNbjF1dDB4bCtYOFVRRm1FZzd6ci8yZHlwMnpxVWszeEpGeFJwV1YrU1pDcjFzcTUzeEltNVJPZUdaZUhkCnlOL0ROK1MwTFFHZXdJWUV6U0M0S3d3eGplVkNoaFVQSTV1VjlKVGFIOUxBVGZ5WWxsZ2Z2UW9TTlJRMFd6TzMKTkZnNUxlbFFVZUVmWUZQN2hOSmQzTFZueTlGUjhnc0FON0ZtcTI2SVZ1Nmt2OU13YWplVWY5bXVHc2xBYTQ3QgpPSElHRzZOcElQeS9jUUJMOXFjNm5iRmlzVmMwNDJTYlBHL3ZLeTJKaHpEMDlNbG5zOTg0SW5BRjBIOUVDMjc3CjVuYkJySjViR1ZLV3Y5VmdaYmZtandMZWgxaHFCQW5ZR3o4Ri9KTTAyVEV4a0Z5QWFQaTl2UDZFd3BkZGo0S2gKeURRPQotLS0tLUVORCBDRVJUSUZJQ0FURS0tLS0tCg=="
              }
            ],
            "cluster_id": null,
            "created_at": "2022-12-22 09:23:45.795 +0000 UTC",
            "enabled_cluster_log_types": [
              "api",
              "audit",
              "authenticator",
              "controllerManager",
              "scheduler"
            ],
            "encryption_config": [
              {
                "provider": [
                  {
                    "key_arn": "arn:aws:kms:ap-southeast-1:431384414715:key/a0103439-ce64-43a9-b316-b7f102c9e6ce"
                  }
                ],
                "resources": [
                  "secrets"
                ]
              }
            ],
            "endpoint": "https://19EEBAA2771067CC07CF4ACF1AAB4A72.gr7.ap-southeast-1.eks.amazonaws.com",
            "id": "nocnoc-production",
            "identity": [
              {
                "oidc": [
                  {
                    "issuer": "https://oidc.eks.ap-southeast-1.amazonaws.com/id/19EEBAA2771067CC07CF4ACF1AAB4A72"
                  }
                ]
              }
            ],
            "kubernetes_network_config": [
              {
                "ip_family": "ipv4",
                "service_ipv4_cidr": "10.100.0.0/16",
                "service_ipv6_cidr": ""
              }
            ],
            "name": "nocnoc-production",
            "outpost_config": [],
            "platform_version": "eks.3",
            "role_arn": "arn:aws:iam::431384414715:role/nocnoc-production-cluster-role",
            "status": "ACTIVE",
            "tags": null,
            "tags_all": {},
            "timeouts": {
              "create": null,
              "delete": null,
              "update": null
            },
            "version": "1.24",
            "vpc_config": [
              {
                "cluster_security_group_id": "sg-0d1a020089702e795",
                "endpoint_private_access": false,
                "endpoint_public_access": true,
                "public_access_cidrs": [
                  "0.0.0.0/0"
                ],
                "security_group_ids": [
                  "sg-0e055c8735fe46c27"
                ],
                "subnet_ids": [
                  "subnet-003bba4eb3dcbe47c",
                  "subnet-03b8fad679562155f",
                  "subnet-0f6a132300d4ad972"
                ],
                "vpc_id": "vpc-0b5f985df3c1b0ebf"
              }
            ]
          },
          "sensitive_attributes": [],
          "private": "eyJlMmJmYjczMC1lY2FhLTExZTYtOGY4OC0zNDM2M2JjN2M0YzAiOnsiY3JlYXRlIjoxODAwMDAwMDAwMDAwLCJkZWxldGUiOjkwMDAwMDAwMDAwMCwidXBkYXRlIjozNjAwMDAwMDAwMDAwfX0=",
          "dependencies": [
            "data.terraform_remote_state.network",
            "module.eks.module.eks_blueprints.data.aws_iam_policy_document.eks_key",
            "module.eks.module.eks_blueprints.module.aws_eks.aws_cloudwatch_log_group.this",
            "module.eks.module.eks_blueprints.module.aws_eks.aws_iam_role.this",
            "module.eks.module.eks_blueprints.module.aws_eks.aws_iam_role_policy_attachment.this",
            "module.eks.module.eks_blueprints.module.aws_eks.aws_security_group.cluster",
            "module.eks.module.eks_blueprints.module.aws_eks.aws_security_group.node",
            "module.eks.module.eks_blueprints.module.aws_eks.aws_security_group_rule.cluster",
            "module.eks.module.eks_blueprints.module.aws_eks.aws_security_group_rule.node",
            "module.eks.module.eks_blueprints.module.aws_eks.data.aws_iam_policy_document.assume_role_policy",
            "module.eks.module.eks_blueprints.module.aws_eks.data.aws_partition.current",
            "module.eks.module.eks_blueprints.module.aws_eks.module.kms.aws_kms_external_key.this",
            "module.eks.module.eks_blueprints.module.aws_eks.module.kms.aws_kms_key.this",
            "module.eks.module.eks_blueprints.module.kms.aws_kms_key.this"
          ],
          "create_before_destroy": true
        }
      ]
    },
    {
      "module": "module.eks.module.eks_blueprints.module.aws_eks",
      "mode": "managed",
      "type": "aws_iam_openid_connect_provider",
      "name": "oidc_provider",
      "provider": "provider[\"registry.terraform.io/hashicorp/aws\"]",
      "instances": [
        {
          "index_key": 0,
          "schema_version": 0,
          "attributes": {
            "arn": "arn:aws:iam::431384414715:oidc-provider/oidc.eks.ap-southeast-1.amazonaws.com/id/19EEBAA2771067CC07CF4ACF1AAB4A72",
            "client_id_list": [
              "sts.amazonaws.com"
            ],
            "id": "arn:aws:iam::431384414715:oidc-provider/oidc.eks.ap-southeast-1.amazonaws.com/id/19EEBAA2771067CC07CF4ACF1AAB4A72",
            "tags": {
              "Name": "nocnoc-production-eks-irsa"
            },
            "tags_all": {
              "Name": "nocnoc-production-eks-irsa"
            },
            "thumbprint_list": [
              "9e99a48a9960b14926bb7f3b02e22da2b0ab7280"
            ],
            "url": "oidc.eks.ap-southeast-1.amazonaws.com/id/19EEBAA2771067CC07CF4ACF1AAB4A72"
          },
          "sensitive_attributes": [],
          "private": "bnVsbA==",
          "dependencies": [
            "data.terraform_remote_state.network",
            "module.eks.module.eks_blueprints.data.aws_iam_policy_document.eks_key",
            "module.eks.module.eks_blueprints.module.aws_eks.aws_cloudwatch_log_group.this",
            "module.eks.module.eks_blueprints.module.aws_eks.aws_eks_cluster.this",
            "module.eks.module.eks_blueprints.module.aws_eks.aws_iam_role.this",
            "module.eks.module.eks_blueprints.module.aws_eks.aws_iam_role_policy_attachment.this",
            "module.eks.module.eks_blueprints.module.aws_eks.aws_security_group.cluster",
            "module.eks.module.eks_blueprints.module.aws_eks.aws_security_group.node",
            "module.eks.module.eks_blueprints.module.aws_eks.aws_security_group_rule.cluster",
            "module.eks.module.eks_blueprints.module.aws_eks.aws_security_group_rule.node",
            "module.eks.module.eks_blueprints.module.aws_eks.data.aws_iam_policy_document.assume_role_policy",
            "module.eks.module.eks_blueprints.module.aws_eks.data.aws_partition.current",
            "module.eks.module.eks_blueprints.module.aws_eks.data.tls_certificate.this",
            "module.eks.module.eks_blueprints.module.aws_eks.module.kms.aws_kms_external_key.this",
            "module.eks.module.eks_blueprints.module.aws_eks.module.kms.aws_kms_key.this",
            "module.eks.module.eks_blueprints.module.kms.aws_kms_key.this"
          ]
        }
      ]
    },
    {
      "module": "module.eks.module.eks_blueprints.module.aws_eks",
      "mode": "managed",
      "type": "aws_iam_role",
      "name": "this",
      "provider": "provider[\"registry.terraform.io/hashicorp/aws\"]",
      "instances": [
        {
          "index_key": 0,
          "schema_version": 0,
          "attributes": {
            "arn": "arn:aws:iam::431384414715:role/nocnoc-production-cluster-role",
            "assume_role_policy": "{\"Statement\":[{\"Action\":\"sts:AssumeRole\",\"Effect\":\"Allow\",\"Principal\":{\"Service\":\"eks.amazonaws.com\"},\"Sid\":\"EKSClusterAssumeRole\"}],\"Version\":\"2012-10-17\"}",
            "create_date": "2022-12-22T09:23:17Z",
            "description": "",
            "force_detach_policies": true,
            "id": "nocnoc-production-cluster-role",
            "inline_policy": [],
            "managed_policy_arns": [],
            "max_session_duration": 3600,
            "name": "nocnoc-production-cluster-role",
            "name_prefix": "",
            "path": "/",
            "permissions_boundary": null,
            "tags": null,
            "tags_all": {},
            "unique_id": "AROAWI4EDZH53TQI2YAJ2"
          },
          "sensitive_attributes": [],
          "private": "bnVsbA==",
          "dependencies": [
            "module.eks.module.eks_blueprints.module.aws_eks.aws_cloudwatch_log_group.this",
            "module.eks.module.eks_blueprints.module.aws_eks.data.aws_iam_policy_document.assume_role_policy"
          ],
          "create_before_destroy": true
        }
      ]
    },
    {
      "module": "module.eks.module.eks_blueprints.module.aws_eks",
      "mode": "managed",
      "type": "aws_iam_role_policy_attachment",
      "name": "this",
      "provider": "provider[\"registry.terraform.io/hashicorp/aws\"]",
      "instances": [
        {
          "index_key": "arn:aws:iam::aws:policy/AmazonEKSClusterPolicy",
          "schema_version": 0,
          "attributes": {
            "id": "nocnoc-production-cluster-role-20221222092320605500000004",
            "policy_arn": "arn:aws:iam::aws:policy/AmazonEKSClusterPolicy",
            "role": "nocnoc-production-cluster-role"
          },
          "sensitive_attributes": [],
          "private": "bnVsbA==",
          "dependencies": [
            "module.eks.module.eks_blueprints.module.aws_eks.aws_cloudwatch_log_group.this",
            "module.eks.module.eks_blueprints.module.aws_eks.aws_iam_role.this",
            "module.eks.module.eks_blueprints.module.aws_eks.data.aws_iam_policy_document.assume_role_policy",
            "module.eks.module.eks_blueprints.module.aws_eks.data.aws_partition.current"
          ],
          "create_before_destroy": true
        },
        {
          "index_key": "arn:aws:iam::aws:policy/AmazonEKSVPCResourceController",
          "schema_version": 0,
          "attributes": {
            "id": "nocnoc-production-cluster-role-20221222092320081600000003",
            "policy_arn": "arn:aws:iam::aws:policy/AmazonEKSVPCResourceController",
            "role": "nocnoc-production-cluster-role"
          },
          "sensitive_attributes": [],
          "private": "bnVsbA==",
          "dependencies": [
            "module.eks.module.eks_blueprints.module.aws_eks.aws_cloudwatch_log_group.this",
            "module.eks.module.eks_blueprints.module.aws_eks.aws_iam_role.this",
            "module.eks.module.eks_blueprints.module.aws_eks.data.aws_iam_policy_document.assume_role_policy",
            "module.eks.module.eks_blueprints.module.aws_eks.data.aws_partition.current"
          ],
          "create_before_destroy": true
        }
      ]
    },
    {
      "module": "module.eks.module.eks_blueprints.module.aws_eks",
      "mode": "managed",
      "type": "aws_security_group",
      "name": "cluster",
      "provider": "provider[\"registry.terraform.io/hashicorp/aws\"]",
      "instances": [
        {
          "index_key": 0,
          "schema_version": 1,
          "attributes": {
            "arn": "arn:aws:ec2:ap-southeast-1:431384414715:security-group/sg-0e055c8735fe46c27",
            "description": "EKS cluster security group",
            "egress": [],
            "id": "sg-0e055c8735fe46c27",
            "ingress": [],
            "name": "nocnoc-production-cluster-20221222092316172900000002",
            "name_prefix": "nocnoc-production-cluster-",
            "owner_id": "431384414715",
            "revoke_rules_on_delete": false,
            "tags": {
              "Name": "nocnoc-production-cluster"
            },
            "tags_all": {
              "Name": "nocnoc-production-cluster"
            },
            "timeouts": null,
            "vpc_id": "vpc-0b5f985df3c1b0ebf"
          },
          "sensitive_attributes": [],
          "private": "eyJlMmJmYjczMC1lY2FhLTExZTYtOGY4OC0zNDM2M2JjN2M0YzAiOnsiY3JlYXRlIjo2MDAwMDAwMDAwMDAsImRlbGV0ZSI6OTAwMDAwMDAwMDAwfSwic2NoZW1hX3ZlcnNpb24iOiIxIn0=",
          "dependencies": [
            "data.terraform_remote_state.network"
          ],
          "create_before_destroy": true
        }
      ]
    },
    {
      "module": "module.eks.module.eks_blueprints.module.aws_eks",
      "mode": "managed",
      "type": "aws_security_group",
      "name": "node",
      "provider": "provider[\"registry.terraform.io/hashicorp/aws\"]",
      "instances": [
        {
          "index_key": 0,
          "schema_version": 1,
          "attributes": {
            "arn": "arn:aws:ec2:ap-southeast-1:431384414715:security-group/sg-0c54576dac3ffc475",
            "description": "EKS node shared security group",
            "egress": [],
            "id": "sg-0c54576dac3ffc475",
            "ingress": [],
            "name": "nocnoc-production-node-20221222092316172900000001",
            "name_prefix": "nocnoc-production-node-",
            "owner_id": "431384414715",
            "revoke_rules_on_delete": false,
            "tags": {
              "Name": "nocnoc-production-node",
              "kubernetes.io/cluster/nocnoc-production": "owned"
            },
            "tags_all": {
              "Name": "nocnoc-production-node",
              "kubernetes.io/cluster/nocnoc-production": "owned"
            },
            "timeouts": null,
            "vpc_id": "vpc-0b5f985df3c1b0ebf"
          },
          "sensitive_attributes": [],
          "private": "eyJlMmJmYjczMC1lY2FhLTExZTYtOGY4OC0zNDM2M2JjN2M0YzAiOnsiY3JlYXRlIjo2MDAwMDAwMDAwMDAsImRlbGV0ZSI6OTAwMDAwMDAwMDAwfSwic2NoZW1hX3ZlcnNpb24iOiIxIn0=",
          "dependencies": [
            "data.terraform_remote_state.network"
          ],
          "create_before_destroy": true
        }
      ]
    },
    {
      "module": "module.eks.module.eks_blueprints.module.aws_eks",
      "mode": "managed",
      "type": "aws_security_group_rule",
      "name": "cluster",
      "provider": "provider[\"registry.terraform.io/hashicorp/aws\"]",
      "instances": [
        {
          "index_key": "egress_nodes_443",
          "schema_version": 2,
          "attributes": {
            "cidr_blocks": null,
            "description": "Cluster API to node groups",
            "from_port": 443,
            "id": "sgrule-1782174326",
            "ipv6_cidr_blocks": null,
            "prefix_list_ids": [],
            "protocol": "tcp",
            "security_group_id": "sg-0e055c8735fe46c27",
            "security_group_rule_id": "sgr-0ee4c1bd1ea279a71",
            "self": false,
            "source_security_group_id": "sg-0c54576dac3ffc475",
            "timeouts": null,
            "to_port": 443,
            "type": "egress"
          },
          "sensitive_attributes": [],
          "private": "eyJlMmJmYjczMC1lY2FhLTExZTYtOGY4OC0zNDM2M2JjN2M0YzAiOnsiY3JlYXRlIjozMDAwMDAwMDAwMDB9LCJzY2hlbWFfdmVyc2lvbiI6IjIifQ==",
          "dependencies": [
            "data.terraform_remote_state.network",
            "module.eks.module.eks_blueprints.module.aws_eks.aws_security_group.cluster",
            "module.eks.module.eks_blueprints.module.aws_eks.aws_security_group.node"
          ],
          "create_before_destroy": true
        },
        {
          "index_key": "egress_nodes_kubelet",
          "schema_version": 2,
          "attributes": {
            "cidr_blocks": null,
            "description": "Cluster API to node kubelets",
            "from_port": 10250,
            "id": "sgrule-3968781986",
            "ipv6_cidr_blocks": null,
            "prefix_list_ids": [],
            "protocol": "tcp",
            "security_group_id": "sg-0e055c8735fe46c27",
            "security_group_rule_id": "sgr-052d20407f2b5c4c8",
            "self": false,
            "source_security_group_id": "sg-0c54576dac3ffc475",
            "timeouts": null,
            "to_port": 10250,
            "type": "egress"
          },
          "sensitive_attributes": [],
          "private": "eyJlMmJmYjczMC1lY2FhLTExZTYtOGY4OC0zNDM2M2JjN2M0YzAiOnsiY3JlYXRlIjozMDAwMDAwMDAwMDB9LCJzY2hlbWFfdmVyc2lvbiI6IjIifQ==",
          "dependencies": [
            "data.terraform_remote_state.network",
            "module.eks.module.eks_blueprints.module.aws_eks.aws_security_group.cluster",
            "module.eks.module.eks_blueprints.module.aws_eks.aws_security_group.node"
          ],
          "create_before_destroy": true
        },
        {
          "index_key": "ingress_nodes_443",
          "schema_version": 2,
          "attributes": {
            "cidr_blocks": null,
            "description": "Node groups to cluster API",
            "from_port": 443,
            "id": "sgrule-2220574192",
            "ipv6_cidr_blocks": null,
            "prefix_list_ids": [],
            "protocol": "tcp",
            "security_group_id": "sg-0e055c8735fe46c27",
            "security_group_rule_id": "sgr-055aff12488e8721a",
            "self": false,
            "source_security_group_id": "sg-0c54576dac3ffc475",
            "timeouts": null,
            "to_port": 443,
            "type": "ingress"
          },
          "sensitive_attributes": [],
          "private": "eyJlMmJmYjczMC1lY2FhLTExZTYtOGY4OC0zNDM2M2JjN2M0YzAiOnsiY3JlYXRlIjozMDAwMDAwMDAwMDB9LCJzY2hlbWFfdmVyc2lvbiI6IjIifQ==",
          "dependencies": [
            "data.terraform_remote_state.network",
            "module.eks.module.eks_blueprints.module.aws_eks.aws_security_group.cluster",
            "module.eks.module.eks_blueprints.module.aws_eks.aws_security_group.node"
          ],
          "create_before_destroy": true
        }
      ]
    },
    {
      "module": "module.eks.module.eks_blueprints.module.aws_eks",
      "mode": "managed",
      "type": "aws_security_group_rule",
      "name": "node",
      "provider": "provider[\"registry.terraform.io/hashicorp/aws\"]",
      "instances": [
        {
          "index_key": "egress_cluster_443",
          "schema_version": 2,
          "attributes": {
            "cidr_blocks": null,
            "description": "Node groups to cluster API",
            "from_port": 443,
            "id": "sgrule-3056313747",
            "ipv6_cidr_blocks": null,
            "prefix_list_ids": [],
            "protocol": "tcp",
            "security_group_id": "sg-0c54576dac3ffc475",
            "security_group_rule_id": "sgr-0f907393c4ce8ebd5",
            "self": false,
            "source_security_group_id": "sg-0e055c8735fe46c27",
            "timeouts": null,
            "to_port": 443,
            "type": "egress"
          },
          "sensitive_attributes": [],
          "private": "eyJlMmJmYjczMC1lY2FhLTExZTYtOGY4OC0zNDM2M2JjN2M0YzAiOnsiY3JlYXRlIjozMDAwMDAwMDAwMDB9LCJzY2hlbWFfdmVyc2lvbiI6IjIifQ==",
          "dependencies": [
            "data.terraform_remote_state.network",
            "module.eks.module.eks_blueprints.module.aws_eks.aws_security_group.cluster",
            "module.eks.module.eks_blueprints.module.aws_eks.aws_security_group.node"
          ],
          "create_before_destroy": true
        },
        {
          "index_key": "egress_https",
          "schema_version": 2,
          "attributes": {
            "cidr_blocks": [
              "0.0.0.0/0"
            ],
            "description": "Egress all HTTPS to internet",
            "from_port": 443,
            "id": "sgrule-3829046524",
            "ipv6_cidr_blocks": null,
            "prefix_list_ids": [],
            "protocol": "tcp",
            "security_group_id": "sg-0c54576dac3ffc475",
            "security_group_rule_id": "sgr-0240e9ef1d862ae31",
            "self": false,
            "source_security_group_id": null,
            "timeouts": null,
            "to_port": 443,
            "type": "egress"
          },
          "sensitive_attributes": [],
          "private": "eyJlMmJmYjczMC1lY2FhLTExZTYtOGY4OC0zNDM2M2JjN2M0YzAiOnsiY3JlYXRlIjozMDAwMDAwMDAwMDB9LCJzY2hlbWFfdmVyc2lvbiI6IjIifQ==",
          "dependencies": [
            "data.terraform_remote_state.network",
            "module.eks.module.eks_blueprints.module.aws_eks.aws_security_group.cluster",
            "module.eks.module.eks_blueprints.module.aws_eks.aws_security_group.node"
          ],
          "create_before_destroy": true
        },
        {
          "index_key": "egress_ntp_tcp",
          "schema_version": 2,
          "attributes": {
            "cidr_blocks": [
              "0.0.0.0/0"
            ],
            "description": "Egress NTP/TCP to internet",
            "from_port": 123,
            "id": "sgrule-1004839394",
            "ipv6_cidr_blocks": null,
            "prefix_list_ids": [],
            "protocol": "tcp",
            "security_group_id": "sg-0c54576dac3ffc475",
            "security_group_rule_id": "sgr-0aaa5b7ec7dd04696",
            "self": false,
            "source_security_group_id": null,
            "timeouts": null,
            "to_port": 123,
            "type": "egress"
          },
          "sensitive_attributes": [],
          "private": "eyJlMmJmYjczMC1lY2FhLTExZTYtOGY4OC0zNDM2M2JjN2M0YzAiOnsiY3JlYXRlIjozMDAwMDAwMDAwMDB9LCJzY2hlbWFfdmVyc2lvbiI6IjIifQ==",
          "dependencies": [
            "data.terraform_remote_state.network",
            "module.eks.module.eks_blueprints.module.aws_eks.aws_security_group.cluster",
            "module.eks.module.eks_blueprints.module.aws_eks.aws_security_group.node"
          ],
          "create_before_destroy": true
        },
        {
          "index_key": "egress_ntp_udp",
          "schema_version": 2,
          "attributes": {
            "cidr_blocks": [
              "0.0.0.0/0"
            ],
            "description": "Egress NTP/UDP to internet",
            "from_port": 123,
            "id": "sgrule-1165657327",
            "ipv6_cidr_blocks": null,
            "prefix_list_ids": [],
            "protocol": "udp",
            "security_group_id": "sg-0c54576dac3ffc475",
            "security_group_rule_id": "sgr-03947f1cc4ab7cffc",
            "self": false,
            "source_security_group_id": null,
            "timeouts": null,
            "to_port": 123,
            "type": "egress"
          },
          "sensitive_attributes": [],
          "private": "eyJlMmJmYjczMC1lY2FhLTExZTYtOGY4OC0zNDM2M2JjN2M0YzAiOnsiY3JlYXRlIjozMDAwMDAwMDAwMDB9LCJzY2hlbWFfdmVyc2lvbiI6IjIifQ==",
          "dependencies": [
            "data.terraform_remote_state.network",
            "module.eks.module.eks_blueprints.module.aws_eks.aws_security_group.cluster",
            "module.eks.module.eks_blueprints.module.aws_eks.aws_security_group.node"
          ],
          "create_before_destroy": true
        },
        {
          "index_key": "egress_self_coredns_tcp",
          "schema_version": 2,
          "attributes": {
            "cidr_blocks": null,
            "description": "Node to node CoreDNS",
            "from_port": 53,
            "id": "sgrule-793966316",
            "ipv6_cidr_blocks": null,
            "prefix_list_ids": [],
            "protocol": "tcp",
            "security_group_id": "sg-0c54576dac3ffc475",
            "security_group_rule_id": "sgr-079860ee2b40ee790",
            "self": true,
            "source_security_group_id": null,
            "timeouts": null,
            "to_port": 53,
            "type": "egress"
          },
          "sensitive_attributes": [],
          "private": "eyJlMmJmYjczMC1lY2FhLTExZTYtOGY4OC0zNDM2M2JjN2M0YzAiOnsiY3JlYXRlIjozMDAwMDAwMDAwMDB9LCJzY2hlbWFfdmVyc2lvbiI6IjIifQ==",
          "dependencies": [
            "data.terraform_remote_state.network",
            "module.eks.module.eks_blueprints.module.aws_eks.aws_security_group.cluster",
            "module.eks.module.eks_blueprints.module.aws_eks.aws_security_group.node"
          ],
          "create_before_destroy": true
        },
        {
          "index_key": "egress_self_coredns_udp",
          "schema_version": 2,
          "attributes": {
            "cidr_blocks": null,
            "description": "Node to node CoreDNS",
            "from_port": 53,
            "id": "sgrule-2704635018",
            "ipv6_cidr_blocks": null,
            "prefix_list_ids": [],
            "protocol": "udp",
            "security_group_id": "sg-0c54576dac3ffc475",
            "security_group_rule_id": "sgr-0d64d4920d1f5521f",
            "self": true,
            "source_security_group_id": null,
            "timeouts": null,
            "to_port": 53,
            "type": "egress"
          },
          "sensitive_attributes": [],
          "private": "eyJlMmJmYjczMC1lY2FhLTExZTYtOGY4OC0zNDM2M2JjN2M0YzAiOnsiY3JlYXRlIjozMDAwMDAwMDAwMDB9LCJzY2hlbWFfdmVyc2lvbiI6IjIifQ==",
          "dependencies": [
            "data.terraform_remote_state.network",
            "module.eks.module.eks_blueprints.module.aws_eks.aws_security_group.cluster",
            "module.eks.module.eks_blueprints.module.aws_eks.aws_security_group.node"
          ],
          "create_before_destroy": true
        },
        {
          "index_key": "ingress_cluster_443",
          "schema_version": 2,
          "attributes": {
            "cidr_blocks": null,
            "description": "Cluster API to node groups",
            "from_port": 443,
            "id": "sgrule-1304577716",
            "ipv6_cidr_blocks": null,
            "prefix_list_ids": [],
            "protocol": "tcp",
            "security_group_id": "sg-0c54576dac3ffc475",
            "security_group_rule_id": "sgr-0203aa62ddcacf1eb",
            "self": false,
            "source_security_group_id": "sg-0e055c8735fe46c27",
            "timeouts": null,
            "to_port": 443,
            "type": "ingress"
          },
          "sensitive_attributes": [],
          "private": "eyJlMmJmYjczMC1lY2FhLTExZTYtOGY4OC0zNDM2M2JjN2M0YzAiOnsiY3JlYXRlIjozMDAwMDAwMDAwMDB9LCJzY2hlbWFfdmVyc2lvbiI6IjIifQ==",
          "dependencies": [
            "data.terraform_remote_state.network",
            "module.eks.module.eks_blueprints.module.aws_eks.aws_security_group.cluster",
            "module.eks.module.eks_blueprints.module.aws_eks.aws_security_group.node"
          ],
          "create_before_destroy": true
        },
        {
          "index_key": "ingress_cluster_kubelet",
          "schema_version": 2,
          "attributes": {
            "cidr_blocks": null,
            "description": "Cluster API to node kubelets",
            "from_port": 10250,
            "id": "sgrule-2001475830",
            "ipv6_cidr_blocks": null,
            "prefix_list_ids": [],
            "protocol": "tcp",
            "security_group_id": "sg-0c54576dac3ffc475",
            "security_group_rule_id": "sgr-0962f30676c78448f",
            "self": false,
            "source_security_group_id": "sg-0e055c8735fe46c27",
            "timeouts": null,
            "to_port": 10250,
            "type": "ingress"
          },
          "sensitive_attributes": [],
          "private": "eyJlMmJmYjczMC1lY2FhLTExZTYtOGY4OC0zNDM2M2JjN2M0YzAiOnsiY3JlYXRlIjozMDAwMDAwMDAwMDB9LCJzY2hlbWFfdmVyc2lvbiI6IjIifQ==",
          "dependencies": [
            "data.terraform_remote_state.network",
            "module.eks.module.eks_blueprints.module.aws_eks.aws_security_group.cluster",
            "module.eks.module.eks_blueprints.module.aws_eks.aws_security_group.node"
          ],
          "create_before_destroy": true
        },
        {
          "index_key": "ingress_self_coredns_tcp",
          "schema_version": 2,
          "attributes": {
            "cidr_blocks": null,
            "description": "Node to node CoreDNS",
            "from_port": 53,
            "id": "sgrule-2495894670",
            "ipv6_cidr_blocks": null,
            "prefix_list_ids": [],
            "protocol": "tcp",
            "security_group_id": "sg-0c54576dac3ffc475",
            "security_group_rule_id": "sgr-094a4a640e90084f3",
            "self": true,
            "source_security_group_id": null,
            "timeouts": null,
            "to_port": 53,
            "type": "ingress"
          },
          "sensitive_attributes": [],
          "private": "eyJlMmJmYjczMC1lY2FhLTExZTYtOGY4OC0zNDM2M2JjN2M0YzAiOnsiY3JlYXRlIjozMDAwMDAwMDAwMDB9LCJzY2hlbWFfdmVyc2lvbiI6IjIifQ==",
          "dependencies": [
            "data.terraform_remote_state.network",
            "module.eks.module.eks_blueprints.module.aws_eks.aws_security_group.cluster",
            "module.eks.module.eks_blueprints.module.aws_eks.aws_security_group.node"
          ],
          "create_before_destroy": true
        },
        {
          "index_key": "ingress_self_coredns_udp",
          "schema_version": 2,
          "attributes": {
            "cidr_blocks": null,
            "description": "Node to node CoreDNS",
            "from_port": 53,
            "id": "sgrule-815527777",
            "ipv6_cidr_blocks": null,
            "prefix_list_ids": [],
            "protocol": "udp",
            "security_group_id": "sg-0c54576dac3ffc475",
            "security_group_rule_id": "sgr-07a59f06fc5cb96e6",
            "self": true,
            "source_security_group_id": null,
            "timeouts": null,
            "to_port": 53,
            "type": "ingress"
          },
          "sensitive_attributes": [],
          "private": "eyJlMmJmYjczMC1lY2FhLTExZTYtOGY4OC0zNDM2M2JjN2M0YzAiOnsiY3JlYXRlIjozMDAwMDAwMDAwMDB9LCJzY2hlbWFfdmVyc2lvbiI6IjIifQ==",
          "dependencies": [
            "data.terraform_remote_state.network",
            "module.eks.module.eks_blueprints.module.aws_eks.aws_security_group.cluster",
            "module.eks.module.eks_blueprints.module.aws_eks.aws_security_group.node"
          ],
          "create_before_destroy": true
        }
      ]
    },
    {
      "module": "module.eks.module.eks_blueprints.module.aws_eks.module.kms",
      "mode": "data",
      "type": "aws_caller_identity",
      "name": "current",
      "provider": "provider[\"registry.terraform.io/hashicorp/aws\"]",
      "instances": [
        {
          "schema_version": 0,
          "attributes": {
            "account_id": "431384414715",
            "arn": "arn:aws:sts::431384414715:assumed-role/AWSReservedSSO_AWSAdministratorAccess_089c1659a4a9bcb1/aws-infra-vendor@nocnoc.com",
            "id": "431384414715",
            "user_id": "AROAWI4EDZH5S76PHJU74:aws-infra-vendor@nocnoc.com"
          },
          "sensitive_attributes": []
        }
      ]
    },
    {
      "module": "module.eks.module.eks_blueprints.module.aws_eks.module.kms",
      "mode": "data",
      "type": "aws_partition",
      "name": "current",
      "provider": "provider[\"registry.terraform.io/hashicorp/aws\"]",
      "instances": [
        {
          "schema_version": 0,
          "attributes": {
            "dns_suffix": "amazonaws.com",
            "id": "aws",
            "partition": "aws",
            "reverse_dns_prefix": "com.amazonaws"
          },
          "sensitive_attributes": []
        }
      ]
    },
    {
      "module": "module.eks.module.eks_blueprints.module.aws_eks_managed_node_groups[\"mg_gpu\"]",
      "mode": "data",
      "type": "aws_iam_policy_document",
      "name": "managed_ng_assume_role_policy",
      "provider": "provider[\"registry.terraform.io/hashicorp/aws\"]",
      "instances": [
        {
          "schema_version": 0,
          "attributes": {
            "id": "3778018924",
            "json": "{\n  \"Version\": \"2012-10-17\",\n  \"Statement\": [\n    {\n      \"Sid\": \"EKSWorkerAssumeRole\",\n      \"Effect\": \"Allow\",\n      \"Action\": \"sts:AssumeRole\",\n      \"Principal\": {\n        \"Service\": \"ec2.amazonaws.com\"\n      }\n    }\n  ]\n}",
            "override_json": null,
            "override_policy_documents": null,
            "policy_id": null,
            "source_json": null,
            "source_policy_documents": null,
            "statement": [
              {
                "actions": [
                  "sts:AssumeRole"
                ],
                "condition": [],
                "effect": "Allow",
                "not_actions": [],
                "not_principals": [],
                "not_resources": [],
                "principals": [
                  {
                    "identifiers": [
                      "ec2.amazonaws.com"
                    ],
                    "type": "Service"
                  }
                ],
                "resources": [],
                "sid": "EKSWorkerAssumeRole"
              }
            ],
            "version": "2012-10-17"
          },
          "sensitive_attributes": []
        }
      ]
    },
    {
      "module": "module.eks.module.eks_blueprints.module.aws_eks_managed_node_groups[\"mg_gpu\"]",
      "mode": "managed",
      "type": "aws_eks_node_group",
      "name": "managed_ng",
      "provider": "provider[\"registry.terraform.io/hashicorp/aws\"]",
      "instances": [
        {
          "status": "tainted",
          "schema_version": 0,
          "attributes": {
            "ami_type": "AL2_x86_64",
            "arn": null,
            "capacity_type": "ON_DEMAND",
            "cluster_name": "nocnoc-production",
            "disk_size": 50,
            "force_update_version": null,
            "id": "nocnoc-production:managed-gpu-ondemand-2022122209335852840000000c",
            "instance_types": [
              "t3.medium"
            ],
            "labels": null,
            "launch_template": [],
            "node_group_name": null,
            "node_group_name_prefix": "managed-gpu-ondemand-",
            "node_role_arn": "arn:aws:iam::431384414715:role/nocnoc-production-managed-gpu-ondemand",
            "release_version": null,
            "remote_access": [],
            "resources": null,
            "scaling_config": [
              {
                "desired_size": 3,
                "max_size": 9,
                "min_size": 3
              }
            ],
            "status": null,
            "subnet_ids": [
              "subnet-003bba4eb3dcbe47c",
              "subnet-03b8fad679562155f",
              "subnet-0f6a132300d4ad972"
            ],
            "tags": {
              "Name": "nocnoc-production-managed-gpu-ondemand",
              "k8s.io/cluster-autoscaler/enabled": "TRUE",
              "k8s.io/cluster-autoscaler/nocnoc-production": "owned",
              "kubernetes.io/cluster/nocnoc-production": "owned",
              "managed-by": "terraform-aws-eks-blueprints"
            },
            "tags_all": {
              "Name": "nocnoc-production-managed-gpu-ondemand",
              "k8s.io/cluster-autoscaler/enabled": "TRUE",
              "k8s.io/cluster-autoscaler/nocnoc-production": "owned",
              "kubernetes.io/cluster/nocnoc-production": "owned",
              "managed-by": "terraform-aws-eks-blueprints"
            },
            "taint": [],
            "timeouts": {
              "create": "30m",
              "delete": "30m",
              "update": "2h"
            },
            "update_config": [
              {
                "max_unavailable": 1,
                "max_unavailable_percentage": 0
              }
            ],
            "version": "1.24"
          },
          "sensitive_attributes": [],
          "private": "eyJlMmJmYjczMC1lY2FhLTExZTYtOGY4OC0zNDM2M2JjN2M0YzAiOnsiY3JlYXRlIjoxODAwMDAwMDAwMDAwLCJkZWxldGUiOjE4MDAwMDAwMDAwMDAsInVwZGF0ZSI6NzIwMDAwMDAwMDAwMH19",
          "dependencies": [
            "data.terraform_remote_state.network",
            "module.eks.data.aws_eks_cluster_auth.this",
            "module.eks.module.eks_blueprints.data.aws_caller_identity.current",
            "module.eks.module.eks_blueprints.data.aws_eks_cluster.cluster",
            "module.eks.module.eks_blueprints.data.aws_iam_policy_document.eks_key",
            "module.eks.module.eks_blueprints.data.aws_partition.current",
            "module.eks.module.eks_blueprints.data.aws_region.current",
            "module.eks.module.eks_blueprints.data.http.eks_cluster_readiness",
            "module.eks.module.eks_blueprints.kubernetes_config_map.aws_auth",
            "module.eks.module.eks_blueprints.module.aws_eks.aws_cloudwatch_log_group.this",
            "module.eks.module.eks_blueprints.module.aws_eks.aws_eks_cluster.this",
            "module.eks.module.eks_blueprints.module.aws_eks.aws_iam_role.this",
            "module.eks.module.eks_blueprints.module.aws_eks.aws_iam_role_policy_attachment.this",
            "module.eks.module.eks_blueprints.module.aws_eks.aws_security_group.cluster",
            "module.eks.module.eks_blueprints.module.aws_eks.aws_security_group.node",
            "module.eks.module.eks_blueprints.module.aws_eks.aws_security_group_rule.cluster",
            "module.eks.module.eks_blueprints.module.aws_eks.aws_security_group_rule.node",
            "module.eks.module.eks_blueprints.module.aws_eks.data.aws_iam_policy_document.assume_role_policy",
            "module.eks.module.eks_blueprints.module.aws_eks.data.aws_partition.current",
            "module.eks.module.eks_blueprints.module.aws_eks.module.kms.aws_kms_external_key.this",
            "module.eks.module.eks_blueprints.module.aws_eks.module.kms.aws_kms_key.this",
            "module.eks.module.eks_blueprints.module.aws_eks_managed_node_groups.aws_iam_instance_profile.managed_ng",
            "module.eks.module.eks_blueprints.module.aws_eks_managed_node_groups.aws_iam_role.managed_ng",
            "module.eks.module.eks_blueprints.module.aws_eks_managed_node_groups.aws_iam_role_policy_attachment.managed_ng",
            "module.eks.module.eks_blueprints.module.aws_eks_managed_node_groups.aws_launch_template.managed_node_groups",
            "module.eks.module.eks_blueprints.module.aws_eks_managed_node_groups.data.aws_iam_policy_document.managed_ng_assume_role_policy",
            "module.eks.module.eks_blueprints.module.kms.aws_kms_key.this"
          ],
          "create_before_destroy": true
        }
      ]
    },
    {
      "module": "module.eks.module.eks_blueprints.module.aws_eks_managed_node_groups[\"mg_gpu\"]",
      "mode": "managed",
      "type": "aws_iam_instance_profile",
      "name": "managed_ng",
      "provider": "provider[\"registry.terraform.io/hashicorp/aws\"]",
      "instances": [
        {
          "index_key": 0,
          "schema_version": 0,
          "attributes": {
            "arn": "arn:aws:iam::431384414715:instance-profile/nocnoc-production-managed-gpu-ondemand",
            "create_date": "2022-12-22T09:33:57Z",
            "id": "nocnoc-production-managed-gpu-ondemand",
            "name": "nocnoc-production-managed-gpu-ondemand",
            "name_prefix": null,
            "path": "/",
            "role": "nocnoc-production-managed-gpu-ondemand",
            "tags": null,
            "tags_all": {},
            "unique_id": "AIPAWI4EDZH5UKKHRYECJ"
          },
          "sensitive_attributes": [],
          "private": "bnVsbA==",
          "dependencies": [
            "data.terraform_remote_state.network",
            "module.eks.data.aws_eks_cluster_auth.this",
            "module.eks.module.eks_blueprints.data.aws_caller_identity.current",
            "module.eks.module.eks_blueprints.data.aws_eks_cluster.cluster",
            "module.eks.module.eks_blueprints.data.aws_iam_policy_document.eks_key",
            "module.eks.module.eks_blueprints.data.aws_partition.current",
            "module.eks.module.eks_blueprints.data.aws_region.current",
            "module.eks.module.eks_blueprints.data.http.eks_cluster_readiness",
            "module.eks.module.eks_blueprints.kubernetes_config_map.aws_auth",
            "module.eks.module.eks_blueprints.module.aws_eks.aws_cloudwatch_log_group.this",
            "module.eks.module.eks_blueprints.module.aws_eks.aws_eks_cluster.this",
            "module.eks.module.eks_blueprints.module.aws_eks.aws_iam_role.this",
            "module.eks.module.eks_blueprints.module.aws_eks.aws_iam_role_policy_attachment.this",
            "module.eks.module.eks_blueprints.module.aws_eks.aws_security_group.cluster",
            "module.eks.module.eks_blueprints.module.aws_eks.aws_security_group.node",
            "module.eks.module.eks_blueprints.module.aws_eks.aws_security_group_rule.cluster",
            "module.eks.module.eks_blueprints.module.aws_eks.aws_security_group_rule.node",
            "module.eks.module.eks_blueprints.module.aws_eks.data.aws_iam_policy_document.assume_role_policy",
            "module.eks.module.eks_blueprints.module.aws_eks.data.aws_partition.current",
            "module.eks.module.eks_blueprints.module.aws_eks.module.kms.aws_kms_external_key.this",
            "module.eks.module.eks_blueprints.module.aws_eks.module.kms.aws_kms_key.this",
            "module.eks.module.eks_blueprints.module.aws_eks_managed_node_groups.aws_iam_role.managed_ng",
            "module.eks.module.eks_blueprints.module.aws_eks_managed_node_groups.data.aws_iam_policy_document.managed_ng_assume_role_policy",
            "module.eks.module.eks_blueprints.module.kms.aws_kms_key.this"
          ],
          "create_before_destroy": true
        }
      ]
    },
    {
      "module": "module.eks.module.eks_blueprints.module.aws_eks_managed_node_groups[\"mg_gpu\"]",
      "mode": "managed",
      "type": "aws_iam_role",
      "name": "managed_ng",
      "provider": "provider[\"registry.terraform.io/hashicorp/aws\"]",
      "instances": [
        {
          "index_key": 0,
          "schema_version": 0,
          "attributes": {
            "arn": "arn:aws:iam::431384414715:role/nocnoc-production-managed-gpu-ondemand",
            "assume_role_policy": "{\"Statement\":[{\"Action\":\"sts:AssumeRole\",\"Effect\":\"Allow\",\"Principal\":{\"Service\":\"ec2.amazonaws.com\"},\"Sid\":\"EKSWorkerAssumeRole\"}],\"Version\":\"2012-10-17\"}",
            "create_date": "2022-12-22T09:33:55Z",
            "description": "EKS Managed Node group IAM Role",
            "force_detach_policies": true,
            "id": "nocnoc-production-managed-gpu-ondemand",
            "inline_policy": [],
            "managed_policy_arns": [],
            "max_session_duration": 3600,
            "name": "nocnoc-production-managed-gpu-ondemand",
            "name_prefix": "",
            "path": "/",
            "permissions_boundary": null,
            "tags": null,
            "tags_all": {},
            "unique_id": "AROAWI4EDZH555O6QBVSE"
          },
          "sensitive_attributes": [],
          "private": "bnVsbA==",
          "dependencies": [
            "data.terraform_remote_state.network",
            "module.eks.data.aws_eks_cluster_auth.this",
            "module.eks.module.eks_blueprints.data.aws_caller_identity.current",
            "module.eks.module.eks_blueprints.data.aws_eks_cluster.cluster",
            "module.eks.module.eks_blueprints.data.aws_iam_policy_document.eks_key",
            "module.eks.module.eks_blueprints.data.aws_partition.current",
            "module.eks.module.eks_blueprints.data.aws_region.current",
            "module.eks.module.eks_blueprints.data.http.eks_cluster_readiness",
            "module.eks.module.eks_blueprints.kubernetes_config_map.aws_auth",
            "module.eks.module.eks_blueprints.module.aws_eks.aws_cloudwatch_log_group.this",
            "module.eks.module.eks_blueprints.module.aws_eks.aws_eks_cluster.this",
            "module.eks.module.eks_blueprints.module.aws_eks.aws_iam_role.this",
            "module.eks.module.eks_blueprints.module.aws_eks.aws_iam_role_policy_attachment.this",
            "module.eks.module.eks_blueprints.module.aws_eks.aws_security_group.cluster",
            "module.eks.module.eks_blueprints.module.aws_eks.aws_security_group.node",
            "module.eks.module.eks_blueprints.module.aws_eks.aws_security_group_rule.cluster",
            "module.eks.module.eks_blueprints.module.aws_eks.aws_security_group_rule.node",
            "module.eks.module.eks_blueprints.module.aws_eks.data.aws_iam_policy_document.assume_role_policy",
            "module.eks.module.eks_blueprints.module.aws_eks.data.aws_partition.current",
            "module.eks.module.eks_blueprints.module.aws_eks.module.kms.aws_kms_external_key.this",
            "module.eks.module.eks_blueprints.module.aws_eks.module.kms.aws_kms_key.this",
            "module.eks.module.eks_blueprints.module.aws_eks_managed_node_groups.data.aws_iam_policy_document.managed_ng_assume_role_policy",
            "module.eks.module.eks_blueprints.module.kms.aws_kms_key.this"
          ],
          "create_before_destroy": true
        }
      ]
    },
    {
      "module": "module.eks.module.eks_blueprints.module.aws_eks_managed_node_groups[\"mg_gpu\"]",
      "mode": "managed",
      "type": "aws_iam_role_policy_attachment",
      "name": "managed_ng",
      "provider": "provider[\"registry.terraform.io/hashicorp/aws\"]",
      "instances": [
        {
          "index_key": "arn:aws:iam::aws:policy/AmazonEC2ContainerRegistryReadOnly",
          "schema_version": 0,
          "attributes": {
            "id": "nocnoc-production-managed-gpu-ondemand-20221222093357346000000005",
            "policy_arn": "arn:aws:iam::aws:policy/AmazonEC2ContainerRegistryReadOnly",
            "role": "nocnoc-production-managed-gpu-ondemand"
          },
          "sensitive_attributes": [],
          "private": "bnVsbA==",
          "dependencies": [
            "data.terraform_remote_state.network",
            "module.eks.data.aws_eks_cluster_auth.this",
            "module.eks.module.eks_blueprints.data.aws_caller_identity.current",
            "module.eks.module.eks_blueprints.data.aws_eks_cluster.cluster",
            "module.eks.module.eks_blueprints.data.aws_iam_policy_document.eks_key",
            "module.eks.module.eks_blueprints.data.aws_partition.current",
            "module.eks.module.eks_blueprints.data.aws_region.current",
            "module.eks.module.eks_blueprints.data.http.eks_cluster_readiness",
            "module.eks.module.eks_blueprints.kubernetes_config_map.aws_auth",
            "module.eks.module.eks_blueprints.module.aws_eks.aws_cloudwatch_log_group.this",
            "module.eks.module.eks_blueprints.module.aws_eks.aws_eks_cluster.this",
            "module.eks.module.eks_blueprints.module.aws_eks.aws_iam_role.this",
            "module.eks.module.eks_blueprints.module.aws_eks.aws_iam_role_policy_attachment.this",
            "module.eks.module.eks_blueprints.module.aws_eks.aws_security_group.cluster",
            "module.eks.module.eks_blueprints.module.aws_eks.aws_security_group.node",
            "module.eks.module.eks_blueprints.module.aws_eks.aws_security_group_rule.cluster",
            "module.eks.module.eks_blueprints.module.aws_eks.aws_security_group_rule.node",
            "module.eks.module.eks_blueprints.module.aws_eks.data.aws_iam_policy_document.assume_role_policy",
            "module.eks.module.eks_blueprints.module.aws_eks.data.aws_partition.current",
            "module.eks.module.eks_blueprints.module.aws_eks.module.kms.aws_kms_external_key.this",
            "module.eks.module.eks_blueprints.module.aws_eks.module.kms.aws_kms_key.this",
            "module.eks.module.eks_blueprints.module.aws_eks_managed_node_groups.aws_iam_role.managed_ng",
            "module.eks.module.eks_blueprints.module.aws_eks_managed_node_groups.data.aws_iam_policy_document.managed_ng_assume_role_policy",
            "module.eks.module.eks_blueprints.module.kms.aws_kms_key.this"
          ],
          "create_before_destroy": true
        },
        {
          "index_key": "arn:aws:iam::aws:policy/AmazonEKSWorkerNodePolicy",
          "schema_version": 0,
          "attributes": {
            "id": "nocnoc-production-managed-gpu-ondemand-20221222093357367700000006",
            "policy_arn": "arn:aws:iam::aws:policy/AmazonEKSWorkerNodePolicy",
            "role": "nocnoc-production-managed-gpu-ondemand"
          },
          "sensitive_attributes": [],
          "private": "bnVsbA==",
          "dependencies": [
            "data.terraform_remote_state.network",
            "module.eks.data.aws_eks_cluster_auth.this",
            "module.eks.module.eks_blueprints.data.aws_caller_identity.current",
            "module.eks.module.eks_blueprints.data.aws_eks_cluster.cluster",
            "module.eks.module.eks_blueprints.data.aws_iam_policy_document.eks_key",
            "module.eks.module.eks_blueprints.data.aws_partition.current",
            "module.eks.module.eks_blueprints.data.aws_region.current",
            "module.eks.module.eks_blueprints.data.http.eks_cluster_readiness",
            "module.eks.module.eks_blueprints.kubernetes_config_map.aws_auth",
            "module.eks.module.eks_blueprints.module.aws_eks.aws_cloudwatch_log_group.this",
            "module.eks.module.eks_blueprints.module.aws_eks.aws_eks_cluster.this",
            "module.eks.module.eks_blueprints.module.aws_eks.aws_iam_role.this",
            "module.eks.module.eks_blueprints.module.aws_eks.aws_iam_role_policy_attachment.this",
            "module.eks.module.eks_blueprints.module.aws_eks.aws_security_group.cluster",
            "module.eks.module.eks_blueprints.module.aws_eks.aws_security_group.node",
            "module.eks.module.eks_blueprints.module.aws_eks.aws_security_group_rule.cluster",
            "module.eks.module.eks_blueprints.module.aws_eks.aws_security_group_rule.node",
            "module.eks.module.eks_blueprints.module.aws_eks.data.aws_iam_policy_document.assume_role_policy",
            "module.eks.module.eks_blueprints.module.aws_eks.data.aws_partition.current",
            "module.eks.module.eks_blueprints.module.aws_eks.module.kms.aws_kms_external_key.this",
            "module.eks.module.eks_blueprints.module.aws_eks.module.kms.aws_kms_key.this",
            "module.eks.module.eks_blueprints.module.aws_eks_managed_node_groups.aws_iam_role.managed_ng",
            "module.eks.module.eks_blueprints.module.aws_eks_managed_node_groups.data.aws_iam_policy_document.managed_ng_assume_role_policy",
            "module.eks.module.eks_blueprints.module.kms.aws_kms_key.this"
          ],
          "create_before_destroy": true
        },
        {
          "index_key": "arn:aws:iam::aws:policy/AmazonEKS_CNI_Policy",
          "schema_version": 0,
          "attributes": {
            "id": "nocnoc-production-managed-gpu-ondemand-20221222093357473200000007",
            "policy_arn": "arn:aws:iam::aws:policy/AmazonEKS_CNI_Policy",
            "role": "nocnoc-production-managed-gpu-ondemand"
          },
          "sensitive_attributes": [],
          "private": "bnVsbA==",
          "dependencies": [
            "data.terraform_remote_state.network",
            "module.eks.data.aws_eks_cluster_auth.this",
            "module.eks.module.eks_blueprints.data.aws_caller_identity.current",
            "module.eks.module.eks_blueprints.data.aws_eks_cluster.cluster",
            "module.eks.module.eks_blueprints.data.aws_iam_policy_document.eks_key",
            "module.eks.module.eks_blueprints.data.aws_partition.current",
            "module.eks.module.eks_blueprints.data.aws_region.current",
            "module.eks.module.eks_blueprints.data.http.eks_cluster_readiness",
            "module.eks.module.eks_blueprints.kubernetes_config_map.aws_auth",
            "module.eks.module.eks_blueprints.module.aws_eks.aws_cloudwatch_log_group.this",
            "module.eks.module.eks_blueprints.module.aws_eks.aws_eks_cluster.this",
            "module.eks.module.eks_blueprints.module.aws_eks.aws_iam_role.this",
            "module.eks.module.eks_blueprints.module.aws_eks.aws_iam_role_policy_attachment.this",
            "module.eks.module.eks_blueprints.module.aws_eks.aws_security_group.cluster",
            "module.eks.module.eks_blueprints.module.aws_eks.aws_security_group.node",
            "module.eks.module.eks_blueprints.module.aws_eks.aws_security_group_rule.cluster",
            "module.eks.module.eks_blueprints.module.aws_eks.aws_security_group_rule.node",
            "module.eks.module.eks_blueprints.module.aws_eks.data.aws_iam_policy_document.assume_role_policy",
            "module.eks.module.eks_blueprints.module.aws_eks.data.aws_partition.current",
            "module.eks.module.eks_blueprints.module.aws_eks.module.kms.aws_kms_external_key.this",
            "module.eks.module.eks_blueprints.module.aws_eks.module.kms.aws_kms_key.this",
            "module.eks.module.eks_blueprints.module.aws_eks_managed_node_groups.aws_iam_role.managed_ng",
            "module.eks.module.eks_blueprints.module.aws_eks_managed_node_groups.data.aws_iam_policy_document.managed_ng_assume_role_policy",
            "module.eks.module.eks_blueprints.module.kms.aws_kms_key.this"
          ],
          "create_before_destroy": true
        },
        {
          "index_key": "arn:aws:iam::aws:policy/AmazonSSMManagedInstanceCore",
          "schema_version": 0,
          "attributes": {
            "id": "nocnoc-production-managed-gpu-ondemand-20221222093358043400000008",
            "policy_arn": "arn:aws:iam::aws:policy/AmazonSSMManagedInstanceCore",
            "role": "nocnoc-production-managed-gpu-ondemand"
          },
          "sensitive_attributes": [],
          "private": "bnVsbA==",
          "dependencies": [
            "data.terraform_remote_state.network",
            "module.eks.data.aws_eks_cluster_auth.this",
            "module.eks.module.eks_blueprints.data.aws_caller_identity.current",
            "module.eks.module.eks_blueprints.data.aws_eks_cluster.cluster",
            "module.eks.module.eks_blueprints.data.aws_iam_policy_document.eks_key",
            "module.eks.module.eks_blueprints.data.aws_partition.current",
            "module.eks.module.eks_blueprints.data.aws_region.current",
            "module.eks.module.eks_blueprints.data.http.eks_cluster_readiness",
            "module.eks.module.eks_blueprints.kubernetes_config_map.aws_auth",
            "module.eks.module.eks_blueprints.module.aws_eks.aws_cloudwatch_log_group.this",
            "module.eks.module.eks_blueprints.module.aws_eks.aws_eks_cluster.this",
            "module.eks.module.eks_blueprints.module.aws_eks.aws_iam_role.this",
            "module.eks.module.eks_blueprints.module.aws_eks.aws_iam_role_policy_attachment.this",
            "module.eks.module.eks_blueprints.module.aws_eks.aws_security_group.cluster",
            "module.eks.module.eks_blueprints.module.aws_eks.aws_security_group.node",
            "module.eks.module.eks_blueprints.module.aws_eks.aws_security_group_rule.cluster",
            "module.eks.module.eks_blueprints.module.aws_eks.aws_security_group_rule.node",
            "module.eks.module.eks_blueprints.module.aws_eks.data.aws_iam_policy_document.assume_role_policy",
            "module.eks.module.eks_blueprints.module.aws_eks.data.aws_partition.current",
            "module.eks.module.eks_blueprints.module.aws_eks.module.kms.aws_kms_external_key.this",
            "module.eks.module.eks_blueprints.module.aws_eks.module.kms.aws_kms_key.this",
            "module.eks.module.eks_blueprints.module.aws_eks_managed_node_groups.aws_iam_role.managed_ng",
            "module.eks.module.eks_blueprints.module.aws_eks_managed_node_groups.data.aws_iam_policy_document.managed_ng_assume_role_policy",
            "module.eks.module.eks_blueprints.module.kms.aws_kms_key.this"
          ],
          "create_before_destroy": true
        }
      ]
    },
    {
      "module": "module.eks.module.eks_blueprints.module.aws_eks_managed_node_groups[\"mg_gpu\"]",
      "mode": "managed",
      "type": "aws_launch_template",
      "name": "managed_node_groups",
      "provider": "provider[\"registry.terraform.io/hashicorp/aws\"]",
      "instances": []
    },
    {
      "module": "module.eks.module.eks_blueprints.module.aws_eks_managed_node_groups[\"mg_ondemand\"]",
      "mode": "data",
      "type": "aws_iam_policy_document",
      "name": "managed_ng_assume_role_policy",
      "provider": "provider[\"registry.terraform.io/hashicorp/aws\"]",
      "instances": [
        {
          "schema_version": 0,
          "attributes": {
            "id": "3778018924",
            "json": "{\n  \"Version\": \"2012-10-17\",\n  \"Statement\": [\n    {\n      \"Sid\": \"EKSWorkerAssumeRole\",\n      \"Effect\": \"Allow\",\n      \"Action\": \"sts:AssumeRole\",\n      \"Principal\": {\n        \"Service\": \"ec2.amazonaws.com\"\n      }\n    }\n  ]\n}",
            "override_json": null,
            "override_policy_documents": null,
            "policy_id": null,
            "source_json": null,
            "source_policy_documents": null,
            "statement": [
              {
                "actions": [
                  "sts:AssumeRole"
                ],
                "condition": [],
                "effect": "Allow",
                "not_actions": [],
                "not_principals": [],
                "not_resources": [],
                "principals": [
                  {
                    "identifiers": [
                      "ec2.amazonaws.com"
                    ],
                    "type": "Service"
                  }
                ],
                "resources": [],
                "sid": "EKSWorkerAssumeRole"
              }
            ],
            "version": "2012-10-17"
          },
          "sensitive_attributes": []
        }
      ]
    },
    {
      "module": "module.eks.module.eks_blueprints.module.aws_eks_managed_node_groups[\"mg_ondemand\"]",
      "mode": "managed",
      "type": "aws_eks_node_group",
      "name": "managed_ng",
      "provider": "provider[\"registry.terraform.io/hashicorp/aws\"]",
      "instances": [
        {
          "status": "tainted",
          "schema_version": 0,
          "attributes": {
            "ami_type": "AL2_x86_64",
            "arn": null,
            "capacity_type": "ON_DEMAND",
            "cluster_name": "nocnoc-production",
            "disk_size": 50,
            "force_update_version": null,
            "id": "nocnoc-production:managed-spot-ondemand-2022122209335945970000000f",
            "instance_types": [
              "t3.medium"
            ],
            "labels": null,
            "launch_template": [],
            "node_group_name": null,
            "node_group_name_prefix": "managed-spot-ondemand-",
            "node_role_arn": "arn:aws:iam::431384414715:role/nocnoc-production-managed-spot-ondemand",
            "release_version": null,
            "remote_access": [],
            "resources": null,
            "scaling_config": [
              {
                "desired_size": 3,
                "max_size": 9,
                "min_size": 3
              }
            ],
            "status": null,
            "subnet_ids": [
              "subnet-003bba4eb3dcbe47c",
              "subnet-03b8fad679562155f",
              "subnet-0f6a132300d4ad972"
            ],
            "tags": {
              "Name": "nocnoc-production-managed-spot-ondemand",
              "k8s.io/cluster-autoscaler/enabled": "TRUE",
              "k8s.io/cluster-autoscaler/nocnoc-production": "owned",
              "kubernetes.io/cluster/nocnoc-production": "owned",
              "managed-by": "terraform-aws-eks-blueprints"
            },
            "tags_all": {
              "Name": "nocnoc-production-managed-spot-ondemand",
              "k8s.io/cluster-autoscaler/enabled": "TRUE",
              "k8s.io/cluster-autoscaler/nocnoc-production": "owned",
              "kubernetes.io/cluster/nocnoc-production": "owned",
              "managed-by": "terraform-aws-eks-blueprints"
            },
            "taint": [],
            "timeouts": {
              "create": "30m",
              "delete": "30m",
              "update": "2h"
            },
            "update_config": [
              {
                "max_unavailable": 1,
                "max_unavailable_percentage": 0
              }
            ],
            "version": "1.24"
          },
          "sensitive_attributes": [],
          "private": "eyJlMmJmYjczMC1lY2FhLTExZTYtOGY4OC0zNDM2M2JjN2M0YzAiOnsiY3JlYXRlIjoxODAwMDAwMDAwMDAwLCJkZWxldGUiOjE4MDAwMDAwMDAwMDAsInVwZGF0ZSI6NzIwMDAwMDAwMDAwMH19",
          "dependencies": [
            "data.terraform_remote_state.network",
            "module.eks.data.aws_eks_cluster_auth.this",
            "module.eks.module.eks_blueprints.data.aws_caller_identity.current",
            "module.eks.module.eks_blueprints.data.aws_eks_cluster.cluster",
            "module.eks.module.eks_blueprints.data.aws_iam_policy_document.eks_key",
            "module.eks.module.eks_blueprints.data.aws_partition.current",
            "module.eks.module.eks_blueprints.data.aws_region.current",
            "module.eks.module.eks_blueprints.data.http.eks_cluster_readiness",
            "module.eks.module.eks_blueprints.kubernetes_config_map.aws_auth",
            "module.eks.module.eks_blueprints.module.aws_eks.aws_cloudwatch_log_group.this",
            "module.eks.module.eks_blueprints.module.aws_eks.aws_eks_cluster.this",
            "module.eks.module.eks_blueprints.module.aws_eks.aws_iam_role.this",
            "module.eks.module.eks_blueprints.module.aws_eks.aws_iam_role_policy_attachment.this",
            "module.eks.module.eks_blueprints.module.aws_eks.aws_security_group.cluster",
            "module.eks.module.eks_blueprints.module.aws_eks.aws_security_group.node",
            "module.eks.module.eks_blueprints.module.aws_eks.aws_security_group_rule.cluster",
            "module.eks.module.eks_blueprints.module.aws_eks.aws_security_group_rule.node",
            "module.eks.module.eks_blueprints.module.aws_eks.data.aws_iam_policy_document.assume_role_policy",
            "module.eks.module.eks_blueprints.module.aws_eks.data.aws_partition.current",
            "module.eks.module.eks_blueprints.module.aws_eks.module.kms.aws_kms_external_key.this",
            "module.eks.module.eks_blueprints.module.aws_eks.module.kms.aws_kms_key.this",
            "module.eks.module.eks_blueprints.module.aws_eks_managed_node_groups.aws_iam_instance_profile.managed_ng",
            "module.eks.module.eks_blueprints.module.aws_eks_managed_node_groups.aws_iam_role.managed_ng",
            "module.eks.module.eks_blueprints.module.aws_eks_managed_node_groups.aws_iam_role_policy_attachment.managed_ng",
            "module.eks.module.eks_blueprints.module.aws_eks_managed_node_groups.aws_launch_template.managed_node_groups",
            "module.eks.module.eks_blueprints.module.aws_eks_managed_node_groups.data.aws_iam_policy_document.managed_ng_assume_role_policy",
            "module.eks.module.eks_blueprints.module.kms.aws_kms_key.this"
          ],
          "create_before_destroy": true
        }
      ]
    },
    {
      "module": "module.eks.module.eks_blueprints.module.aws_eks_managed_node_groups[\"mg_ondemand\"]",
      "mode": "managed",
      "type": "aws_iam_instance_profile",
      "name": "managed_ng",
      "provider": "provider[\"registry.terraform.io/hashicorp/aws\"]",
      "instances": [
        {
          "index_key": 0,
          "schema_version": 0,
          "attributes": {
            "arn": "arn:aws:iam::431384414715:instance-profile/nocnoc-production-managed-spot-ondemand",
            "create_date": "2022-12-22T09:33:58Z",
            "id": "nocnoc-production-managed-spot-ondemand",
            "name": "nocnoc-production-managed-spot-ondemand",
            "name_prefix": null,
            "path": "/",
            "role": "nocnoc-production-managed-spot-ondemand",
            "tags": null,
            "tags_all": {},
            "unique_id": "AIPAWI4EDZH5RRRH2JTFY"
          },
          "sensitive_attributes": [],
          "private": "bnVsbA==",
          "dependencies": [
            "data.terraform_remote_state.network",
            "module.eks.data.aws_eks_cluster_auth.this",
            "module.eks.module.eks_blueprints.data.aws_caller_identity.current",
            "module.eks.module.eks_blueprints.data.aws_eks_cluster.cluster",
            "module.eks.module.eks_blueprints.data.aws_iam_policy_document.eks_key",
            "module.eks.module.eks_blueprints.data.aws_partition.current",
            "module.eks.module.eks_blueprints.data.aws_region.current",
            "module.eks.module.eks_blueprints.data.http.eks_cluster_readiness",
            "module.eks.module.eks_blueprints.kubernetes_config_map.aws_auth",
            "module.eks.module.eks_blueprints.module.aws_eks.aws_cloudwatch_log_group.this",
            "module.eks.module.eks_blueprints.module.aws_eks.aws_eks_cluster.this",
            "module.eks.module.eks_blueprints.module.aws_eks.aws_iam_role.this",
            "module.eks.module.eks_blueprints.module.aws_eks.aws_iam_role_policy_attachment.this",
            "module.eks.module.eks_blueprints.module.aws_eks.aws_security_group.cluster",
            "module.eks.module.eks_blueprints.module.aws_eks.aws_security_group.node",
            "module.eks.module.eks_blueprints.module.aws_eks.aws_security_group_rule.cluster",
            "module.eks.module.eks_blueprints.module.aws_eks.aws_security_group_rule.node",
            "module.eks.module.eks_blueprints.module.aws_eks.data.aws_iam_policy_document.assume_role_policy",
            "module.eks.module.eks_blueprints.module.aws_eks.data.aws_partition.current",
            "module.eks.module.eks_blueprints.module.aws_eks.module.kms.aws_kms_external_key.this",
            "module.eks.module.eks_blueprints.module.aws_eks.module.kms.aws_kms_key.this",
            "module.eks.module.eks_blueprints.module.aws_eks_managed_node_groups.aws_iam_role.managed_ng",
            "module.eks.module.eks_blueprints.module.aws_eks_managed_node_groups.data.aws_iam_policy_document.managed_ng_assume_role_policy",
            "module.eks.module.eks_blueprints.module.kms.aws_kms_key.this"
          ],
          "create_before_destroy": true
        }
      ]
    },
    {
      "module": "module.eks.module.eks_blueprints.module.aws_eks_managed_node_groups[\"mg_ondemand\"]",
      "mode": "managed",
      "type": "aws_iam_role",
      "name": "managed_ng",
      "provider": "provider[\"registry.terraform.io/hashicorp/aws\"]",
      "instances": [
        {
          "index_key": 0,
          "schema_version": 0,
          "attributes": {
            "arn": "arn:aws:iam::431384414715:role/nocnoc-production-managed-spot-ondemand",
            "assume_role_policy": "{\"Statement\":[{\"Action\":\"sts:AssumeRole\",\"Effect\":\"Allow\",\"Principal\":{\"Service\":\"ec2.amazonaws.com\"},\"Sid\":\"EKSWorkerAssumeRole\"}],\"Version\":\"2012-10-17\"}",
            "create_date": "2022-12-22T09:33:55Z",
            "description": "EKS Managed Node group IAM Role",
            "force_detach_policies": true,
            "id": "nocnoc-production-managed-spot-ondemand",
            "inline_policy": [],
            "managed_policy_arns": [],
            "max_session_duration": 3600,
            "name": "nocnoc-production-managed-spot-ondemand",
            "name_prefix": "",
            "path": "/",
            "permissions_boundary": null,
            "tags": null,
            "tags_all": {},
            "unique_id": "AROAWI4EDZH5SYJ5XZ7MK"
          },
          "sensitive_attributes": [],
          "private": "bnVsbA==",
          "dependencies": [
            "data.terraform_remote_state.network",
            "module.eks.data.aws_eks_cluster_auth.this",
            "module.eks.module.eks_blueprints.data.aws_caller_identity.current",
            "module.eks.module.eks_blueprints.data.aws_eks_cluster.cluster",
            "module.eks.module.eks_blueprints.data.aws_iam_policy_document.eks_key",
            "module.eks.module.eks_blueprints.data.aws_partition.current",
            "module.eks.module.eks_blueprints.data.aws_region.current",
            "module.eks.module.eks_blueprints.data.http.eks_cluster_readiness",
            "module.eks.module.eks_blueprints.kubernetes_config_map.aws_auth",
            "module.eks.module.eks_blueprints.module.aws_eks.aws_cloudwatch_log_group.this",
            "module.eks.module.eks_blueprints.module.aws_eks.aws_eks_cluster.this",
            "module.eks.module.eks_blueprints.module.aws_eks.aws_iam_role.this",
            "module.eks.module.eks_blueprints.module.aws_eks.aws_iam_role_policy_attachment.this",
            "module.eks.module.eks_blueprints.module.aws_eks.aws_security_group.cluster",
            "module.eks.module.eks_blueprints.module.aws_eks.aws_security_group.node",
            "module.eks.module.eks_blueprints.module.aws_eks.aws_security_group_rule.cluster",
            "module.eks.module.eks_blueprints.module.aws_eks.aws_security_group_rule.node",
            "module.eks.module.eks_blueprints.module.aws_eks.data.aws_iam_policy_document.assume_role_policy",
            "module.eks.module.eks_blueprints.module.aws_eks.data.aws_partition.current",
            "module.eks.module.eks_blueprints.module.aws_eks.module.kms.aws_kms_external_key.this",
            "module.eks.module.eks_blueprints.module.aws_eks.module.kms.aws_kms_key.this",
            "module.eks.module.eks_blueprints.module.aws_eks_managed_node_groups.data.aws_iam_policy_document.managed_ng_assume_role_policy",
            "module.eks.module.eks_blueprints.module.kms.aws_kms_key.this"
          ],
          "create_before_destroy": true
        }
      ]
    },
    {
      "module": "module.eks.module.eks_blueprints.module.aws_eks_managed_node_groups[\"mg_ondemand\"]",
      "mode": "managed",
      "type": "aws_iam_role_policy_attachment",
      "name": "managed_ng",
      "provider": "provider[\"registry.terraform.io/hashicorp/aws\"]",
      "instances": [
        {
          "index_key": "arn:aws:iam::aws:policy/AmazonEC2ContainerRegistryReadOnly",
          "schema_version": 0,
          "attributes": {
            "id": "nocnoc-production-managed-spot-ondemand-2022122209335875120000000e",
            "policy_arn": "arn:aws:iam::aws:policy/AmazonEC2ContainerRegistryReadOnly",
            "role": "nocnoc-production-managed-spot-ondemand"
          },
          "sensitive_attributes": [],
          "private": "bnVsbA==",
          "dependencies": [
            "data.terraform_remote_state.network",
            "module.eks.data.aws_eks_cluster_auth.this",
            "module.eks.module.eks_blueprints.data.aws_caller_identity.current",
            "module.eks.module.eks_blueprints.data.aws_eks_cluster.cluster",
            "module.eks.module.eks_blueprints.data.aws_iam_policy_document.eks_key",
            "module.eks.module.eks_blueprints.data.aws_partition.current",
            "module.eks.module.eks_blueprints.data.aws_region.current",
            "module.eks.module.eks_blueprints.data.http.eks_cluster_readiness",
            "module.eks.module.eks_blueprints.kubernetes_config_map.aws_auth",
            "module.eks.module.eks_blueprints.module.aws_eks.aws_cloudwatch_log_group.this",
            "module.eks.module.eks_blueprints.module.aws_eks.aws_eks_cluster.this",
            "module.eks.module.eks_blueprints.module.aws_eks.aws_iam_role.this",
            "module.eks.module.eks_blueprints.module.aws_eks.aws_iam_role_policy_attachment.this",
            "module.eks.module.eks_blueprints.module.aws_eks.aws_security_group.cluster",
            "module.eks.module.eks_blueprints.module.aws_eks.aws_security_group.node",
            "module.eks.module.eks_blueprints.module.aws_eks.aws_security_group_rule.cluster",
            "module.eks.module.eks_blueprints.module.aws_eks.aws_security_group_rule.node",
            "module.eks.module.eks_blueprints.module.aws_eks.data.aws_iam_policy_document.assume_role_policy",
            "module.eks.module.eks_blueprints.module.aws_eks.data.aws_partition.current",
            "module.eks.module.eks_blueprints.module.aws_eks.module.kms.aws_kms_external_key.this",
            "module.eks.module.eks_blueprints.module.aws_eks.module.kms.aws_kms_key.this",
            "module.eks.module.eks_blueprints.module.aws_eks_managed_node_groups.aws_iam_role.managed_ng",
            "module.eks.module.eks_blueprints.module.aws_eks_managed_node_groups.data.aws_iam_policy_document.managed_ng_assume_role_policy",
            "module.eks.module.eks_blueprints.module.kms.aws_kms_key.this"
          ],
          "create_before_destroy": true
        },
        {
          "index_key": "arn:aws:iam::aws:policy/AmazonEKSWorkerNodePolicy",
          "schema_version": 0,
          "attributes": {
            "id": "nocnoc-production-managed-spot-ondemand-2022122209335839080000000b",
            "policy_arn": "arn:aws:iam::aws:policy/AmazonEKSWorkerNodePolicy",
            "role": "nocnoc-production-managed-spot-ondemand"
          },
          "sensitive_attributes": [],
          "private": "bnVsbA==",
          "dependencies": [
            "data.terraform_remote_state.network",
            "module.eks.data.aws_eks_cluster_auth.this",
            "module.eks.module.eks_blueprints.data.aws_caller_identity.current",
            "module.eks.module.eks_blueprints.data.aws_eks_cluster.cluster",
            "module.eks.module.eks_blueprints.data.aws_iam_policy_document.eks_key",
            "module.eks.module.eks_blueprints.data.aws_partition.current",
            "module.eks.module.eks_blueprints.data.aws_region.current",
            "module.eks.module.eks_blueprints.data.http.eks_cluster_readiness",
            "module.eks.module.eks_blueprints.kubernetes_config_map.aws_auth",
            "module.eks.module.eks_blueprints.module.aws_eks.aws_cloudwatch_log_group.this",
            "module.eks.module.eks_blueprints.module.aws_eks.aws_eks_cluster.this",
            "module.eks.module.eks_blueprints.module.aws_eks.aws_iam_role.this",
            "module.eks.module.eks_blueprints.module.aws_eks.aws_iam_role_policy_attachment.this",
            "module.eks.module.eks_blueprints.module.aws_eks.aws_security_group.cluster",
            "module.eks.module.eks_blueprints.module.aws_eks.aws_security_group.node",
            "module.eks.module.eks_blueprints.module.aws_eks.aws_security_group_rule.cluster",
            "module.eks.module.eks_blueprints.module.aws_eks.aws_security_group_rule.node",
            "module.eks.module.eks_blueprints.module.aws_eks.data.aws_iam_policy_document.assume_role_policy",
            "module.eks.module.eks_blueprints.module.aws_eks.data.aws_partition.current",
            "module.eks.module.eks_blueprints.module.aws_eks.module.kms.aws_kms_external_key.this",
            "module.eks.module.eks_blueprints.module.aws_eks.module.kms.aws_kms_key.this",
            "module.eks.module.eks_blueprints.module.aws_eks_managed_node_groups.aws_iam_role.managed_ng",
            "module.eks.module.eks_blueprints.module.aws_eks_managed_node_groups.data.aws_iam_policy_document.managed_ng_assume_role_policy",
            "module.eks.module.eks_blueprints.module.kms.aws_kms_key.this"
          ],
          "create_before_destroy": true
        },
        {
          "index_key": "arn:aws:iam::aws:policy/AmazonEKS_CNI_Policy",
          "schema_version": 0,
          "attributes": {
            "id": "nocnoc-production-managed-spot-ondemand-20221222093358058600000009",
            "policy_arn": "arn:aws:iam::aws:policy/AmazonEKS_CNI_Policy",
            "role": "nocnoc-production-managed-spot-ondemand"
          },
          "sensitive_attributes": [],
          "private": "bnVsbA==",
          "dependencies": [
            "data.terraform_remote_state.network",
            "module.eks.data.aws_eks_cluster_auth.this",
            "module.eks.module.eks_blueprints.data.aws_caller_identity.current",
            "module.eks.module.eks_blueprints.data.aws_eks_cluster.cluster",
            "module.eks.module.eks_blueprints.data.aws_iam_policy_document.eks_key",
            "module.eks.module.eks_blueprints.data.aws_partition.current",
            "module.eks.module.eks_blueprints.data.aws_region.current",
            "module.eks.module.eks_blueprints.data.http.eks_cluster_readiness",
            "module.eks.module.eks_blueprints.kubernetes_config_map.aws_auth",
            "module.eks.module.eks_blueprints.module.aws_eks.aws_cloudwatch_log_group.this",
            "module.eks.module.eks_blueprints.module.aws_eks.aws_eks_cluster.this",
            "module.eks.module.eks_blueprints.module.aws_eks.aws_iam_role.this",
            "module.eks.module.eks_blueprints.module.aws_eks.aws_iam_role_policy_attachment.this",
            "module.eks.module.eks_blueprints.module.aws_eks.aws_security_group.cluster",
            "module.eks.module.eks_blueprints.module.aws_eks.aws_security_group.node",
            "module.eks.module.eks_blueprints.module.aws_eks.aws_security_group_rule.cluster",
            "module.eks.module.eks_blueprints.module.aws_eks.aws_security_group_rule.node",
            "module.eks.module.eks_blueprints.module.aws_eks.data.aws_iam_policy_document.assume_role_policy",
            "module.eks.module.eks_blueprints.module.aws_eks.data.aws_partition.current",
            "module.eks.module.eks_blueprints.module.aws_eks.module.kms.aws_kms_external_key.this",
            "module.eks.module.eks_blueprints.module.aws_eks.module.kms.aws_kms_key.this",
            "module.eks.module.eks_blueprints.module.aws_eks_managed_node_groups.aws_iam_role.managed_ng",
            "module.eks.module.eks_blueprints.module.aws_eks_managed_node_groups.data.aws_iam_policy_document.managed_ng_assume_role_policy",
            "module.eks.module.eks_blueprints.module.kms.aws_kms_key.this"
          ],
          "create_before_destroy": true
        },
        {
          "index_key": "arn:aws:iam::aws:policy/AmazonSSMManagedInstanceCore",
          "schema_version": 0,
          "attributes": {
            "id": "nocnoc-production-managed-spot-ondemand-2022122209335818940000000a",
            "policy_arn": "arn:aws:iam::aws:policy/AmazonSSMManagedInstanceCore",
            "role": "nocnoc-production-managed-spot-ondemand"
          },
          "sensitive_attributes": [],
          "private": "bnVsbA==",
          "dependencies": [
            "data.terraform_remote_state.network",
            "module.eks.data.aws_eks_cluster_auth.this",
            "module.eks.module.eks_blueprints.data.aws_caller_identity.current",
            "module.eks.module.eks_blueprints.data.aws_eks_cluster.cluster",
            "module.eks.module.eks_blueprints.data.aws_iam_policy_document.eks_key",
            "module.eks.module.eks_blueprints.data.aws_partition.current",
            "module.eks.module.eks_blueprints.data.aws_region.current",
            "module.eks.module.eks_blueprints.data.http.eks_cluster_readiness",
            "module.eks.module.eks_blueprints.kubernetes_config_map.aws_auth",
            "module.eks.module.eks_blueprints.module.aws_eks.aws_cloudwatch_log_group.this",
            "module.eks.module.eks_blueprints.module.aws_eks.aws_eks_cluster.this",
            "module.eks.module.eks_blueprints.module.aws_eks.aws_iam_role.this",
            "module.eks.module.eks_blueprints.module.aws_eks.aws_iam_role_policy_attachment.this",
            "module.eks.module.eks_blueprints.module.aws_eks.aws_security_group.cluster",
            "module.eks.module.eks_blueprints.module.aws_eks.aws_security_group.node",
            "module.eks.module.eks_blueprints.module.aws_eks.aws_security_group_rule.cluster",
            "module.eks.module.eks_blueprints.module.aws_eks.aws_security_group_rule.node",
            "module.eks.module.eks_blueprints.module.aws_eks.data.aws_iam_policy_document.assume_role_policy",
            "module.eks.module.eks_blueprints.module.aws_eks.data.aws_partition.current",
            "module.eks.module.eks_blueprints.module.aws_eks.module.kms.aws_kms_external_key.this",
            "module.eks.module.eks_blueprints.module.aws_eks.module.kms.aws_kms_key.this",
            "module.eks.module.eks_blueprints.module.aws_eks_managed_node_groups.aws_iam_role.managed_ng",
            "module.eks.module.eks_blueprints.module.aws_eks_managed_node_groups.data.aws_iam_policy_document.managed_ng_assume_role_policy",
            "module.eks.module.eks_blueprints.module.kms.aws_kms_key.this"
          ],
          "create_before_destroy": true
        }
      ]
    },
    {
      "module": "module.eks.module.eks_blueprints.module.aws_eks_managed_node_groups[\"mg_ondemand\"]",
      "mode": "managed",
      "type": "aws_launch_template",
      "name": "managed_node_groups",
      "provider": "provider[\"registry.terraform.io/hashicorp/aws\"]",
      "instances": []
    },
    {
      "module": "module.eks.module.eks_blueprints.module.kms[0]",
      "mode": "managed",
      "type": "aws_kms_alias",
      "name": "this",
      "provider": "provider[\"registry.terraform.io/hashicorp/aws\"]",
      "instances": [
        {
          "schema_version": 0,
          "attributes": {
            "arn": "arn:aws:kms:ap-southeast-1:431384414715:alias/nocnoc-production",
            "id": "alias/nocnoc-production",
            "name": "alias/nocnoc-production",
            "name_prefix": "",
            "target_key_arn": "arn:aws:kms:ap-southeast-1:431384414715:key/a0103439-ce64-43a9-b316-b7f102c9e6ce",
            "target_key_id": "a0103439-ce64-43a9-b316-b7f102c9e6ce"
          },
          "sensitive_attributes": [],
          "private": "bnVsbA==",
          "dependencies": [
            "module.eks.module.eks_blueprints.data.aws_iam_policy_document.eks_key",
            "module.eks.module.eks_blueprints.module.kms.aws_kms_key.this"
          ]
        }
      ]
    },
    {
      "module": "module.eks.module.eks_blueprints.module.kms[0]",
      "mode": "managed",
      "type": "aws_kms_key",
      "name": "this",
      "provider": "provider[\"registry.terraform.io/hashicorp/aws\"]",
      "instances": [
        {
          "schema_version": 0,
          "attributes": {
            "arn": "arn:aws:kms:ap-southeast-1:431384414715:key/a0103439-ce64-43a9-b316-b7f102c9e6ce",
            "bypass_policy_lockout_safety_check": false,
            "custom_key_store_id": "",
            "customer_master_key_spec": "SYMMETRIC_DEFAULT",
            "deletion_window_in_days": 30,
            "description": "nocnoc-production EKS cluster secret encryption key",
            "enable_key_rotation": true,
            "id": "a0103439-ce64-43a9-b316-b7f102c9e6ce",
            "is_enabled": true,
            "key_id": "a0103439-ce64-43a9-b316-b7f102c9e6ce",
            "key_usage": "ENCRYPT_DECRYPT",
            "multi_region": false,
            "policy": "{\n  \"Version\": \"2012-10-17\",\n  \"Statement\": [\n    {\n      \"Sid\": \"Allow access for all principals in the account that are authorized\",\n      \"Effect\": \"Allow\",\n      \"Action\": [\n        \"kms:ReEncrypt*\",\n        \"kms:GenerateDataKey*\",\n        \"kms:Encrypt\",\n        \"kms:DescribeKey\",\n        \"kms:Decrypt\",\n        \"kms:CreateGrant\"\n      ],\n      \"Resource\": \"*\",\n      \"Principal\": {\n        \"AWS\": \"arn:aws:iam::431384414715:root\"\n      },\n      \"Condition\": {\n        \"StringEquals\": {\n          \"kms:CallerAccount\": \"431384414715\",\n          \"kms:ViaService\": \"eks.ap-southeast-1.amazonaws.com\"\n        }\n      }\n    },\n    {\n      \"Sid\": \"Allow direct access to key metadata to the account\",\n      \"Effect\": \"Allow\",\n      \"Action\": [\n        \"kms:RevokeGrant\",\n        \"kms:List*\",\n        \"kms:Get*\",\n        \"kms:Describe*\"\n      ],\n      \"Resource\": \"*\",\n      \"Principal\": {\n        \"AWS\": \"arn:aws:iam::431384414715:root\"\n      }\n    },\n    {\n      \"Sid\": \"Allow access for Key Administrators\",\n      \"Effect\": \"Allow\",\n      \"Action\": \"kms:*\",\n      \"Resource\": \"*\",\n      \"Principal\": {\n        \"AWS\": \"arn:aws:iam::431384414715:role/aws-reserved/sso.amazonaws.com/ap-southeast-1/AWSReservedSSO_AWSAdministratorAccess_089c1659a4a9bcb1\"\n      }\n    },\n    {\n      \"Sid\": \"Allow use of the key\",\n      \"Effect\": \"Allow\",\n      \"Action\": [\n        \"kms:ReEncrypt*\",\n        \"kms:GenerateDataKey*\",\n        \"kms:Encrypt\",\n        \"kms:DescribeKey\",\n        \"kms:Decrypt\"\n      ],\n      \"Resource\": \"*\",\n      \"Principal\": {\n        \"AWS\": \"arn:aws:iam::431384414715:role/nocnoc-production-cluster-role\"\n      }\n    },\n    {\n      \"Sid\": \"Allow attachment of persistent resources\",\n      \"Effect\": \"Allow\",\n      \"Action\": [\n        \"kms:RevokeGrant\",\n        \"kms:ListGrants\",\n        \"kms:CreateGrant\"\n      ],\n      \"Resource\": \"*\",\n      \"Principal\": {\n        \"AWS\": \"arn:aws:iam::431384414715:role/nocnoc-production-cluster-role\"\n      },\n      \"Condition\": {\n        \"Bool\": {\n          \"kms:GrantIsForAWSResource\": \"true\"\n        }\n      }\n    }\n  ]\n}",
            "tags": null,
            "tags_all": {}
          },
          "sensitive_attributes": [],
          "private": "bnVsbA==",
          "dependencies": [
            "module.eks.module.eks_blueprints.data.aws_iam_policy_document.eks_key"
          ],
          "create_before_destroy": true
        }
      ]
    },
    {
      "module": "module.eks.module.eks_blueprints_kubernetes_addons",
      "mode": "data",
      "type": "aws_caller_identity",
      "name": "current",
      "provider": "provider[\"registry.terraform.io/hashicorp/aws\"]",
      "instances": [
        {
          "schema_version": 0,
          "attributes": {
            "account_id": "431384414715",
            "arn": "arn:aws:sts::431384414715:assumed-role/AWSReservedSSO_AWSAdministratorAccess_089c1659a4a9bcb1/aws-infra-vendor@nocnoc.com",
            "id": "431384414715",
            "user_id": "AROAWI4EDZH5S76PHJU74:aws-infra-vendor@nocnoc.com"
          },
          "sensitive_attributes": []
        }
      ]
    },
    {
      "module": "module.eks.module.eks_blueprints_kubernetes_addons",
      "mode": "data",
      "type": "aws_eks_cluster",
      "name": "eks_cluster",
      "provider": "provider[\"registry.terraform.io/hashicorp/aws\"]",
      "instances": [
        {
          "schema_version": 0,
          "attributes": {
            "arn": "arn:aws:eks:ap-southeast-1:431384414715:cluster/nocnoc-production",
            "certificate_authority": [
              {
                "data": "LS0tLS1CRUdJTiBDRVJUSUZJQ0FURS0tLS0tCk1JSUMvakNDQWVhZ0F3SUJBZ0lCQURBTkJna3Foa2lHOXcwQkFRc0ZBREFWTVJNd0VRWURWUVFERXdwcmRXSmwKY201bGRHVnpNQjRYRFRJeU1USXlNakE1TWpreE9Wb1hEVE15TVRJeE9UQTVNamt4T1Zvd0ZURVRNQkVHQTFVRQpBeE1LYTNWaVpYSnVaWFJsY3pDQ0FTSXdEUVlKS29aSWh2Y05BUUVCQlFBRGdnRVBBRENDQVFvQ2dnRUJBTVBxCmh5QzU5NmdGdkM5bEFZT0dEQnI3dE15T1pCV2FxVmFzSzBGV3IrMnNsNHBoSTR6YnhTaldGa2UxNlN4cDh6ejMKaUQ2VmFneDFmb1ZTNUQ5MlltTVdqdXRoQVBpbzJXQ1JhOG1mWlFiWDREMTd3cG8wZnVPT2plUVFtNFBRR01mZQprNU9adGl3SXVXeFNiSlRNT0RkYThhb2FBbm1tOUpkeWI0MkxMNVJBTFFUMmpwR01DRG5oUTdCcTMyemJQbG9CClF5bVBPbXV3WDRCa1pJckJoeFVQSW4zS0FTT3NXcHhLMzdMNngvSE9mSUZXYjdPb0FVQVprSzJiVlVhUm16THYKczFJYXVUNkZFNDZvOUFubmc1bFYzeXhxM2prYjZXc0RHa1l1eHhwMGtxdFY5akwxREJleUMzYUd0TEwyWUxJdwo4VUlROGg5VXNIOEJZVVF0MWRNQ0F3RUFBYU5aTUZjd0RnWURWUjBQQVFIL0JBUURBZ0trTUE4R0ExVWRFd0VCCi93UUZNQU1CQWY4d0hRWURWUjBPQkJZRUZEVXVWajM4a2xxQ1ZlT2xrcFhKTXdMeWNFbzZNQlVHQTFVZEVRUU8KTUF5Q0NtdDFZbVZ5Ym1WMFpYTXdEUVlKS29aSWh2Y05BUUVMQlFBRGdnRUJBRERrYmYvOTR5WHp5MVUyb0NlUQo4L0NNbjF1dDB4bCtYOFVRRm1FZzd6ci8yZHlwMnpxVWszeEpGeFJwV1YrU1pDcjFzcTUzeEltNVJPZUdaZUhkCnlOL0ROK1MwTFFHZXdJWUV6U0M0S3d3eGplVkNoaFVQSTV1VjlKVGFIOUxBVGZ5WWxsZ2Z2UW9TTlJRMFd6TzMKTkZnNUxlbFFVZUVmWUZQN2hOSmQzTFZueTlGUjhnc0FON0ZtcTI2SVZ1Nmt2OU13YWplVWY5bXVHc2xBYTQ3QgpPSElHRzZOcElQeS9jUUJMOXFjNm5iRmlzVmMwNDJTYlBHL3ZLeTJKaHpEMDlNbG5zOTg0SW5BRjBIOUVDMjc3CjVuYkJySjViR1ZLV3Y5VmdaYmZtandMZWgxaHFCQW5ZR3o4Ri9KTTAyVEV4a0Z5QWFQaTl2UDZFd3BkZGo0S2gKeURRPQotLS0tLUVORCBDRVJUSUZJQ0FURS0tLS0tCg=="
              }
            ],
            "cluster_id": null,
            "created_at": "2022-12-22 09:23:45.795 +0000 UTC",
            "enabled_cluster_log_types": [
              "api",
              "audit",
              "authenticator",
              "controllerManager",
              "scheduler"
            ],
            "endpoint": "https://19EEBAA2771067CC07CF4ACF1AAB4A72.gr7.ap-southeast-1.eks.amazonaws.com",
            "id": "nocnoc-production",
            "identity": [
              {
                "oidc": [
                  {
                    "issuer": "https://oidc.eks.ap-southeast-1.amazonaws.com/id/19EEBAA2771067CC07CF4ACF1AAB4A72"
                  }
                ]
              }
            ],
            "kubernetes_network_config": [
              {
                "ip_family": "ipv4",
                "service_ipv4_cidr": "10.100.0.0/16",
                "service_ipv6_cidr": ""
              }
            ],
            "name": "nocnoc-production",
            "outpost_config": [],
            "platform_version": "eks.3",
            "role_arn": "arn:aws:iam::431384414715:role/nocnoc-production-cluster-role",
            "status": "ACTIVE",
            "tags": {},
            "version": "1.24",
            "vpc_config": [
              {
                "cluster_security_group_id": "sg-0d1a020089702e795",
                "endpoint_private_access": false,
                "endpoint_public_access": true,
                "public_access_cidrs": [
                  "0.0.0.0/0"
                ],
                "security_group_ids": [
                  "sg-0e055c8735fe46c27"
                ],
                "subnet_ids": [
                  "subnet-003bba4eb3dcbe47c",
                  "subnet-03b8fad679562155f",
                  "subnet-0f6a132300d4ad972"
                ],
                "vpc_id": "vpc-0b5f985df3c1b0ebf"
              }
            ]
          },
          "sensitive_attributes": []
        }
      ]
    },
    {
      "module": "module.eks.module.eks_blueprints_kubernetes_addons",
      "mode": "data",
      "type": "aws_partition",
      "name": "current",
      "provider": "provider[\"registry.terraform.io/hashicorp/aws\"]",
      "instances": [
        {
          "schema_version": 0,
          "attributes": {
            "dns_suffix": "amazonaws.com",
            "id": "aws",
            "partition": "aws",
            "reverse_dns_prefix": "com.amazonaws"
          },
          "sensitive_attributes": []
        }
      ]
    },
    {
      "module": "module.eks.module.eks_blueprints_kubernetes_addons",
      "mode": "data",
      "type": "aws_region",
      "name": "current",
      "provider": "provider[\"registry.terraform.io/hashicorp/aws\"]",
      "instances": [
        {
          "schema_version": 0,
          "attributes": {
            "description": "Asia Pacific (Singapore)",
            "endpoint": "ec2.ap-southeast-1.amazonaws.com",
            "id": "ap-southeast-1",
            "name": "ap-southeast-1"
          },
          "sensitive_attributes": []
        }
      ]
    },
    {
      "module": "module.eks.module.eks_blueprints_kubernetes_addons",
      "mode": "managed",
      "type": "time_sleep",
      "name": "dataplane",
      "provider": "provider[\"registry.terraform.io/hashicorp/time\"]",
      "instances": [
        {
          "schema_version": 0,
          "attributes": {
            "create_duration": "10s",
            "destroy_duration": null,
            "id": "2022-12-22T09:34:02Z",
            "triggers": {
              "data_plane_wait_arn": "",
              "eks_cluster_id": "nocnoc-production"
            }
          },
          "sensitive_attributes": [],
          "dependencies": [
            "data.terraform_remote_state.network",
            "module.eks.module.eks_blueprints.data.aws_iam_policy_document.eks_key",
            "module.eks.module.eks_blueprints.module.aws_eks.aws_cloudwatch_log_group.this",
            "module.eks.module.eks_blueprints.module.aws_eks.aws_eks_cluster.this",
            "module.eks.module.eks_blueprints.module.aws_eks.aws_iam_role.this",
            "module.eks.module.eks_blueprints.module.aws_eks.aws_iam_role_policy_attachment.this",
            "module.eks.module.eks_blueprints.module.aws_eks.aws_security_group.cluster",
            "module.eks.module.eks_blueprints.module.aws_eks.aws_security_group.node",
            "module.eks.module.eks_blueprints.module.aws_eks.aws_security_group_rule.cluster",
            "module.eks.module.eks_blueprints.module.aws_eks.aws_security_group_rule.node",
            "module.eks.module.eks_blueprints.module.aws_eks.data.aws_iam_policy_document.assume_role_policy",
            "module.eks.module.eks_blueprints.module.aws_eks.data.aws_partition.current",
            "module.eks.module.eks_blueprints.module.aws_eks.module.kms.aws_kms_external_key.this",
            "module.eks.module.eks_blueprints.module.aws_eks.module.kms.aws_kms_key.this",
            "module.eks.module.eks_blueprints.module.kms.aws_kms_key.this"
          ]
        }
      ]
    },
    {
      "module": "module.eks.module.eks_blueprints_kubernetes_addons.module.argocd[0]",
      "mode": "managed",
      "type": "helm_release",
      "name": "argocd_application",
      "provider": "module.eks.provider[\"registry.terraform.io/hashicorp/helm\"]",
      "instances": [
        {
          "index_key": "blogs-service",
          "schema_version": 0,
          "attributes": {
            "atomic": false,
            "chart": ".terraform/modules/eks.eks_blueprints_kubernetes_addons/modules/kubernetes-addons/argocd/argocd-application/helm",
            "cleanup_on_fail": false,
            "create_namespace": false,
            "dependency_update": false,
            "description": null,
            "devel": null,
            "disable_crd_hooks": false,
            "disable_openapi_validation": false,
            "disable_webhooks": false,
            "force_update": false,
            "id": "blogs-service",
            "keyring": null,
            "lint": false,
            "manifest": null,
            "max_history": 0,
            "metadata": [
              {
                "app_version": "0.1.0",
                "chart": "argo-application",
                "name": "blogs-service",
                "namespace": "argocd",
                "revision": 1,
                "values": "{\"destination\":{\"server\":\"https://kubernetes.default.svc\"},\"name\":\"blogs-service\",\"project\":\"default\",\"source\":{\"helm\":{\"releaseName\":\"blogs-service\",\"values\":\"\\\"account\\\": \\\"431384414715\\\"\\n\\\"awsCloudWatchMetrics\\\":\\n  \\\"enable\\\": \\\"true\\\"\\n  \\\"serviceAccountName\\\": \\\"cloudwatch-agent\\\"\\n\\\"awsLoadBalancerController\\\":\\n  \\\"enable\\\": \\\"true\\\"\\n  \\\"serviceAccountName\\\": \\\"aws-load-balancer-controller-sa\\\"\\n\\\"certManager\\\":\\n  \\\"enable\\\": \\\"true\\\"\\n  \\\"serviceAccountName\\\": \\\"cert-manager\\\"\\n\\\"clusterAutoscaler\\\":\\n  \\\"enable\\\": \\\"true\\\"\\n  \\\"serviceAccountName\\\": \\\"cluster-autoscaler-sa\\\"\\n\\\"clusterName\\\": \\\"nocnoc-production\\\"\\n\\\"kubecost\\\":\\n  \\\"enable\\\": \\\"true\\\"\\n\\\"metricsServer\\\":\\n  \\\"enable\\\": \\\"true\\\"\\n\\\"region\\\": \\\"ap-southeast-1\\\"\\n\\\"repoUrl\\\": \\\"https://github.com/amornc/nocnoc-iac.git\\\"\\n\"},\"path\":\"chart\",\"repoUrl\":\"https://github.com/amornc/nocnoc-iac.git\",\"targetRevision\":\"HEAD\"}}",
                "version": "0.1.0"
              }
            ],
            "name": "blogs-service",
            "namespace": "argocd",
            "pass_credentials": false,
            "postrender": [],
            "recreate_pods": false,
            "render_subchart_notes": true,
            "replace": false,
            "repository": null,
            "repository_ca_file": null,
            "repository_cert_file": null,
            "repository_key_file": null,
            "repository_password": null,
            "repository_username": null,
            "reset_values": false,
            "reuse_values": false,
            "set": [
              {
                "name": "destination.server",
                "type": "string",
                "value": "https://kubernetes.default.svc"
              },
              {
                "name": "name",
                "type": "string",
                "value": "blogs-service"
              },
              {
                "name": "project",
                "type": "string",
                "value": "default"
              },
              {
                "name": "source.helm.releaseName",
                "type": "string",
                "value": "blogs-service"
              },
              {
                "name": "source.helm.values",
                "type": "auto",
                "value": "\"account\": \"431384414715\"\n\"awsCloudWatchMetrics\":\n  \"enable\": \"true\"\n  \"serviceAccountName\": \"cloudwatch-agent\"\n\"awsLoadBalancerController\":\n  \"enable\": \"true\"\n  \"serviceAccountName\": \"aws-load-balancer-controller-sa\"\n\"certManager\":\n  \"enable\": \"true\"\n  \"serviceAccountName\": \"cert-manager\"\n\"clusterAutoscaler\":\n  \"enable\": \"true\"\n  \"serviceAccountName\": \"cluster-autoscaler-sa\"\n\"clusterName\": \"nocnoc-production\"\n\"kubecost\":\n  \"enable\": \"true\"\n\"metricsServer\":\n  \"enable\": \"true\"\n\"region\": \"ap-southeast-1\"\n\"repoUrl\": \"https://github.com/amornc/nocnoc-iac.git\"\n"
              },
              {
                "name": "source.path",
                "type": "string",
                "value": "chart"
              },
              {
                "name": "source.repoUrl",
                "type": "string",
                "value": "https://github.com/amornc/nocnoc-iac.git"
              },
              {
                "name": "source.targetRevision",
                "type": "string",
                "value": "HEAD"
              }
            ],
            "set_sensitive": [],
            "skip_crds": false,
            "status": "deployed",
            "timeout": 300,
            "values": null,
            "verify": false,
            "version": "0.1.0",
            "wait": true,
            "wait_for_jobs": false
          },
          "sensitive_attributes": [],
          "private": "bnVsbA==",
          "dependencies": [
            "data.terraform_remote_state.network",
            "module.eks.aws_secretsmanager_secret.arogcd",
            "module.eks.aws_secretsmanager_secret_version.arogcd",
            "module.eks.data.aws_eks_cluster_auth.this",
            "module.eks.data.aws_secretsmanager_secret_version.admin_password_version",
            "module.eks.module.eks_blueprints.data.aws_iam_policy_document.eks_key",
            "module.eks.module.eks_blueprints.module.aws_eks.aws_cloudwatch_log_group.this",
            "module.eks.module.eks_blueprints.module.aws_eks.aws_eks_cluster.this",
            "module.eks.module.eks_blueprints.module.aws_eks.aws_iam_role.this",
            "module.eks.module.eks_blueprints.module.aws_eks.aws_iam_role_policy_attachment.this",
            "module.eks.module.eks_blueprints.module.aws_eks.aws_security_group.cluster",
            "module.eks.module.eks_blueprints.module.aws_eks.aws_security_group.node",
            "module.eks.module.eks_blueprints.module.aws_eks.aws_security_group_rule.cluster",
            "module.eks.module.eks_blueprints.module.aws_eks.aws_security_group_rule.node",
            "module.eks.module.eks_blueprints.module.aws_eks.data.aws_iam_policy_document.assume_role_policy",
            "module.eks.module.eks_blueprints.module.aws_eks.data.aws_partition.current",
            "module.eks.module.eks_blueprints.module.aws_eks.module.kms.aws_kms_external_key.this",
            "module.eks.module.eks_blueprints.module.aws_eks.module.kms.aws_kms_key.this",
            "module.eks.module.eks_blueprints.module.kms.aws_kms_key.this",
            "module.eks.module.eks_blueprints_kubernetes_addons.data.aws_caller_identity.current",
            "module.eks.module.eks_blueprints_kubernetes_addons.data.aws_eks_cluster.eks_cluster",
            "module.eks.module.eks_blueprints_kubernetes_addons.data.aws_partition.current",
            "module.eks.module.eks_blueprints_kubernetes_addons.data.aws_region.current",
            "module.eks.module.eks_blueprints_kubernetes_addons.module.argocd.kubernetes_namespace_v1.this",
            "module.eks.module.eks_blueprints_kubernetes_addons.module.argocd.module.helm_addon.helm_release.addon",
            "module.eks.module.eks_blueprints_kubernetes_addons.module.argocd.module.helm_addon.module.irsa.aws_iam_role.irsa",
            "module.eks.module.eks_blueprints_kubernetes_addons.module.argocd.module.helm_addon.module.irsa.aws_iam_role_policy_attachment.irsa",
            "module.eks.module.eks_blueprints_kubernetes_addons.module.argocd.module.helm_addon.module.irsa.kubernetes_namespace_v1.irsa",
            "module.eks.module.eks_blueprints_kubernetes_addons.module.argocd.module.helm_addon.module.irsa.kubernetes_service_account_v1.irsa",
            "module.eks.module.eks_blueprints_kubernetes_addons.module.ondat.kubernetes_secret.etcd",
            "module.eks.module.eks_blueprints_kubernetes_addons.module.prometheus.aws_iam_policy.ingest",
            "module.eks.module.eks_blueprints_kubernetes_addons.module.prometheus.module.irsa_amp_ingest.aws_iam_role.irsa",
            "module.eks.module.eks_blueprints_kubernetes_addons.time_sleep.dataplane",
            "module.eks.random_password.argocd"
          ]
        }
      ]
    },
    {
      "module": "module.eks.module.eks_blueprints_kubernetes_addons.module.argocd[0]",
      "mode": "managed",
      "type": "kubernetes_namespace_v1",
      "name": "this",
      "provider": "module.eks.provider[\"registry.terraform.io/hashicorp/kubernetes\"]",
      "instances": [
        {
          "index_key": 0,
          "schema_version": 0,
          "attributes": {
            "id": "argocd",
            "metadata": [
              {
                "annotations": null,
                "generate_name": "",
                "generation": 0,
                "labels": null,
                "name": "argocd",
                "resource_version": "844",
                "uid": "7d2fa2c3-cfb7-4e76-abc9-6a226981269c"
              }
            ],
            "timeouts": null
          },
          "sensitive_attributes": [],
          "private": "eyJlMmJmYjczMC1lY2FhLTExZTYtOGY4OC0zNDM2M2JjN2M0YzAiOnsiZGVsZXRlIjozMDAwMDAwMDAwMDB9fQ==",
          "dependencies": [
            "data.terraform_remote_state.network",
            "module.eks.aws_secretsmanager_secret.arogcd",
            "module.eks.aws_secretsmanager_secret_version.arogcd",
            "module.eks.data.aws_eks_cluster_auth.this",
            "module.eks.data.aws_secretsmanager_secret_version.admin_password_version",
            "module.eks.module.eks_blueprints.data.aws_iam_policy_document.eks_key",
            "module.eks.module.eks_blueprints.module.aws_eks.aws_cloudwatch_log_group.this",
            "module.eks.module.eks_blueprints.module.aws_eks.aws_eks_cluster.this",
            "module.eks.module.eks_blueprints.module.aws_eks.aws_iam_role.this",
            "module.eks.module.eks_blueprints.module.aws_eks.aws_iam_role_policy_attachment.this",
            "module.eks.module.eks_blueprints.module.aws_eks.aws_security_group.cluster",
            "module.eks.module.eks_blueprints.module.aws_eks.aws_security_group.node",
            "module.eks.module.eks_blueprints.module.aws_eks.aws_security_group_rule.cluster",
            "module.eks.module.eks_blueprints.module.aws_eks.aws_security_group_rule.node",
            "module.eks.module.eks_blueprints.module.aws_eks.data.aws_iam_policy_document.assume_role_policy",
            "module.eks.module.eks_blueprints.module.aws_eks.data.aws_partition.current",
            "module.eks.module.eks_blueprints.module.aws_eks.module.kms.aws_kms_external_key.this",
            "module.eks.module.eks_blueprints.module.aws_eks.module.kms.aws_kms_key.this",
            "module.eks.module.eks_blueprints.module.kms.aws_kms_key.this",
            "module.eks.random_password.argocd"
          ]
        }
      ]
    },
    {
      "module": "module.eks.module.eks_blueprints_kubernetes_addons.module.argocd[0].module.helm_addon",
      "mode": "managed",
      "type": "helm_release",
      "name": "addon",
      "provider": "module.eks.provider[\"registry.terraform.io/hashicorp/helm\"]",
      "instances": [
        {
          "index_key": 0,
          "schema_version": 0,
          "attributes": {
            "atomic": false,
            "chart": "argo-cd",
            "cleanup_on_fail": false,
            "create_namespace": true,
            "dependency_update": false,
            "description": "The ArgoCD Helm Chart deployment configuration",
            "devel": null,
            "disable_crd_hooks": false,
            "disable_openapi_validation": false,
            "disable_webhooks": false,
            "force_update": false,
            "id": "argo-cd",
            "keyring": "",
            "lint": false,
            "manifest": null,
            "max_history": 0,
            "metadata": [
              {
                "app_version": "v2.5.0",
                "chart": "argo-cd",
                "name": "argo-cd",
                "namespace": "argocd",
                "revision": 1,
                "values": "{\"configs\":{\"secret\":{\"argocdServerAdminPassword\":\"(sensitive value)\"}},\"controller\":{\"enableStatefulSet\":true},\"redis-ha\":{\"enabled\":true},\"repoServer\":{\"autoscaling\":{\"enabled\":true,\"minReplicas\":2}},\"server\":{\"autoscaling\":{\"enabled\":true,\"minReplicas\":2}}}",
                "version": "5.8.3"
              }
            ],
            "name": "argo-cd",
            "namespace": "argocd",
            "pass_credentials": false,
            "postrender": [
              {
                "args": null,
                "binary_path": ""
              }
            ],
            "recreate_pods": false,
            "render_subchart_notes": true,
            "replace": false,
            "repository": "https://argoproj.github.io/argo-helm",
            "repository_ca_file": null,
            "repository_cert_file": "",
            "repository_key_file": "",
            "repository_password": "",
            "repository_username": "",
            "reset_values": false,
            "reuse_values": false,
            "set": [],
            "set_sensitive": [
              {
                "name": "configs.secret.argocdServerAdminPassword",
                "type": "",
                "value": "$2a$10$5sbnOli5b9FpEgolv2BqmuOKSd76Wa3apHOprVih4u/i23WSDlIy."
              }
            ],
            "skip_crds": false,
            "status": "deployed",
            "timeout": 1200,
            "values": [
              "redis-ha:\n  enabled: true\n\ncontroller:\n  enableStatefulSet: true\n\nserver:\n  autoscaling:\n    enabled: true\n    minReplicas: 2\n\nrepoServer:\n  autoscaling:\n    enabled: true\n    minReplicas: 2\n"
            ],
            "verify": false,
            "version": "5.8.3",
            "wait": false,
            "wait_for_jobs": false
          },
          "sensitive_attributes": [
            [
              {
                "type": "get_attr",
                "value": "set_sensitive"
              }
            ]
          ],
          "private": "bnVsbA==",
          "dependencies": [
            "data.terraform_remote_state.network",
            "module.eks.aws_secretsmanager_secret.arogcd",
            "module.eks.aws_secretsmanager_secret_version.arogcd",
            "module.eks.data.aws_eks_cluster_auth.this",
            "module.eks.data.aws_secretsmanager_secret_version.admin_password_version",
            "module.eks.module.eks_blueprints.data.aws_iam_policy_document.eks_key",
            "module.eks.module.eks_blueprints.module.aws_eks.aws_cloudwatch_log_group.this",
            "module.eks.module.eks_blueprints.module.aws_eks.aws_eks_cluster.this",
            "module.eks.module.eks_blueprints.module.aws_eks.aws_iam_role.this",
            "module.eks.module.eks_blueprints.module.aws_eks.aws_iam_role_policy_attachment.this",
            "module.eks.module.eks_blueprints.module.aws_eks.aws_security_group.cluster",
            "module.eks.module.eks_blueprints.module.aws_eks.aws_security_group.node",
            "module.eks.module.eks_blueprints.module.aws_eks.aws_security_group_rule.cluster",
            "module.eks.module.eks_blueprints.module.aws_eks.aws_security_group_rule.node",
            "module.eks.module.eks_blueprints.module.aws_eks.data.aws_iam_policy_document.assume_role_policy",
            "module.eks.module.eks_blueprints.module.aws_eks.data.aws_partition.current",
            "module.eks.module.eks_blueprints.module.aws_eks.module.kms.aws_kms_external_key.this",
            "module.eks.module.eks_blueprints.module.aws_eks.module.kms.aws_kms_key.this",
            "module.eks.module.eks_blueprints.module.kms.aws_kms_key.this",
            "module.eks.module.eks_blueprints_kubernetes_addons.data.aws_caller_identity.current",
            "module.eks.module.eks_blueprints_kubernetes_addons.data.aws_eks_cluster.eks_cluster",
            "module.eks.module.eks_blueprints_kubernetes_addons.data.aws_partition.current",
            "module.eks.module.eks_blueprints_kubernetes_addons.data.aws_region.current",
            "module.eks.module.eks_blueprints_kubernetes_addons.module.argocd.kubernetes_namespace_v1.this",
            "module.eks.module.eks_blueprints_kubernetes_addons.module.argocd.module.helm_addon.module.irsa.aws_iam_role.irsa",
            "module.eks.module.eks_blueprints_kubernetes_addons.module.argocd.module.helm_addon.module.irsa.aws_iam_role_policy_attachment.irsa",
            "module.eks.module.eks_blueprints_kubernetes_addons.module.argocd.module.helm_addon.module.irsa.kubernetes_namespace_v1.irsa",
            "module.eks.module.eks_blueprints_kubernetes_addons.module.argocd.module.helm_addon.module.irsa.kubernetes_service_account_v1.irsa",
            "module.eks.module.eks_blueprints_kubernetes_addons.time_sleep.dataplane",
            "module.eks.random_password.argocd"
          ]
        }
      ]
    },
    {
      "module": "module.eks.module.eks_blueprints_kubernetes_addons.module.aws_cloudwatch_metrics[0].module.helm_addon.module.irsa[0]",
      "mode": "managed",
      "type": "aws_iam_role",
      "name": "irsa",
      "provider": "provider[\"registry.terraform.io/hashicorp/aws\"]",
      "instances": [
        {
          "index_key": 0,
          "schema_version": 0,
          "attributes": {
            "arn": "arn:aws:iam::431384414715:role/nocnoc-production-cloudwatch-agent-irsa",
            "assume_role_policy": "{\"Statement\":[{\"Action\":\"sts:AssumeRoleWithWebIdentity\",\"Condition\":{\"StringLike\":{\"oidc.eks.ap-southeast-1.amazonaws.com/id/19EEBAA2771067CC07CF4ACF1AAB4A72:aud\":\"sts.amazonaws.com\",\"oidc.eks.ap-southeast-1.amazonaws.com/id/19EEBAA2771067CC07CF4ACF1AAB4A72:sub\":\"system:serviceaccount:amazon-cloudwatch:cloudwatch-agent\"}},\"Effect\":\"Allow\",\"Principal\":{\"Federated\":\"arn:aws:iam::431384414715:oidc-provider/oidc.eks.ap-southeast-1.amazonaws.com/id/19EEBAA2771067CC07CF4ACF1AAB4A72\"}}],\"Version\":\"2012-10-17\"}",
            "create_date": "2022-12-22T09:34:43Z",
            "description": "AWS IAM Role for the Kubernetes service account cloudwatch-agent.",
            "force_detach_policies": true,
            "id": "nocnoc-production-cloudwatch-agent-irsa",
            "inline_policy": [],
            "managed_policy_arns": [],
            "max_session_duration": 3600,
            "name": "nocnoc-production-cloudwatch-agent-irsa",
            "name_prefix": "",
            "path": "/",
            "permissions_boundary": "",
            "tags": null,
            "tags_all": {},
            "unique_id": "AROAWI4EDZH5ZPDDWLIZ4"
          },
          "sensitive_attributes": [],
          "private": "bnVsbA==",
          "dependencies": [
            "data.terraform_remote_state.network",
            "module.eks.module.eks_blueprints.data.aws_iam_policy_document.eks_key",
            "module.eks.module.eks_blueprints.module.aws_eks.aws_cloudwatch_log_group.this",
            "module.eks.module.eks_blueprints.module.aws_eks.aws_eks_cluster.this",
            "module.eks.module.eks_blueprints.module.aws_eks.aws_iam_role.this",
            "module.eks.module.eks_blueprints.module.aws_eks.aws_iam_role_policy_attachment.this",
            "module.eks.module.eks_blueprints.module.aws_eks.aws_security_group.cluster",
            "module.eks.module.eks_blueprints.module.aws_eks.aws_security_group.node",
            "module.eks.module.eks_blueprints.module.aws_eks.aws_security_group_rule.cluster",
            "module.eks.module.eks_blueprints.module.aws_eks.aws_security_group_rule.node",
            "module.eks.module.eks_blueprints.module.aws_eks.data.aws_iam_policy_document.assume_role_policy",
            "module.eks.module.eks_blueprints.module.aws_eks.data.aws_partition.current",
            "module.eks.module.eks_blueprints.module.aws_eks.module.kms.aws_kms_external_key.this",
            "module.eks.module.eks_blueprints.module.aws_eks.module.kms.aws_kms_key.this",
            "module.eks.module.eks_blueprints.module.kms.aws_kms_key.this",
            "module.eks.module.eks_blueprints_kubernetes_addons.data.aws_caller_identity.current",
            "module.eks.module.eks_blueprints_kubernetes_addons.data.aws_eks_cluster.eks_cluster",
            "module.eks.module.eks_blueprints_kubernetes_addons.data.aws_partition.current",
            "module.eks.module.eks_blueprints_kubernetes_addons.data.aws_region.current",
            "module.eks.module.eks_blueprints_kubernetes_addons.time_sleep.dataplane"
          ]
        }
      ]
    },
    {
      "module": "module.eks.module.eks_blueprints_kubernetes_addons.module.aws_cloudwatch_metrics[0].module.helm_addon.module.irsa[0]",
      "mode": "managed",
      "type": "aws_iam_role_policy_attachment",
      "name": "irsa",
      "provider": "provider[\"registry.terraform.io/hashicorp/aws\"]",
      "instances": [
        {
          "index_key": 0,
          "schema_version": 0,
          "attributes": {
            "id": "nocnoc-production-cloudwatch-agent-irsa-20221222093446297700000019",
            "policy_arn": "arn:aws:iam::aws:policy/CloudWatchAgentServerPolicy",
            "role": "nocnoc-production-cloudwatch-agent-irsa"
          },
          "sensitive_attributes": [],
          "private": "bnVsbA==",
          "dependencies": [
            "data.terraform_remote_state.network",
            "module.eks.module.eks_blueprints.data.aws_iam_policy_document.eks_key",
            "module.eks.module.eks_blueprints.module.aws_eks.aws_cloudwatch_log_group.this",
            "module.eks.module.eks_blueprints.module.aws_eks.aws_eks_cluster.this",
            "module.eks.module.eks_blueprints.module.aws_eks.aws_iam_role.this",
            "module.eks.module.eks_blueprints.module.aws_eks.aws_iam_role_policy_attachment.this",
            "module.eks.module.eks_blueprints.module.aws_eks.aws_security_group.cluster",
            "module.eks.module.eks_blueprints.module.aws_eks.aws_security_group.node",
            "module.eks.module.eks_blueprints.module.aws_eks.aws_security_group_rule.cluster",
            "module.eks.module.eks_blueprints.module.aws_eks.aws_security_group_rule.node",
            "module.eks.module.eks_blueprints.module.aws_eks.data.aws_iam_policy_document.assume_role_policy",
            "module.eks.module.eks_blueprints.module.aws_eks.data.aws_partition.current",
            "module.eks.module.eks_blueprints.module.aws_eks.module.kms.aws_kms_external_key.this",
            "module.eks.module.eks_blueprints.module.aws_eks.module.kms.aws_kms_key.this",
            "module.eks.module.eks_blueprints.module.kms.aws_kms_key.this",
            "module.eks.module.eks_blueprints_kubernetes_addons.data.aws_caller_identity.current",
            "module.eks.module.eks_blueprints_kubernetes_addons.data.aws_eks_cluster.eks_cluster",
            "module.eks.module.eks_blueprints_kubernetes_addons.data.aws_partition.current",
            "module.eks.module.eks_blueprints_kubernetes_addons.data.aws_region.current",
            "module.eks.module.eks_blueprints_kubernetes_addons.module.aws_cloudwatch_metrics.module.helm_addon.module.irsa.aws_iam_role.irsa",
            "module.eks.module.eks_blueprints_kubernetes_addons.time_sleep.dataplane"
          ]
        }
      ]
    },
    {
      "module": "module.eks.module.eks_blueprints_kubernetes_addons.module.aws_cloudwatch_metrics[0].module.helm_addon.module.irsa[0]",
      "mode": "managed",
      "type": "kubernetes_namespace_v1",
      "name": "irsa",
      "provider": "module.eks.provider[\"registry.terraform.io/hashicorp/kubernetes\"]",
      "instances": [
        {
          "index_key": 0,
          "schema_version": 0,
          "attributes": {
            "id": "amazon-cloudwatch",
            "metadata": [
              {
                "annotations": null,
                "generate_name": "",
                "generation": 0,
                "labels": null,
                "name": "amazon-cloudwatch",
                "resource_version": "1383",
                "uid": "b35fc26c-55ac-477f-9e37-8bbd32300b75"
              }
            ],
            "timeouts": {
              "delete": "15m"
            }
          },
          "sensitive_attributes": [],
          "private": "eyJlMmJmYjczMC1lY2FhLTExZTYtOGY4OC0zNDM2M2JjN2M0YzAiOnsiZGVsZXRlIjo5MDAwMDAwMDAwMDB9fQ==",
          "dependencies": [
            "data.terraform_remote_state.network",
            "module.eks.data.aws_eks_cluster_auth.this",
            "module.eks.module.eks_blueprints.data.aws_iam_policy_document.eks_key",
            "module.eks.module.eks_blueprints.module.aws_eks.aws_cloudwatch_log_group.this",
            "module.eks.module.eks_blueprints.module.aws_eks.aws_eks_cluster.this",
            "module.eks.module.eks_blueprints.module.aws_eks.aws_iam_role.this",
            "module.eks.module.eks_blueprints.module.aws_eks.aws_iam_role_policy_attachment.this",
            "module.eks.module.eks_blueprints.module.aws_eks.aws_security_group.cluster",
            "module.eks.module.eks_blueprints.module.aws_eks.aws_security_group.node",
            "module.eks.module.eks_blueprints.module.aws_eks.aws_security_group_rule.cluster",
            "module.eks.module.eks_blueprints.module.aws_eks.aws_security_group_rule.node",
            "module.eks.module.eks_blueprints.module.aws_eks.data.aws_iam_policy_document.assume_role_policy",
            "module.eks.module.eks_blueprints.module.aws_eks.data.aws_partition.current",
            "module.eks.module.eks_blueprints.module.aws_eks.module.kms.aws_kms_external_key.this",
            "module.eks.module.eks_blueprints.module.aws_eks.module.kms.aws_kms_key.this",
            "module.eks.module.eks_blueprints.module.kms.aws_kms_key.this",
            "module.eks.module.eks_blueprints_kubernetes_addons.data.aws_caller_identity.current",
            "module.eks.module.eks_blueprints_kubernetes_addons.data.aws_eks_cluster.eks_cluster",
            "module.eks.module.eks_blueprints_kubernetes_addons.data.aws_partition.current",
            "module.eks.module.eks_blueprints_kubernetes_addons.data.aws_region.current",
            "module.eks.module.eks_blueprints_kubernetes_addons.time_sleep.dataplane"
          ]
        }
      ]
    },
    {
      "module": "module.eks.module.eks_blueprints_kubernetes_addons.module.aws_cloudwatch_metrics[0].module.helm_addon.module.irsa[0]",
      "mode": "managed",
      "type": "kubernetes_service_account_v1",
      "name": "irsa",
      "provider": "module.eks.provider[\"registry.terraform.io/hashicorp/kubernetes\"]",
      "instances": [
        {
          "index_key": 0,
          "schema_version": 0,
          "attributes": {
            "automount_service_account_token": true,
            "default_secret_name": "",
            "id": "amazon-cloudwatch/cloudwatch-agent",
            "image_pull_secret": [],
            "metadata": [
              {
                "annotations": {
                  "eks.amazonaws.com/role-arn": "arn:aws:iam::431384414715:role/nocnoc-production-cloudwatch-agent-irsa"
                },
                "generate_name": "",
                "generation": 0,
                "labels": null,
                "name": "cloudwatch-agent",
                "namespace": "amazon-cloudwatch",
                "resource_version": "1409",
                "uid": "e67ed769-a453-4def-ac22-03947014648b"
              }
            ],
            "secret": [],
            "timeouts": null
          },
          "sensitive_attributes": [],
          "private": "eyJlMmJmYjczMC1lY2FhLTExZTYtOGY4OC0zNDM2M2JjN2M0YzAiOnsiY3JlYXRlIjozMDAwMDAwMDAwMH19",
          "dependencies": [
            "data.terraform_remote_state.network",
            "module.eks.data.aws_eks_cluster_auth.this",
            "module.eks.module.eks_blueprints.data.aws_iam_policy_document.eks_key",
            "module.eks.module.eks_blueprints.module.aws_eks.aws_cloudwatch_log_group.this",
            "module.eks.module.eks_blueprints.module.aws_eks.aws_eks_cluster.this",
            "module.eks.module.eks_blueprints.module.aws_eks.aws_iam_role.this",
            "module.eks.module.eks_blueprints.module.aws_eks.aws_iam_role_policy_attachment.this",
            "module.eks.module.eks_blueprints.module.aws_eks.aws_security_group.cluster",
            "module.eks.module.eks_blueprints.module.aws_eks.aws_security_group.node",
            "module.eks.module.eks_blueprints.module.aws_eks.aws_security_group_rule.cluster",
            "module.eks.module.eks_blueprints.module.aws_eks.aws_security_group_rule.node",
            "module.eks.module.eks_blueprints.module.aws_eks.data.aws_iam_policy_document.assume_role_policy",
            "module.eks.module.eks_blueprints.module.aws_eks.data.aws_partition.current",
            "module.eks.module.eks_blueprints.module.aws_eks.module.kms.aws_kms_external_key.this",
            "module.eks.module.eks_blueprints.module.aws_eks.module.kms.aws_kms_key.this",
            "module.eks.module.eks_blueprints.module.kms.aws_kms_key.this",
            "module.eks.module.eks_blueprints_kubernetes_addons.data.aws_caller_identity.current",
            "module.eks.module.eks_blueprints_kubernetes_addons.data.aws_eks_cluster.eks_cluster",
            "module.eks.module.eks_blueprints_kubernetes_addons.data.aws_partition.current",
            "module.eks.module.eks_blueprints_kubernetes_addons.data.aws_region.current",
            "module.eks.module.eks_blueprints_kubernetes_addons.module.aws_cloudwatch_metrics.module.helm_addon.module.irsa.aws_iam_role.irsa",
            "module.eks.module.eks_blueprints_kubernetes_addons.module.aws_cloudwatch_metrics.module.helm_addon.module.irsa.kubernetes_namespace_v1.irsa",
            "module.eks.module.eks_blueprints_kubernetes_addons.time_sleep.dataplane"
          ]
        }
      ]
    },
    {
      "module": "module.eks.module.eks_blueprints_kubernetes_addons.module.aws_coredns[0]",
      "mode": "data",
      "type": "aws_eks_addon_version",
      "name": "this",
      "provider": "provider[\"registry.terraform.io/hashicorp/aws\"]",
      "instances": [
        {
          "schema_version": 0,
          "attributes": {
            "addon_name": "coredns",
            "id": "coredns",
            "kubernetes_version": "1.24",
            "most_recent": false,
            "version": "v1.8.7-eksbuild.3"
          },
          "sensitive_attributes": []
        }
      ]
    },
    {
      "module": "module.eks.module.eks_blueprints_kubernetes_addons.module.aws_coredns[0]",
      "mode": "data",
      "type": "aws_eks_cluster_auth",
      "name": "this",
      "provider": "provider[\"registry.terraform.io/hashicorp/aws\"]",
      "instances": [
        {
          "schema_version": 0,
          "attributes": {
            "id": "nocnoc-production",
            "name": "nocnoc-production",
            "token": "k8s-aws-v1.aHR0cHM6Ly9zdHMuYW1hem9uYXdzLmNvbS8_QWN0aW9uPUdldENhbGxlcklkZW50aXR5JlZlcnNpb249MjAxMS0wNi0xNSZYLUFtei1BbGdvcml0aG09QVdTNC1ITUFDLVNIQTI1NiZYLUFtei1DcmVkZW50aWFsPUFTSUFXSTRFRFpINVdPQTRUNEVGJTJGMjAyMjEyMjIlMkZ1cy1lYXN0LTElMkZzdHMlMkZhd3M0X3JlcXVlc3QmWC1BbXotRGF0ZT0yMDIyMTIyMlQwOTM1MDNaJlgtQW16LUV4cGlyZXM9MCZYLUFtei1TZWN1cml0eS1Ub2tlbj1JUW9KYjNKcFoybHVYMlZqRUdrYURtRndMWE52ZFhSb1pXRnpkQzB4SWtZd1JBSWdjc0VabWFhVXUxUEglMkJUakFydHU2NHBPQlZ0cmI4ZEhhRCUyRmZtcmlmMVBnSUNJRnFFOGp4bnRJUjcxSENNaWhsSTBZOFBlWFJJaDNHOVJoU1RoTW8lMkJ0UVNGS3AwRENLTCUyRiUyRiUyRiUyRiUyRiUyRiUyRiUyRiUyRiUyRndFUUFCb01ORE14TXpnME5ERTBOekUxSWd3STV5bUd6dWdhMGRURyUyRmJvcThRS2h4bEFJRWFSUm9XUEVTeHBKTWpqRWEwMHNqTmlVV1dDZzFHS2V6YmU4bTFMYjU5azg0bnBjT2ZySVpnZUdtWkQlMkZYWHdqbDhCNWUlMkJuSGpTYnQwZjZhRElPNHFtbFI5ZzlLWWJJSmVmNGY0aWVuNkQzUDc2ZzJ0MVp5RHkyYkY1WSUyQmhTb3NCOEpVeGhFaVhHck5TdlU0S09PbHhueEJDbHZLUFQxdGtTenluNEhmZ0xPNFpBYU9QSEtUVXUzSXNYbXpubjgxQW9jRTlvM1hyMXc2Y3FlQUglMkJLNk5TMW9MQzk2cyUyRmVvbmFWTTJIeDhZMlJsa1VrWmpMcFR5UmFIZThRWlp6OFhoVUZxY1M0aXR4ZGh5WkFpc1pUSSUyRlNIVEhGUUZxc21PbDVtNnpaR1FlajVTSkxGNjhpSXFtV3BhY2lEWlFBeFMlMkJ4UXBGTHdUTGtqdTJROUtrTkduM29hJTJCS0sybGw4TVlTaHZNeHBGc3ZhSHhkSkZVUmRvbDBHdDgwNDZraktyczRweUZBSE5TbGlwTm96bHNTNUIlMkI4VjRiVDZFeGslMkZIWkU3MkR2WEN6THBudkNHd0pQUCUyRnB0c0QwT0ZSNWRGNHc3bHIzN1RWNUNMeDg0ZFN5Y0NKRG9tZDlIMFRmVUtFdjYlMkJ6NVdad3dsTE9RblFZNnB3RiUyRkZFWmF1SXBjMGZMZGRnUzFFeEh1SERFNkZhN2RCY29CWmFaZDE2Z2c2JTJCd1lmSDJkME9kcjVPUTZsOGxkbXJMSGdFalpzbzNrbUlwJTJGRGhBNk14UFFNM3BDMERtWGNWYmNqOCUyRkJCcXh4Q0J1RmNpSVJUcXFIRzdYb2ZXOHF5a0dmeEhxeW92ejklMkI1VG9uZWs1SXdiYXA1UjI2dzR4R3A4Q2ozODZRSXBIRmRzWWp2SWNCTnRnRDJBT3djSURLaWhTVjRsUkEwZENuaVUzdlZzcyUyRktzSG1hbmpteExtSXclM0QlM0QmWC1BbXotU2lnbmVkSGVhZGVycz1ob3N0JTNCeC1rOHMtYXdzLWlkJlgtQW16LVNpZ25hdHVyZT05ZjJlMDdiYjlkZTUyNmIwMzkzNDljNmMzY2QwY2Y4MDY5YjA2YzVkOTM3Y2YxMjk1NDZhYTc4NTdhODc2MTg0"
          },
          "sensitive_attributes": []
        }
      ]
    },
    {
      "module": "module.eks.module.eks_blueprints_kubernetes_addons.module.aws_coredns[0]",
      "mode": "managed",
      "type": "aws_eks_addon",
      "name": "coredns",
      "provider": "provider[\"registry.terraform.io/hashicorp/aws\"]",
      "instances": [
        {
          "index_key": 0,
          "status": "tainted",
          "schema_version": 0,
          "attributes": {
            "addon_name": "coredns",
            "addon_version": "v1.8.7-eksbuild.3",
            "arn": null,
            "cluster_name": "nocnoc-production",
            "configuration_values": null,
            "created_at": null,
            "id": "nocnoc-production:coredns",
            "modified_at": null,
            "preserve": true,
            "resolve_conflicts": "OVERWRITE",
            "service_account_role_arn": null,
            "tags": null,
            "tags_all": null,
            "timeouts": null
          },
          "sensitive_attributes": [],
          "private": "eyJlMmJmYjczMC1lY2FhLTExZTYtOGY4OC0zNDM2M2JjN2M0YzAiOnsiY3JlYXRlIjoxMjAwMDAwMDAwMDAwLCJkZWxldGUiOjI0MDAwMDAwMDAwMDAsInVwZGF0ZSI6MTIwMDAwMDAwMDAwMH19",
          "dependencies": [
            "data.terraform_remote_state.network",
            "module.eks.module.eks_blueprints.data.aws_iam_policy_document.eks_key",
            "module.eks.module.eks_blueprints.module.aws_eks.aws_cloudwatch_log_group.this",
            "module.eks.module.eks_blueprints.module.aws_eks.aws_eks_cluster.this",
            "module.eks.module.eks_blueprints.module.aws_eks.aws_iam_role.this",
            "module.eks.module.eks_blueprints.module.aws_eks.aws_iam_role_policy_attachment.this",
            "module.eks.module.eks_blueprints.module.aws_eks.aws_security_group.cluster",
            "module.eks.module.eks_blueprints.module.aws_eks.aws_security_group.node",
            "module.eks.module.eks_blueprints.module.aws_eks.aws_security_group_rule.cluster",
            "module.eks.module.eks_blueprints.module.aws_eks.aws_security_group_rule.node",
            "module.eks.module.eks_blueprints.module.aws_eks.data.aws_iam_policy_document.assume_role_policy",
            "module.eks.module.eks_blueprints.module.aws_eks.data.aws_partition.current",
            "module.eks.module.eks_blueprints.module.aws_eks.module.kms.aws_kms_external_key.this",
            "module.eks.module.eks_blueprints.module.aws_eks.module.kms.aws_kms_key.this",
            "module.eks.module.eks_blueprints.module.kms.aws_kms_key.this",
            "module.eks.module.eks_blueprints_kubernetes_addons.data.aws_caller_identity.current",
            "module.eks.module.eks_blueprints_kubernetes_addons.data.aws_eks_cluster.eks_cluster",
            "module.eks.module.eks_blueprints_kubernetes_addons.data.aws_partition.current",
            "module.eks.module.eks_blueprints_kubernetes_addons.data.aws_region.current",
            "module.eks.module.eks_blueprints_kubernetes_addons.module.aws_coredns.data.aws_eks_addon_version.this",
            "module.eks.module.eks_blueprints_kubernetes_addons.time_sleep.dataplane"
          ]
        }
      ]
    },
    {
      "module": "module.eks.module.eks_blueprints_kubernetes_addons.module.aws_coredns[0]",
      "mode": "managed",
      "type": "time_sleep",
      "name": "this",
      "provider": "provider[\"registry.terraform.io/hashicorp/time\"]",
      "instances": [
        {
          "schema_version": 0,
          "attributes": {
            "create_duration": "1m",
            "destroy_duration": null,
            "id": "2022-12-22T09:35:03Z",
            "triggers": {
              "eks_cluster_id": "nocnoc-production"
            }
          },
          "sensitive_attributes": [],
          "dependencies": [
            "data.terraform_remote_state.network",
            "module.eks.module.eks_blueprints.data.aws_iam_policy_document.eks_key",
            "module.eks.module.eks_blueprints.module.aws_eks.aws_cloudwatch_log_group.this",
            "module.eks.module.eks_blueprints.module.aws_eks.aws_eks_cluster.this",
            "module.eks.module.eks_blueprints.module.aws_eks.aws_iam_role.this",
            "module.eks.module.eks_blueprints.module.aws_eks.aws_iam_role_policy_attachment.this",
            "module.eks.module.eks_blueprints.module.aws_eks.aws_security_group.cluster",
            "module.eks.module.eks_blueprints.module.aws_eks.aws_security_group.node",
            "module.eks.module.eks_blueprints.module.aws_eks.aws_security_group_rule.cluster",
            "module.eks.module.eks_blueprints.module.aws_eks.aws_security_group_rule.node",
            "module.eks.module.eks_blueprints.module.aws_eks.data.aws_iam_policy_document.assume_role_policy",
            "module.eks.module.eks_blueprints.module.aws_eks.data.aws_partition.current",
            "module.eks.module.eks_blueprints.module.aws_eks.module.kms.aws_kms_external_key.this",
            "module.eks.module.eks_blueprints.module.aws_eks.module.kms.aws_kms_key.this",
            "module.eks.module.eks_blueprints.module.kms.aws_kms_key.this",
            "module.eks.module.eks_blueprints_kubernetes_addons.data.aws_caller_identity.current",
            "module.eks.module.eks_blueprints_kubernetes_addons.data.aws_eks_cluster.eks_cluster",
            "module.eks.module.eks_blueprints_kubernetes_addons.data.aws_partition.current",
            "module.eks.module.eks_blueprints_kubernetes_addons.data.aws_region.current",
            "module.eks.module.eks_blueprints_kubernetes_addons.time_sleep.dataplane"
          ]
        }
      ]
    },
    {
      "module": "module.eks.module.eks_blueprints_kubernetes_addons.module.aws_ebs_csi_driver[0]",
      "mode": "data",
      "type": "aws_eks_addon_version",
      "name": "this",
      "provider": "provider[\"registry.terraform.io/hashicorp/aws\"]",
      "instances": [
        {
          "schema_version": 0,
          "attributes": {
            "addon_name": "aws-ebs-csi-driver",
            "id": "aws-ebs-csi-driver",
            "kubernetes_version": "1.24",
            "most_recent": false,
            "version": "v1.13.0-eksbuild.3"
          },
          "sensitive_attributes": []
        }
      ]
    },
    {
      "module": "module.eks.module.eks_blueprints_kubernetes_addons.module.aws_ebs_csi_driver[0]",
      "mode": "data",
      "type": "aws_iam_policy_document",
      "name": "aws_ebs_csi_driver",
      "provider": "provider[\"registry.terraform.io/hashicorp/aws\"]",
      "instances": [
        {
          "index_key": 0,
          "schema_version": 0,
          "attributes": {
            "id": "1888929143",
            "json": "{\n  \"Version\": \"2012-10-17\",\n  \"Statement\": [\n    {\n      \"Sid\": \"\",\n      \"Effect\": \"Allow\",\n      \"Action\": [\n        \"ec2:ModifyVolume\",\n        \"ec2:DetachVolume\",\n        \"ec2:DescribeVolumesModifications\",\n        \"ec2:DescribeVolumes\",\n        \"ec2:DescribeTags\",\n        \"ec2:DescribeSnapshots\",\n        \"ec2:DescribeInstances\",\n        \"ec2:DescribeAvailabilityZones\",\n        \"ec2:CreateSnapshot\",\n        \"ec2:AttachVolume\"\n      ],\n      \"Resource\": \"*\"\n    },\n    {\n      \"Sid\": \"\",\n      \"Effect\": \"Allow\",\n      \"Action\": \"ec2:CreateTags\",\n      \"Resource\": [\n        \"arn:aws:ec2:*:*:volume/*\",\n        \"arn:aws:ec2:*:*:snapshot/*\"\n      ],\n      \"Condition\": {\n        \"StringEquals\": {\n          \"ec2:CreateAction\": [\n            \"CreateVolume\",\n            \"CreateSnapshot\"\n          ]\n        }\n      }\n    },\n    {\n      \"Sid\": \"\",\n      \"Effect\": \"Allow\",\n      \"Action\": \"ec2:DeleteTags\",\n      \"Resource\": [\n        \"arn:aws:ec2:*:*:volume/*\",\n        \"arn:aws:ec2:*:*:snapshot/*\"\n      ]\n    },\n    {\n      \"Sid\": \"\",\n      \"Effect\": \"Allow\",\n      \"Action\": \"ec2:CreateVolume\",\n      \"Resource\": \"*\",\n      \"Condition\": {\n        \"StringLike\": {\n          \"aws:RequestTag/ebs.csi.aws.com/cluster\": \"true\"\n        }\n      }\n    },\n    {\n      \"Sid\": \"\",\n      \"Effect\": \"Allow\",\n      \"Action\": \"ec2:CreateVolume\",\n      \"Resource\": \"*\",\n      \"Condition\": {\n        \"StringLike\": {\n          \"aws:RequestTag/CSIVolumeName\": \"*\"\n        }\n      }\n    },\n    {\n      \"Sid\": \"\",\n      \"Effect\": \"Allow\",\n      \"Action\": \"ec2:CreateVolume\",\n      \"Resource\": \"*\",\n      \"Condition\": {\n        \"StringLike\": {\n          \"aws:RequestTag/kubernetes.io/cluster/*\": \"owned\"\n        }\n      }\n    },\n    {\n      \"Sid\": \"\",\n      \"Effect\": \"Allow\",\n      \"Action\": \"ec2:DeleteVolume\",\n      \"Resource\": \"*\",\n      \"Condition\": {\n        \"StringLike\": {\n          \"ec2:ResourceTag/ebs.csi.aws.com/cluster\": \"true\"\n        }\n      }\n    },\n    {\n      \"Sid\": \"\",\n      \"Effect\": \"Allow\",\n      \"Action\": \"ec2:DeleteVolume\",\n      \"Resource\": \"*\",\n      \"Condition\": {\n        \"StringLike\": {\n          \"ec2:ResourceTag/CSIVolumeName\": \"*\"\n        }\n      }\n    },\n    {\n      \"Sid\": \"\",\n      \"Effect\": \"Allow\",\n      \"Action\": \"ec2:DeleteVolume\",\n      \"Resource\": \"*\",\n      \"Condition\": {\n        \"StringLike\": {\n          \"ec2:ResourceTag/kubernetes.io/cluster/*\": \"owned\"\n        }\n      }\n    },\n    {\n      \"Sid\": \"\",\n      \"Effect\": \"Allow\",\n      \"Action\": \"ec2:DeleteSnapshot\",\n      \"Resource\": \"*\",\n      \"Condition\": {\n        \"StringLike\": {\n          \"ec2:ResourceTag/CSIVolumeSnapshotName\": \"*\"\n        }\n      }\n    },\n    {\n      \"Sid\": \"\",\n      \"Effect\": \"Allow\",\n      \"Action\": \"ec2:DeleteSnapshot\",\n      \"Resource\": \"*\",\n      \"Condition\": {\n        \"StringLike\": {\n          \"ec2:ResourceTag/ebs.csi.aws.com/cluster\": \"true\"\n        }\n      }\n    }\n  ]\n}",
            "override_json": null,
            "override_policy_documents": null,
            "policy_id": null,
            "source_json": null,
            "source_policy_documents": null,
            "statement": [
              {
                "actions": [
                  "ec2:AttachVolume",
                  "ec2:CreateSnapshot",
                  "ec2:DescribeAvailabilityZones",
                  "ec2:DescribeInstances",
                  "ec2:DescribeSnapshots",
                  "ec2:DescribeTags",
                  "ec2:DescribeVolumes",
                  "ec2:DescribeVolumesModifications",
                  "ec2:DetachVolume",
                  "ec2:ModifyVolume"
                ],
                "condition": [],
                "effect": "Allow",
                "not_actions": [],
                "not_principals": [],
                "not_resources": [],
                "principals": [],
                "resources": [
                  "*"
                ],
                "sid": ""
              },
              {
                "actions": [
                  "ec2:CreateTags"
                ],
                "condition": [
                  {
                    "test": "StringEquals",
                    "values": [
                      "CreateVolume",
                      "CreateSnapshot"
                    ],
                    "variable": "ec2:CreateAction"
                  }
                ],
                "effect": "Allow",
                "not_actions": [],
                "not_principals": [],
                "not_resources": [],
                "principals": [],
                "resources": [
                  "arn:aws:ec2:*:*:snapshot/*",
                  "arn:aws:ec2:*:*:volume/*"
                ],
                "sid": ""
              },
              {
                "actions": [
                  "ec2:DeleteTags"
                ],
                "condition": [],
                "effect": "Allow",
                "not_actions": [],
                "not_principals": [],
                "not_resources": [],
                "principals": [],
                "resources": [
                  "arn:aws:ec2:*:*:snapshot/*",
                  "arn:aws:ec2:*:*:volume/*"
                ],
                "sid": ""
              },
              {
                "actions": [
                  "ec2:CreateVolume"
                ],
                "condition": [
                  {
                    "test": "StringLike",
                    "values": [
                      "true"
                    ],
                    "variable": "aws:RequestTag/ebs.csi.aws.com/cluster"
                  }
                ],
                "effect": "Allow",
                "not_actions": [],
                "not_principals": [],
                "not_resources": [],
                "principals": [],
                "resources": [
                  "*"
                ],
                "sid": ""
              },
              {
                "actions": [
                  "ec2:CreateVolume"
                ],
                "condition": [
                  {
                    "test": "StringLike",
                    "values": [
                      "*"
                    ],
                    "variable": "aws:RequestTag/CSIVolumeName"
                  }
                ],
                "effect": "Allow",
                "not_actions": [],
                "not_principals": [],
                "not_resources": [],
                "principals": [],
                "resources": [
                  "*"
                ],
                "sid": ""
              },
              {
                "actions": [
                  "ec2:CreateVolume"
                ],
                "condition": [
                  {
                    "test": "StringLike",
                    "values": [
                      "owned"
                    ],
                    "variable": "aws:RequestTag/kubernetes.io/cluster/*"
                  }
                ],
                "effect": "Allow",
                "not_actions": [],
                "not_principals": [],
                "not_resources": [],
                "principals": [],
                "resources": [
                  "*"
                ],
                "sid": ""
              },
              {
                "actions": [
                  "ec2:DeleteVolume"
                ],
                "condition": [
                  {
                    "test": "StringLike",
                    "values": [
                      "true"
                    ],
                    "variable": "ec2:ResourceTag/ebs.csi.aws.com/cluster"
                  }
                ],
                "effect": "Allow",
                "not_actions": [],
                "not_principals": [],
                "not_resources": [],
                "principals": [],
                "resources": [
                  "*"
                ],
                "sid": ""
              },
              {
                "actions": [
                  "ec2:DeleteVolume"
                ],
                "condition": [
                  {
                    "test": "StringLike",
                    "values": [
                      "*"
                    ],
                    "variable": "ec2:ResourceTag/CSIVolumeName"
                  }
                ],
                "effect": "Allow",
                "not_actions": [],
                "not_principals": [],
                "not_resources": [],
                "principals": [],
                "resources": [
                  "*"
                ],
                "sid": ""
              },
              {
                "actions": [
                  "ec2:DeleteVolume"
                ],
                "condition": [
                  {
                    "test": "StringLike",
                    "values": [
                      "owned"
                    ],
                    "variable": "ec2:ResourceTag/kubernetes.io/cluster/*"
                  }
                ],
                "effect": "Allow",
                "not_actions": [],
                "not_principals": [],
                "not_resources": [],
                "principals": [],
                "resources": [
                  "*"
                ],
                "sid": ""
              },
              {
                "actions": [
                  "ec2:DeleteSnapshot"
                ],
                "condition": [
                  {
                    "test": "StringLike",
                    "values": [
                      "*"
                    ],
                    "variable": "ec2:ResourceTag/CSIVolumeSnapshotName"
                  }
                ],
                "effect": "Allow",
                "not_actions": [],
                "not_principals": [],
                "not_resources": [],
                "principals": [],
                "resources": [
                  "*"
                ],
                "sid": ""
              },
              {
                "actions": [
                  "ec2:DeleteSnapshot"
                ],
                "condition": [
                  {
                    "test": "StringLike",
                    "values": [
                      "true"
                    ],
                    "variable": "ec2:ResourceTag/ebs.csi.aws.com/cluster"
                  }
                ],
                "effect": "Allow",
                "not_actions": [],
                "not_principals": [],
                "not_resources": [],
                "principals": [],
                "resources": [
                  "*"
                ],
                "sid": ""
              }
            ],
            "version": "2012-10-17"
          },
          "sensitive_attributes": []
        }
      ]
    },
    {
      "module": "module.eks.module.eks_blueprints_kubernetes_addons.module.aws_ebs_csi_driver[0]",
      "mode": "managed",
      "type": "aws_eks_addon",
      "name": "aws_ebs_csi_driver",
      "provider": "provider[\"registry.terraform.io/hashicorp/aws\"]",
      "instances": [
        {
          "index_key": 0,
          "status": "tainted",
          "schema_version": 0,
          "attributes": {
            "addon_name": "aws-ebs-csi-driver",
            "addon_version": "v1.13.0-eksbuild.3",
            "arn": null,
            "cluster_name": "nocnoc-production",
            "configuration_values": null,
            "created_at": null,
            "id": "nocnoc-production:aws-ebs-csi-driver",
            "modified_at": null,
            "preserve": true,
            "resolve_conflicts": "OVERWRITE",
            "service_account_role_arn": "arn:aws:iam::431384414715:role/nocnoc-production-ebs-csi-controller-sa-irsa",
            "tags": null,
            "tags_all": null,
            "timeouts": null
          },
          "sensitive_attributes": [],
          "private": "eyJlMmJmYjczMC1lY2FhLTExZTYtOGY4OC0zNDM2M2JjN2M0YzAiOnsiY3JlYXRlIjoxMjAwMDAwMDAwMDAwLCJkZWxldGUiOjI0MDAwMDAwMDAwMDAsInVwZGF0ZSI6MTIwMDAwMDAwMDAwMH19",
          "dependencies": [
            "data.terraform_remote_state.network",
            "module.eks.module.eks_blueprints.data.aws_iam_policy_document.eks_key",
            "module.eks.module.eks_blueprints.module.aws_eks.aws_cloudwatch_log_group.this",
            "module.eks.module.eks_blueprints.module.aws_eks.aws_eks_cluster.this",
            "module.eks.module.eks_blueprints.module.aws_eks.aws_iam_role.this",
            "module.eks.module.eks_blueprints.module.aws_eks.aws_iam_role_policy_attachment.this",
            "module.eks.module.eks_blueprints.module.aws_eks.aws_security_group.cluster",
            "module.eks.module.eks_blueprints.module.aws_eks.aws_security_group.node",
            "module.eks.module.eks_blueprints.module.aws_eks.aws_security_group_rule.cluster",
            "module.eks.module.eks_blueprints.module.aws_eks.aws_security_group_rule.node",
            "module.eks.module.eks_blueprints.module.aws_eks.data.aws_iam_policy_document.assume_role_policy",
            "module.eks.module.eks_blueprints.module.aws_eks.data.aws_partition.current",
            "module.eks.module.eks_blueprints.module.aws_eks.module.kms.aws_kms_external_key.this",
            "module.eks.module.eks_blueprints.module.aws_eks.module.kms.aws_kms_key.this",
            "module.eks.module.eks_blueprints.module.kms.aws_kms_key.this",
            "module.eks.module.eks_blueprints_kubernetes_addons.data.aws_caller_identity.current",
            "module.eks.module.eks_blueprints_kubernetes_addons.data.aws_eks_cluster.eks_cluster",
            "module.eks.module.eks_blueprints_kubernetes_addons.data.aws_partition.current",
            "module.eks.module.eks_blueprints_kubernetes_addons.data.aws_region.current",
            "module.eks.module.eks_blueprints_kubernetes_addons.module.aws_ebs_csi_driver.aws_iam_policy.aws_ebs_csi_driver",
            "module.eks.module.eks_blueprints_kubernetes_addons.module.aws_ebs_csi_driver.data.aws_eks_addon_version.this",
            "module.eks.module.eks_blueprints_kubernetes_addons.module.aws_ebs_csi_driver.data.aws_iam_policy_document.aws_ebs_csi_driver",
            "module.eks.module.eks_blueprints_kubernetes_addons.module.aws_ebs_csi_driver.module.irsa_addon.aws_iam_role.irsa",
            "module.eks.module.eks_blueprints_kubernetes_addons.time_sleep.dataplane"
          ]
        }
      ]
    },
    {
      "module": "module.eks.module.eks_blueprints_kubernetes_addons.module.aws_ebs_csi_driver[0]",
      "mode": "managed",
      "type": "aws_iam_policy",
      "name": "aws_ebs_csi_driver",
      "provider": "provider[\"registry.terraform.io/hashicorp/aws\"]",
      "instances": [
        {
          "index_key": 0,
          "schema_version": 0,
          "attributes": {
            "arn": "arn:aws:iam::431384414715:policy/nocnoc-production-aws-ebs-csi-driver-irsa",
            "description": "IAM Policy for AWS EBS CSI Driver",
            "id": "arn:aws:iam::431384414715:policy/nocnoc-production-aws-ebs-csi-driver-irsa",
            "name": "nocnoc-production-aws-ebs-csi-driver-irsa",
            "name_prefix": null,
            "path": "/",
            "policy": "{\"Statement\":[{\"Action\":[\"ec2:ModifyVolume\",\"ec2:DetachVolume\",\"ec2:DescribeVolumesModifications\",\"ec2:DescribeVolumes\",\"ec2:DescribeTags\",\"ec2:DescribeSnapshots\",\"ec2:DescribeInstances\",\"ec2:DescribeAvailabilityZones\",\"ec2:CreateSnapshot\",\"ec2:AttachVolume\"],\"Effect\":\"Allow\",\"Resource\":\"*\",\"Sid\":\"\"},{\"Action\":\"ec2:CreateTags\",\"Condition\":{\"StringEquals\":{\"ec2:CreateAction\":[\"CreateVolume\",\"CreateSnapshot\"]}},\"Effect\":\"Allow\",\"Resource\":[\"arn:aws:ec2:*:*:volume/*\",\"arn:aws:ec2:*:*:snapshot/*\"],\"Sid\":\"\"},{\"Action\":\"ec2:DeleteTags\",\"Effect\":\"Allow\",\"Resource\":[\"arn:aws:ec2:*:*:volume/*\",\"arn:aws:ec2:*:*:snapshot/*\"],\"Sid\":\"\"},{\"Action\":\"ec2:CreateVolume\",\"Condition\":{\"StringLike\":{\"aws:RequestTag/ebs.csi.aws.com/cluster\":\"true\"}},\"Effect\":\"Allow\",\"Resource\":\"*\",\"Sid\":\"\"},{\"Action\":\"ec2:CreateVolume\",\"Condition\":{\"StringLike\":{\"aws:RequestTag/CSIVolumeName\":\"*\"}},\"Effect\":\"Allow\",\"Resource\":\"*\",\"Sid\":\"\"},{\"Action\":\"ec2:CreateVolume\",\"Condition\":{\"StringLike\":{\"aws:RequestTag/kubernetes.io/cluster/*\":\"owned\"}},\"Effect\":\"Allow\",\"Resource\":\"*\",\"Sid\":\"\"},{\"Action\":\"ec2:DeleteVolume\",\"Condition\":{\"StringLike\":{\"ec2:ResourceTag/ebs.csi.aws.com/cluster\":\"true\"}},\"Effect\":\"Allow\",\"Resource\":\"*\",\"Sid\":\"\"},{\"Action\":\"ec2:DeleteVolume\",\"Condition\":{\"StringLike\":{\"ec2:ResourceTag/CSIVolumeName\":\"*\"}},\"Effect\":\"Allow\",\"Resource\":\"*\",\"Sid\":\"\"},{\"Action\":\"ec2:DeleteVolume\",\"Condition\":{\"StringLike\":{\"ec2:ResourceTag/kubernetes.io/cluster/*\":\"owned\"}},\"Effect\":\"Allow\",\"Resource\":\"*\",\"Sid\":\"\"},{\"Action\":\"ec2:DeleteSnapshot\",\"Condition\":{\"StringLike\":{\"ec2:ResourceTag/CSIVolumeSnapshotName\":\"*\"}},\"Effect\":\"Allow\",\"Resource\":\"*\",\"Sid\":\"\"},{\"Action\":\"ec2:DeleteSnapshot\",\"Condition\":{\"StringLike\":{\"ec2:ResourceTag/ebs.csi.aws.com/cluster\":\"true\"}},\"Effect\":\"Allow\",\"Resource\":\"*\",\"Sid\":\"\"}],\"Version\":\"2012-10-17\"}",
            "policy_id": "ANPAWI4EDZH5UWTPZSZ6Q",
            "tags": null,
            "tags_all": {}
          },
          "sensitive_attributes": [],
          "private": "bnVsbA==",
          "dependencies": [
            "data.terraform_remote_state.network",
            "module.eks.module.eks_blueprints.data.aws_iam_policy_document.eks_key",
            "module.eks.module.eks_blueprints.module.aws_eks.aws_cloudwatch_log_group.this",
            "module.eks.module.eks_blueprints.module.aws_eks.aws_eks_cluster.this",
            "module.eks.module.eks_blueprints.module.aws_eks.aws_iam_role.this",
            "module.eks.module.eks_blueprints.module.aws_eks.aws_iam_role_policy_attachment.this",
            "module.eks.module.eks_blueprints.module.aws_eks.aws_security_group.cluster",
            "module.eks.module.eks_blueprints.module.aws_eks.aws_security_group.node",
            "module.eks.module.eks_blueprints.module.aws_eks.aws_security_group_rule.cluster",
            "module.eks.module.eks_blueprints.module.aws_eks.aws_security_group_rule.node",
            "module.eks.module.eks_blueprints.module.aws_eks.data.aws_iam_policy_document.assume_role_policy",
            "module.eks.module.eks_blueprints.module.aws_eks.data.aws_partition.current",
            "module.eks.module.eks_blueprints.module.aws_eks.module.kms.aws_kms_external_key.this",
            "module.eks.module.eks_blueprints.module.aws_eks.module.kms.aws_kms_key.this",
            "module.eks.module.eks_blueprints.module.kms.aws_kms_key.this",
            "module.eks.module.eks_blueprints_kubernetes_addons.data.aws_caller_identity.current",
            "module.eks.module.eks_blueprints_kubernetes_addons.data.aws_eks_cluster.eks_cluster",
            "module.eks.module.eks_blueprints_kubernetes_addons.data.aws_partition.current",
            "module.eks.module.eks_blueprints_kubernetes_addons.data.aws_region.current",
            "module.eks.module.eks_blueprints_kubernetes_addons.module.aws_ebs_csi_driver.data.aws_iam_policy_document.aws_ebs_csi_driver",
            "module.eks.module.eks_blueprints_kubernetes_addons.time_sleep.dataplane"
          ]
        }
      ]
    },
    {
      "module": "module.eks.module.eks_blueprints_kubernetes_addons.module.aws_ebs_csi_driver[0].module.irsa_addon[0]",
      "mode": "managed",
      "type": "aws_iam_role",
      "name": "irsa",
      "provider": "provider[\"registry.terraform.io/hashicorp/aws\"]",
      "instances": [
        {
          "index_key": 0,
          "schema_version": 0,
          "attributes": {
            "arn": "arn:aws:iam::431384414715:role/nocnoc-production-ebs-csi-controller-sa-irsa",
            "assume_role_policy": "{\"Statement\":[{\"Action\":\"sts:AssumeRoleWithWebIdentity\",\"Condition\":{\"StringLike\":{\"oidc.eks.ap-southeast-1.amazonaws.com/id/19EEBAA2771067CC07CF4ACF1AAB4A72:aud\":\"sts.amazonaws.com\",\"oidc.eks.ap-southeast-1.amazonaws.com/id/19EEBAA2771067CC07CF4ACF1AAB4A72:sub\":\"system:serviceaccount:kube-system:ebs-csi-controller-sa\"}},\"Effect\":\"Allow\",\"Principal\":{\"Federated\":\"arn:aws:iam::431384414715:oidc-provider/oidc.eks.ap-southeast-1.amazonaws.com/id/19EEBAA2771067CC07CF4ACF1AAB4A72\"}}],\"Version\":\"2012-10-17\"}",
            "create_date": "2022-12-22T09:34:09Z",
            "description": "AWS IAM Role for the Kubernetes service account ebs-csi-controller-sa.",
            "force_detach_policies": true,
            "id": "nocnoc-production-ebs-csi-controller-sa-irsa",
            "inline_policy": [],
            "managed_policy_arns": [],
            "max_session_duration": 3600,
            "name": "nocnoc-production-ebs-csi-controller-sa-irsa",
            "name_prefix": "",
            "path": "/",
            "permissions_boundary": "",
            "tags": null,
            "tags_all": {},
            "unique_id": "AROAWI4EDZH5YHDNZ5XAP"
          },
          "sensitive_attributes": [],
          "private": "bnVsbA==",
          "dependencies": [
            "data.terraform_remote_state.network",
            "module.eks.module.eks_blueprints.data.aws_iam_policy_document.eks_key",
            "module.eks.module.eks_blueprints.module.aws_eks.aws_cloudwatch_log_group.this",
            "module.eks.module.eks_blueprints.module.aws_eks.aws_eks_cluster.this",
            "module.eks.module.eks_blueprints.module.aws_eks.aws_iam_role.this",
            "module.eks.module.eks_blueprints.module.aws_eks.aws_iam_role_policy_attachment.this",
            "module.eks.module.eks_blueprints.module.aws_eks.aws_security_group.cluster",
            "module.eks.module.eks_blueprints.module.aws_eks.aws_security_group.node",
            "module.eks.module.eks_blueprints.module.aws_eks.aws_security_group_rule.cluster",
            "module.eks.module.eks_blueprints.module.aws_eks.aws_security_group_rule.node",
            "module.eks.module.eks_blueprints.module.aws_eks.data.aws_iam_policy_document.assume_role_policy",
            "module.eks.module.eks_blueprints.module.aws_eks.data.aws_partition.current",
            "module.eks.module.eks_blueprints.module.aws_eks.module.kms.aws_kms_external_key.this",
            "module.eks.module.eks_blueprints.module.aws_eks.module.kms.aws_kms_key.this",
            "module.eks.module.eks_blueprints.module.kms.aws_kms_key.this",
            "module.eks.module.eks_blueprints_kubernetes_addons.data.aws_caller_identity.current",
            "module.eks.module.eks_blueprints_kubernetes_addons.data.aws_eks_cluster.eks_cluster",
            "module.eks.module.eks_blueprints_kubernetes_addons.data.aws_partition.current",
            "module.eks.module.eks_blueprints_kubernetes_addons.data.aws_region.current",
            "module.eks.module.eks_blueprints_kubernetes_addons.module.aws_ebs_csi_driver.aws_iam_policy.aws_ebs_csi_driver",
            "module.eks.module.eks_blueprints_kubernetes_addons.module.aws_ebs_csi_driver.data.aws_iam_policy_document.aws_ebs_csi_driver",
            "module.eks.module.eks_blueprints_kubernetes_addons.time_sleep.dataplane"
          ]
        }
      ]
    },
    {
      "module": "module.eks.module.eks_blueprints_kubernetes_addons.module.aws_ebs_csi_driver[0].module.irsa_addon[0]",
      "mode": "managed",
      "type": "aws_iam_role_policy_attachment",
      "name": "irsa",
      "provider": "provider[\"registry.terraform.io/hashicorp/aws\"]",
      "instances": [
        {
          "index_key": 0,
          "schema_version": 0,
          "attributes": {
            "id": "nocnoc-production-ebs-csi-controller-sa-irsa-20221222093413778800000013",
            "policy_arn": "arn:aws:iam::431384414715:policy/nocnoc-production-aws-ebs-csi-driver-irsa",
            "role": "nocnoc-production-ebs-csi-controller-sa-irsa"
          },
          "sensitive_attributes": [],
          "private": "bnVsbA==",
          "dependencies": [
            "data.terraform_remote_state.network",
            "module.eks.module.eks_blueprints.data.aws_iam_policy_document.eks_key",
            "module.eks.module.eks_blueprints.module.aws_eks.aws_cloudwatch_log_group.this",
            "module.eks.module.eks_blueprints.module.aws_eks.aws_eks_cluster.this",
            "module.eks.module.eks_blueprints.module.aws_eks.aws_iam_role.this",
            "module.eks.module.eks_blueprints.module.aws_eks.aws_iam_role_policy_attachment.this",
            "module.eks.module.eks_blueprints.module.aws_eks.aws_security_group.cluster",
            "module.eks.module.eks_blueprints.module.aws_eks.aws_security_group.node",
            "module.eks.module.eks_blueprints.module.aws_eks.aws_security_group_rule.cluster",
            "module.eks.module.eks_blueprints.module.aws_eks.aws_security_group_rule.node",
            "module.eks.module.eks_blueprints.module.aws_eks.data.aws_iam_policy_document.assume_role_policy",
            "module.eks.module.eks_blueprints.module.aws_eks.data.aws_partition.current",
            "module.eks.module.eks_blueprints.module.aws_eks.module.kms.aws_kms_external_key.this",
            "module.eks.module.eks_blueprints.module.aws_eks.module.kms.aws_kms_key.this",
            "module.eks.module.eks_blueprints.module.kms.aws_kms_key.this",
            "module.eks.module.eks_blueprints_kubernetes_addons.data.aws_caller_identity.current",
            "module.eks.module.eks_blueprints_kubernetes_addons.data.aws_eks_cluster.eks_cluster",
            "module.eks.module.eks_blueprints_kubernetes_addons.data.aws_partition.current",
            "module.eks.module.eks_blueprints_kubernetes_addons.data.aws_region.current",
            "module.eks.module.eks_blueprints_kubernetes_addons.module.aws_ebs_csi_driver.aws_iam_policy.aws_ebs_csi_driver",
            "module.eks.module.eks_blueprints_kubernetes_addons.module.aws_ebs_csi_driver.data.aws_iam_policy_document.aws_ebs_csi_driver",
            "module.eks.module.eks_blueprints_kubernetes_addons.module.aws_ebs_csi_driver.module.irsa_addon.aws_iam_role.irsa",
            "module.eks.module.eks_blueprints_kubernetes_addons.time_sleep.dataplane"
          ]
        }
      ]
    },
    {
      "module": "module.eks.module.eks_blueprints_kubernetes_addons.module.aws_kube_proxy[0]",
      "mode": "data",
      "type": "aws_eks_addon_version",
      "name": "this",
      "provider": "provider[\"registry.terraform.io/hashicorp/aws\"]",
      "instances": [
        {
          "schema_version": 0,
          "attributes": {
            "addon_name": "kube-proxy",
            "id": "kube-proxy",
            "kubernetes_version": "1.24",
            "most_recent": false,
            "version": "v1.24.7-eksbuild.2"
          },
          "sensitive_attributes": []
        }
      ]
    },
    {
      "module": "module.eks.module.eks_blueprints_kubernetes_addons.module.aws_kube_proxy[0]",
      "mode": "managed",
      "type": "aws_eks_addon",
      "name": "kube_proxy",
      "provider": "provider[\"registry.terraform.io/hashicorp/aws\"]",
      "instances": [
        {
          "schema_version": 0,
          "attributes": {
            "addon_name": "kube-proxy",
            "addon_version": "v1.24.7-eksbuild.2",
            "arn": "arn:aws:eks:ap-southeast-1:431384414715:addon/nocnoc-production/kube-proxy/9cc29c97-6358-65b5-3878-38262e806123",
            "cluster_name": "nocnoc-production",
            "configuration_values": "",
            "created_at": "2022-12-22T09:34:05Z",
            "id": "nocnoc-production:kube-proxy",
            "modified_at": "2022-12-22T09:34:06Z",
            "preserve": true,
            "resolve_conflicts": "OVERWRITE",
            "service_account_role_arn": "",
            "tags": null,
            "tags_all": {},
            "timeouts": null
          },
          "sensitive_attributes": [],
          "private": "eyJlMmJmYjczMC1lY2FhLTExZTYtOGY4OC0zNDM2M2JjN2M0YzAiOnsiY3JlYXRlIjoxMjAwMDAwMDAwMDAwLCJkZWxldGUiOjI0MDAwMDAwMDAwMDAsInVwZGF0ZSI6MTIwMDAwMDAwMDAwMH19",
          "dependencies": [
            "data.terraform_remote_state.network",
            "module.eks.module.eks_blueprints.data.aws_iam_policy_document.eks_key",
            "module.eks.module.eks_blueprints.module.aws_eks.aws_cloudwatch_log_group.this",
            "module.eks.module.eks_blueprints.module.aws_eks.aws_eks_cluster.this",
            "module.eks.module.eks_blueprints.module.aws_eks.aws_iam_role.this",
            "module.eks.module.eks_blueprints.module.aws_eks.aws_iam_role_policy_attachment.this",
            "module.eks.module.eks_blueprints.module.aws_eks.aws_security_group.cluster",
            "module.eks.module.eks_blueprints.module.aws_eks.aws_security_group.node",
            "module.eks.module.eks_blueprints.module.aws_eks.aws_security_group_rule.cluster",
            "module.eks.module.eks_blueprints.module.aws_eks.aws_security_group_rule.node",
            "module.eks.module.eks_blueprints.module.aws_eks.data.aws_iam_policy_document.assume_role_policy",
            "module.eks.module.eks_blueprints.module.aws_eks.data.aws_partition.current",
            "module.eks.module.eks_blueprints.module.aws_eks.module.kms.aws_kms_external_key.this",
            "module.eks.module.eks_blueprints.module.aws_eks.module.kms.aws_kms_key.this",
            "module.eks.module.eks_blueprints.module.kms.aws_kms_key.this",
            "module.eks.module.eks_blueprints_kubernetes_addons.data.aws_caller_identity.current",
            "module.eks.module.eks_blueprints_kubernetes_addons.data.aws_eks_cluster.eks_cluster",
            "module.eks.module.eks_blueprints_kubernetes_addons.data.aws_partition.current",
            "module.eks.module.eks_blueprints_kubernetes_addons.data.aws_region.current",
            "module.eks.module.eks_blueprints_kubernetes_addons.module.aws_kube_proxy.data.aws_eks_addon_version.this",
            "module.eks.module.eks_blueprints_kubernetes_addons.time_sleep.dataplane"
          ]
        }
      ]
    },
    {
      "module": "module.eks.module.eks_blueprints_kubernetes_addons.module.aws_load_balancer_controller[0]",
      "mode": "data",
      "type": "aws_iam_policy_document",
      "name": "aws_lb",
      "provider": "provider[\"registry.terraform.io/hashicorp/aws\"]",
      "instances": [
        {
          "schema_version": 0,
          "attributes": {
            "id": "2633998141",
            "json": "{\n  \"Version\": \"2012-10-17\",\n  \"Statement\": [\n    {\n      \"Sid\": \"\",\n      \"Effect\": \"Allow\",\n      \"Action\": \"iam:CreateServiceLinkedRole\",\n      \"Resource\": \"*\",\n      \"Condition\": {\n        \"StringEquals\": {\n          \"iam:AWSServiceName\": \"elasticloadbalancing.amazonaws.com\"\n        }\n      }\n    },\n    {\n      \"Sid\": \"\",\n      \"Effect\": \"Allow\",\n      \"Action\": [\n        \"elasticloadbalancing:DescribeTargetHealth\",\n        \"elasticloadbalancing:DescribeTargetGroups\",\n        \"elasticloadbalancing:DescribeTargetGroupAttributes\",\n        \"elasticloadbalancing:DescribeTags\",\n        \"elasticloadbalancing:DescribeSSLPolicies\",\n        \"elasticloadbalancing:DescribeRules\",\n        \"elasticloadbalancing:DescribeLoadBalancers\",\n        \"elasticloadbalancing:DescribeLoadBalancerAttributes\",\n        \"elasticloadbalancing:DescribeListeners\",\n        \"elasticloadbalancing:DescribeListenerCertificates\",\n        \"ec2:GetCoipPoolUsage\",\n        \"ec2:DescribeVpcs\",\n        \"ec2:DescribeVpcPeeringConnections\",\n        \"ec2:DescribeTags\",\n        \"ec2:DescribeSubnets\",\n        \"ec2:DescribeSecurityGroups\",\n        \"ec2:DescribeNetworkInterfaces\",\n        \"ec2:DescribeInternetGateways\",\n        \"ec2:DescribeInstances\",\n        \"ec2:DescribeCoipPools\",\n        \"ec2:DescribeAvailabilityZones\",\n        \"ec2:DescribeAddresses\",\n        \"ec2:DescribeAccountAttributes\"\n      ],\n      \"Resource\": \"*\"\n    },\n    {\n      \"Sid\": \"\",\n      \"Effect\": \"Allow\",\n      \"Action\": [\n        \"wafv2:GetWebACLForResource\",\n        \"wafv2:GetWebACL\",\n        \"wafv2:DisassociateWebACL\",\n        \"wafv2:AssociateWebACL\",\n        \"waf-regional:GetWebACLForResource\",\n        \"waf-regional:GetWebACL\",\n        \"waf-regional:DisassociateWebACL\",\n        \"waf-regional:AssociateWebACL\",\n        \"shield:GetSubscriptionState\",\n        \"shield:DescribeProtection\",\n        \"shield:DeleteProtection\",\n        \"shield:CreateProtection\",\n        \"iam:ListServerCertificates\",\n        \"iam:GetServerCertificate\",\n        \"cognito-idp:DescribeUserPoolClient\",\n        \"acm:ListCertificates\",\n        \"acm:DescribeCertificate\"\n      ],\n      \"Resource\": \"*\"\n    },\n    {\n      \"Sid\": \"\",\n      \"Effect\": \"Allow\",\n      \"Action\": [\n        \"ec2:RevokeSecurityGroupIngress\",\n        \"ec2:AuthorizeSecurityGroupIngress\"\n      ],\n      \"Resource\": \"*\"\n    },\n    {\n      \"Sid\": \"\",\n      \"Effect\": \"Allow\",\n      \"Action\": \"ec2:CreateSecurityGroup\",\n      \"Resource\": \"*\"\n    },\n    {\n      \"Sid\": \"\",\n      \"Effect\": \"Allow\",\n      \"Action\": \"ec2:CreateTags\",\n      \"Resource\": \"arn:aws:ec2:*:*:security-group/*\",\n      \"Condition\": {\n        \"Null\": {\n          \"aws:RequestTag/elbv2.k8s.aws/cluster\": \"false\"\n        },\n        \"StringEquals\": {\n          \"ec2:CreateAction\": \"CreateSecurityGroup\"\n        }\n      }\n    },\n    {\n      \"Sid\": \"\",\n      \"Effect\": \"Allow\",\n      \"Action\": [\n        \"ec2:DeleteTags\",\n        \"ec2:CreateTags\"\n      ],\n      \"Resource\": \"arn:aws:ec2:*:*:security-group/*\",\n      \"Condition\": {\n        \"Null\": {\n          \"aws:ResourceTag/ingress.k8s.aws/cluster\": \"false\"\n        }\n      }\n    },\n    {\n      \"Sid\": \"\",\n      \"Effect\": \"Allow\",\n      \"Action\": [\n        \"elasticloadbalancing:RemoveTags\",\n        \"elasticloadbalancing:DeleteTargetGroup\",\n        \"elasticloadbalancing:AddTags\"\n      ],\n      \"Resource\": [\n        \"arn:aws:elasticloadbalancing:*:*:targetgroup/*/*\",\n        \"arn:aws:elasticloadbalancing:*:*:loadbalancer/net/*/*\",\n        \"arn:aws:elasticloadbalancing:*:*:loadbalancer/app/*/*\"\n      ],\n      \"Condition\": {\n        \"Null\": {\n          \"aws:ResourceTag/ingress.k8s.aws/cluster\": \"false\"\n        }\n      }\n    },\n    {\n      \"Sid\": \"\",\n      \"Effect\": \"Allow\",\n      \"Action\": [\n        \"ec2:DeleteTags\",\n        \"ec2:CreateTags\"\n      ],\n      \"Resource\": \"arn:aws:ec2:*:*:security-group/*\",\n      \"Condition\": {\n        \"Null\": {\n          \"aws:RequestTag/elbv2.k8s.aws/cluster\": \"true\",\n          \"aws:ResourceTag/elbv2.k8s.aws/cluster\": \"false\"\n        }\n      }\n    },\n    {\n      \"Sid\": \"\",\n      \"Effect\": \"Allow\",\n      \"Action\": [\n        \"ec2:RevokeSecurityGroupIngress\",\n        \"ec2:DeleteSecurityGroup\",\n        \"ec2:AuthorizeSecurityGroupIngress\"\n      ],\n      \"Resource\": \"*\",\n      \"Condition\": {\n        \"Null\": {\n          \"aws:ResourceTag/elbv2.k8s.aws/cluster\": \"false\"\n        }\n      }\n    },\n    {\n      \"Sid\": \"\",\n      \"Effect\": \"Allow\",\n      \"Action\": [\n        \"elasticloadbalancing:CreateTargetGroup\",\n        \"elasticloadbalancing:CreateLoadBalancer\"\n      ],\n      \"Resource\": \"*\",\n      \"Condition\": {\n        \"Null\": {\n          \"aws:RequestTag/elbv2.k8s.aws/cluster\": \"false\"\n        }\n      }\n    },\n    {\n      \"Sid\": \"\",\n      \"Effect\": \"Allow\",\n      \"Action\": [\n        \"elasticloadbalancing:DeleteRule\",\n        \"elasticloadbalancing:DeleteListener\",\n        \"elasticloadbalancing:CreateRule\",\n        \"elasticloadbalancing:CreateListener\"\n      ],\n      \"Resource\": \"*\"\n    },\n    {\n      \"Sid\": \"\",\n      \"Effect\": \"Allow\",\n      \"Action\": [\n        \"elasticloadbalancing:RemoveTags\",\n        \"elasticloadbalancing:AddTags\"\n      ],\n      \"Resource\": [\n        \"arn:aws:elasticloadbalancing:*:*:targetgroup/*/*\",\n        \"arn:aws:elasticloadbalancing:*:*:loadbalancer/net/*/*\",\n        \"arn:aws:elasticloadbalancing:*:*:loadbalancer/app/*/*\"\n      ],\n      \"Condition\": {\n        \"Null\": {\n          \"aws:RequestTag/elbv2.k8s.aws/cluster\": \"true\",\n          \"aws:ResourceTag/elbv2.k8s.aws/cluster\": \"false\"\n        }\n      }\n    },\n    {\n      \"Sid\": \"\",\n      \"Effect\": \"Allow\",\n      \"Action\": [\n        \"elasticloadbalancing:RemoveTags\",\n        \"elasticloadbalancing:AddTags\"\n      ],\n      \"Resource\": [\n        \"arn:aws:elasticloadbalancing:*:*:listener/net/*/*/*\",\n        \"arn:aws:elasticloadbalancing:*:*:listener/app/*/*/*\",\n        \"arn:aws:elasticloadbalancing:*:*:listener-rule/net/*/*/*\",\n        \"arn:aws:elasticloadbalancing:*:*:listener-rule/app/*/*/*\"\n      ]\n    },\n    {\n      \"Sid\": \"\",\n      \"Effect\": \"Allow\",\n      \"Action\": [\n        \"elasticloadbalancing:SetSubnets\",\n        \"elasticloadbalancing:SetSecurityGroups\",\n        \"elasticloadbalancing:SetIpAddressType\",\n        \"elasticloadbalancing:ModifyTargetGroupAttributes\",\n        \"elasticloadbalancing:ModifyTargetGroup\",\n        \"elasticloadbalancing:ModifyLoadBalancerAttributes\",\n        \"elasticloadbalancing:DeleteTargetGroup\",\n        \"elasticloadbalancing:DeleteLoadBalancer\"\n      ],\n      \"Resource\": \"*\",\n      \"Condition\": {\n        \"Null\": {\n          \"aws:ResourceTag/elbv2.k8s.aws/cluster\": \"false\"\n        }\n      }\n    },\n    {\n      \"Sid\": \"\",\n      \"Effect\": \"Allow\",\n      \"Action\": [\n        \"elasticloadbalancing:RegisterTargets\",\n        \"elasticloadbalancing:DeregisterTargets\"\n      ],\n      \"Resource\": \"arn:aws:elasticloadbalancing:*:*:targetgroup/*/*\"\n    },\n    {\n      \"Sid\": \"\",\n      \"Effect\": \"Allow\",\n      \"Action\": [\n        \"elasticloadbalancing:SetWebAcl\",\n        \"elasticloadbalancing:RemoveListenerCertificates\",\n        \"elasticloadbalancing:ModifyRule\",\n        \"elasticloadbalancing:ModifyListener\",\n        \"elasticloadbalancing:AddListenerCertificates\"\n      ],\n      \"Resource\": \"*\"\n    }\n  ]\n}",
            "override_json": null,
            "override_policy_documents": null,
            "policy_id": null,
            "source_json": null,
            "source_policy_documents": null,
            "statement": [
              {
                "actions": [
                  "iam:CreateServiceLinkedRole"
                ],
                "condition": [
                  {
                    "test": "StringEquals",
                    "values": [
                      "elasticloadbalancing.amazonaws.com"
                    ],
                    "variable": "iam:AWSServiceName"
                  }
                ],
                "effect": "Allow",
                "not_actions": [],
                "not_principals": [],
                "not_resources": [],
                "principals": [],
                "resources": [
                  "*"
                ],
                "sid": ""
              },
              {
                "actions": [
                  "ec2:DescribeAccountAttributes",
                  "ec2:DescribeAddresses",
                  "ec2:DescribeAvailabilityZones",
                  "ec2:DescribeCoipPools",
                  "ec2:DescribeInstances",
                  "ec2:DescribeInternetGateways",
                  "ec2:DescribeNetworkInterfaces",
                  "ec2:DescribeSecurityGroups",
                  "ec2:DescribeSubnets",
                  "ec2:DescribeTags",
                  "ec2:DescribeVpcPeeringConnections",
                  "ec2:DescribeVpcs",
                  "ec2:GetCoipPoolUsage",
                  "elasticloadbalancing:DescribeListenerCertificates",
                  "elasticloadbalancing:DescribeListeners",
                  "elasticloadbalancing:DescribeLoadBalancerAttributes",
                  "elasticloadbalancing:DescribeLoadBalancers",
                  "elasticloadbalancing:DescribeRules",
                  "elasticloadbalancing:DescribeSSLPolicies",
                  "elasticloadbalancing:DescribeTags",
                  "elasticloadbalancing:DescribeTargetGroupAttributes",
                  "elasticloadbalancing:DescribeTargetGroups",
                  "elasticloadbalancing:DescribeTargetHealth"
                ],
                "condition": [],
                "effect": "Allow",
                "not_actions": [],
                "not_principals": [],
                "not_resources": [],
                "principals": [],
                "resources": [
                  "*"
                ],
                "sid": ""
              },
              {
                "actions": [
                  "acm:DescribeCertificate",
                  "acm:ListCertificates",
                  "cognito-idp:DescribeUserPoolClient",
                  "iam:GetServerCertificate",
                  "iam:ListServerCertificates",
                  "shield:CreateProtection",
                  "shield:DeleteProtection",
                  "shield:DescribeProtection",
                  "shield:GetSubscriptionState",
                  "waf-regional:AssociateWebACL",
                  "waf-regional:DisassociateWebACL",
                  "waf-regional:GetWebACL",
                  "waf-regional:GetWebACLForResource",
                  "wafv2:AssociateWebACL",
                  "wafv2:DisassociateWebACL",
                  "wafv2:GetWebACL",
                  "wafv2:GetWebACLForResource"
                ],
                "condition": [],
                "effect": "Allow",
                "not_actions": [],
                "not_principals": [],
                "not_resources": [],
                "principals": [],
                "resources": [
                  "*"
                ],
                "sid": ""
              },
              {
                "actions": [
                  "ec2:AuthorizeSecurityGroupIngress",
                  "ec2:RevokeSecurityGroupIngress"
                ],
                "condition": [],
                "effect": "Allow",
                "not_actions": [],
                "not_principals": [],
                "not_resources": [],
                "principals": [],
                "resources": [
                  "*"
                ],
                "sid": ""
              },
              {
                "actions": [
                  "ec2:CreateSecurityGroup"
                ],
                "condition": [],
                "effect": "Allow",
                "not_actions": [],
                "not_principals": [],
                "not_resources": [],
                "principals": [],
                "resources": [
                  "*"
                ],
                "sid": ""
              },
              {
                "actions": [
                  "ec2:CreateTags"
                ],
                "condition": [
                  {
                    "test": "Null",
                    "values": [
                      "false"
                    ],
                    "variable": "aws:RequestTag/elbv2.k8s.aws/cluster"
                  },
                  {
                    "test": "StringEquals",
                    "values": [
                      "CreateSecurityGroup"
                    ],
                    "variable": "ec2:CreateAction"
                  }
                ],
                "effect": "Allow",
                "not_actions": [],
                "not_principals": [],
                "not_resources": [],
                "principals": [],
                "resources": [
                  "arn:aws:ec2:*:*:security-group/*"
                ],
                "sid": ""
              },
              {
                "actions": [
                  "ec2:CreateTags",
                  "ec2:DeleteTags"
                ],
                "condition": [
                  {
                    "test": "Null",
                    "values": [
                      "false"
                    ],
                    "variable": "aws:ResourceTag/ingress.k8s.aws/cluster"
                  }
                ],
                "effect": "Allow",
                "not_actions": [],
                "not_principals": [],
                "not_resources": [],
                "principals": [],
                "resources": [
                  "arn:aws:ec2:*:*:security-group/*"
                ],
                "sid": ""
              },
              {
                "actions": [
                  "elasticloadbalancing:AddTags",
                  "elasticloadbalancing:DeleteTargetGroup",
                  "elasticloadbalancing:RemoveTags"
                ],
                "condition": [
                  {
                    "test": "Null",
                    "values": [
                      "false"
                    ],
                    "variable": "aws:ResourceTag/ingress.k8s.aws/cluster"
                  }
                ],
                "effect": "Allow",
                "not_actions": [],
                "not_principals": [],
                "not_resources": [],
                "principals": [],
                "resources": [
                  "arn:aws:elasticloadbalancing:*:*:loadbalancer/app/*/*",
                  "arn:aws:elasticloadbalancing:*:*:loadbalancer/net/*/*",
                  "arn:aws:elasticloadbalancing:*:*:targetgroup/*/*"
                ],
                "sid": ""
              },
              {
                "actions": [
                  "ec2:CreateTags",
                  "ec2:DeleteTags"
                ],
                "condition": [
                  {
                    "test": "Null",
                    "values": [
                      "false"
                    ],
                    "variable": "aws:ResourceTag/elbv2.k8s.aws/cluster"
                  },
                  {
                    "test": "Null",
                    "values": [
                      "true"
                    ],
                    "variable": "aws:RequestTag/elbv2.k8s.aws/cluster"
                  }
                ],
                "effect": "Allow",
                "not_actions": [],
                "not_principals": [],
                "not_resources": [],
                "principals": [],
                "resources": [
                  "arn:aws:ec2:*:*:security-group/*"
                ],
                "sid": ""
              },
              {
                "actions": [
                  "ec2:AuthorizeSecurityGroupIngress",
                  "ec2:DeleteSecurityGroup",
                  "ec2:RevokeSecurityGroupIngress"
                ],
                "condition": [
                  {
                    "test": "Null",
                    "values": [
                      "false"
                    ],
                    "variable": "aws:ResourceTag/elbv2.k8s.aws/cluster"
                  }
                ],
                "effect": "Allow",
                "not_actions": [],
                "not_principals": [],
                "not_resources": [],
                "principals": [],
                "resources": [
                  "*"
                ],
                "sid": ""
              },
              {
                "actions": [
                  "elasticloadbalancing:CreateLoadBalancer",
                  "elasticloadbalancing:CreateTargetGroup"
                ],
                "condition": [
                  {
                    "test": "Null",
                    "values": [
                      "false"
                    ],
                    "variable": "aws:RequestTag/elbv2.k8s.aws/cluster"
                  }
                ],
                "effect": "Allow",
                "not_actions": [],
                "not_principals": [],
                "not_resources": [],
                "principals": [],
                "resources": [
                  "*"
                ],
                "sid": ""
              },
              {
                "actions": [
                  "elasticloadbalancing:CreateListener",
                  "elasticloadbalancing:CreateRule",
                  "elasticloadbalancing:DeleteListener",
                  "elasticloadbalancing:DeleteRule"
                ],
                "condition": [],
                "effect": "Allow",
                "not_actions": [],
                "not_principals": [],
                "not_resources": [],
                "principals": [],
                "resources": [
                  "*"
                ],
                "sid": ""
              },
              {
                "actions": [
                  "elasticloadbalancing:AddTags",
                  "elasticloadbalancing:RemoveTags"
                ],
                "condition": [
                  {
                    "test": "Null",
                    "values": [
                      "false"
                    ],
                    "variable": "aws:ResourceTag/elbv2.k8s.aws/cluster"
                  },
                  {
                    "test": "Null",
                    "values": [
                      "true"
                    ],
                    "variable": "aws:RequestTag/elbv2.k8s.aws/cluster"
                  }
                ],
                "effect": "Allow",
                "not_actions": [],
                "not_principals": [],
                "not_resources": [],
                "principals": [],
                "resources": [
                  "arn:aws:elasticloadbalancing:*:*:loadbalancer/app/*/*",
                  "arn:aws:elasticloadbalancing:*:*:loadbalancer/net/*/*",
                  "arn:aws:elasticloadbalancing:*:*:targetgroup/*/*"
                ],
                "sid": ""
              },
              {
                "actions": [
                  "elasticloadbalancing:AddTags",
                  "elasticloadbalancing:RemoveTags"
                ],
                "condition": [],
                "effect": "Allow",
                "not_actions": [],
                "not_principals": [],
                "not_resources": [],
                "principals": [],
                "resources": [
                  "arn:aws:elasticloadbalancing:*:*:listener-rule/app/*/*/*",
                  "arn:aws:elasticloadbalancing:*:*:listener-rule/net/*/*/*",
                  "arn:aws:elasticloadbalancing:*:*:listener/app/*/*/*",
                  "arn:aws:elasticloadbalancing:*:*:listener/net/*/*/*"
                ],
                "sid": ""
              },
              {
                "actions": [
                  "elasticloadbalancing:DeleteLoadBalancer",
                  "elasticloadbalancing:DeleteTargetGroup",
                  "elasticloadbalancing:ModifyLoadBalancerAttributes",
                  "elasticloadbalancing:ModifyTargetGroup",
                  "elasticloadbalancing:ModifyTargetGroupAttributes",
                  "elasticloadbalancing:SetIpAddressType",
                  "elasticloadbalancing:SetSecurityGroups",
                  "elasticloadbalancing:SetSubnets"
                ],
                "condition": [
                  {
                    "test": "Null",
                    "values": [
                      "false"
                    ],
                    "variable": "aws:ResourceTag/elbv2.k8s.aws/cluster"
                  }
                ],
                "effect": "Allow",
                "not_actions": [],
                "not_principals": [],
                "not_resources": [],
                "principals": [],
                "resources": [
                  "*"
                ],
                "sid": ""
              },
              {
                "actions": [
                  "elasticloadbalancing:DeregisterTargets",
                  "elasticloadbalancing:RegisterTargets"
                ],
                "condition": [],
                "effect": "Allow",
                "not_actions": [],
                "not_principals": [],
                "not_resources": [],
                "principals": [],
                "resources": [
                  "arn:aws:elasticloadbalancing:*:*:targetgroup/*/*"
                ],
                "sid": ""
              },
              {
                "actions": [
                  "elasticloadbalancing:AddListenerCertificates",
                  "elasticloadbalancing:ModifyListener",
                  "elasticloadbalancing:ModifyRule",
                  "elasticloadbalancing:RemoveListenerCertificates",
                  "elasticloadbalancing:SetWebAcl"
                ],
                "condition": [],
                "effect": "Allow",
                "not_actions": [],
                "not_principals": [],
                "not_resources": [],
                "principals": [],
                "resources": [
                  "*"
                ],
                "sid": ""
              }
            ],
            "version": "2012-10-17"
          },
          "sensitive_attributes": []
        }
      ]
    },
    {
      "module": "module.eks.module.eks_blueprints_kubernetes_addons.module.aws_load_balancer_controller[0]",
      "mode": "managed",
      "type": "aws_iam_policy",
      "name": "aws_load_balancer_controller",
      "provider": "provider[\"registry.terraform.io/hashicorp/aws\"]",
      "instances": [
        {
          "schema_version": 0,
          "attributes": {
            "arn": "arn:aws:iam::431384414715:policy/nocnoc-production-lb-irsa",
            "description": "Allows lb controller to manage ALB and NLB",
            "id": "arn:aws:iam::431384414715:policy/nocnoc-production-lb-irsa",
            "name": "nocnoc-production-lb-irsa",
            "name_prefix": null,
            "path": "/",
            "policy": "{\"Statement\":[{\"Action\":\"iam:CreateServiceLinkedRole\",\"Condition\":{\"StringEquals\":{\"iam:AWSServiceName\":\"elasticloadbalancing.amazonaws.com\"}},\"Effect\":\"Allow\",\"Resource\":\"*\",\"Sid\":\"\"},{\"Action\":[\"elasticloadbalancing:DescribeTargetHealth\",\"elasticloadbalancing:DescribeTargetGroups\",\"elasticloadbalancing:DescribeTargetGroupAttributes\",\"elasticloadbalancing:DescribeTags\",\"elasticloadbalancing:DescribeSSLPolicies\",\"elasticloadbalancing:DescribeRules\",\"elasticloadbalancing:DescribeLoadBalancers\",\"elasticloadbalancing:DescribeLoadBalancerAttributes\",\"elasticloadbalancing:DescribeListeners\",\"elasticloadbalancing:DescribeListenerCertificates\",\"ec2:GetCoipPoolUsage\",\"ec2:DescribeVpcs\",\"ec2:DescribeVpcPeeringConnections\",\"ec2:DescribeTags\",\"ec2:DescribeSubnets\",\"ec2:DescribeSecurityGroups\",\"ec2:DescribeNetworkInterfaces\",\"ec2:DescribeInternetGateways\",\"ec2:DescribeInstances\",\"ec2:DescribeCoipPools\",\"ec2:DescribeAvailabilityZones\",\"ec2:DescribeAddresses\",\"ec2:DescribeAccountAttributes\"],\"Effect\":\"Allow\",\"Resource\":\"*\",\"Sid\":\"\"},{\"Action\":[\"wafv2:GetWebACLForResource\",\"wafv2:GetWebACL\",\"wafv2:DisassociateWebACL\",\"wafv2:AssociateWebACL\",\"waf-regional:GetWebACLForResource\",\"waf-regional:GetWebACL\",\"waf-regional:DisassociateWebACL\",\"waf-regional:AssociateWebACL\",\"shield:GetSubscriptionState\",\"shield:DescribeProtection\",\"shield:DeleteProtection\",\"shield:CreateProtection\",\"iam:ListServerCertificates\",\"iam:GetServerCertificate\",\"cognito-idp:DescribeUserPoolClient\",\"acm:ListCertificates\",\"acm:DescribeCertificate\"],\"Effect\":\"Allow\",\"Resource\":\"*\",\"Sid\":\"\"},{\"Action\":[\"ec2:RevokeSecurityGroupIngress\",\"ec2:AuthorizeSecurityGroupIngress\"],\"Effect\":\"Allow\",\"Resource\":\"*\",\"Sid\":\"\"},{\"Action\":\"ec2:CreateSecurityGroup\",\"Effect\":\"Allow\",\"Resource\":\"*\",\"Sid\":\"\"},{\"Action\":\"ec2:CreateTags\",\"Condition\":{\"Null\":{\"aws:RequestTag/elbv2.k8s.aws/cluster\":\"false\"},\"StringEquals\":{\"ec2:CreateAction\":\"CreateSecurityGroup\"}},\"Effect\":\"Allow\",\"Resource\":\"arn:aws:ec2:*:*:security-group/*\",\"Sid\":\"\"},{\"Action\":[\"ec2:DeleteTags\",\"ec2:CreateTags\"],\"Condition\":{\"Null\":{\"aws:ResourceTag/ingress.k8s.aws/cluster\":\"false\"}},\"Effect\":\"Allow\",\"Resource\":\"arn:aws:ec2:*:*:security-group/*\",\"Sid\":\"\"},{\"Action\":[\"elasticloadbalancing:RemoveTags\",\"elasticloadbalancing:DeleteTargetGroup\",\"elasticloadbalancing:AddTags\"],\"Condition\":{\"Null\":{\"aws:ResourceTag/ingress.k8s.aws/cluster\":\"false\"}},\"Effect\":\"Allow\",\"Resource\":[\"arn:aws:elasticloadbalancing:*:*:targetgroup/*/*\",\"arn:aws:elasticloadbalancing:*:*:loadbalancer/net/*/*\",\"arn:aws:elasticloadbalancing:*:*:loadbalancer/app/*/*\"],\"Sid\":\"\"},{\"Action\":[\"ec2:DeleteTags\",\"ec2:CreateTags\"],\"Condition\":{\"Null\":{\"aws:RequestTag/elbv2.k8s.aws/cluster\":\"true\",\"aws:ResourceTag/elbv2.k8s.aws/cluster\":\"false\"}},\"Effect\":\"Allow\",\"Resource\":\"arn:aws:ec2:*:*:security-group/*\",\"Sid\":\"\"},{\"Action\":[\"ec2:RevokeSecurityGroupIngress\",\"ec2:DeleteSecurityGroup\",\"ec2:AuthorizeSecurityGroupIngress\"],\"Condition\":{\"Null\":{\"aws:ResourceTag/elbv2.k8s.aws/cluster\":\"false\"}},\"Effect\":\"Allow\",\"Resource\":\"*\",\"Sid\":\"\"},{\"Action\":[\"elasticloadbalancing:CreateTargetGroup\",\"elasticloadbalancing:CreateLoadBalancer\"],\"Condition\":{\"Null\":{\"aws:RequestTag/elbv2.k8s.aws/cluster\":\"false\"}},\"Effect\":\"Allow\",\"Resource\":\"*\",\"Sid\":\"\"},{\"Action\":[\"elasticloadbalancing:DeleteRule\",\"elasticloadbalancing:DeleteListener\",\"elasticloadbalancing:CreateRule\",\"elasticloadbalancing:CreateListener\"],\"Effect\":\"Allow\",\"Resource\":\"*\",\"Sid\":\"\"},{\"Action\":[\"elasticloadbalancing:RemoveTags\",\"elasticloadbalancing:AddTags\"],\"Condition\":{\"Null\":{\"aws:RequestTag/elbv2.k8s.aws/cluster\":\"true\",\"aws:ResourceTag/elbv2.k8s.aws/cluster\":\"false\"}},\"Effect\":\"Allow\",\"Resource\":[\"arn:aws:elasticloadbalancing:*:*:targetgroup/*/*\",\"arn:aws:elasticloadbalancing:*:*:loadbalancer/net/*/*\",\"arn:aws:elasticloadbalancing:*:*:loadbalancer/app/*/*\"],\"Sid\":\"\"},{\"Action\":[\"elasticloadbalancing:RemoveTags\",\"elasticloadbalancing:AddTags\"],\"Effect\":\"Allow\",\"Resource\":[\"arn:aws:elasticloadbalancing:*:*:listener/net/*/*/*\",\"arn:aws:elasticloadbalancing:*:*:listener/app/*/*/*\",\"arn:aws:elasticloadbalancing:*:*:listener-rule/net/*/*/*\",\"arn:aws:elasticloadbalancing:*:*:listener-rule/app/*/*/*\"],\"Sid\":\"\"},{\"Action\":[\"elasticloadbalancing:SetSubnets\",\"elasticloadbalancing:SetSecurityGroups\",\"elasticloadbalancing:SetIpAddressType\",\"elasticloadbalancing:ModifyTargetGroupAttributes\",\"elasticloadbalancing:ModifyTargetGroup\",\"elasticloadbalancing:ModifyLoadBalancerAttributes\",\"elasticloadbalancing:DeleteTargetGroup\",\"elasticloadbalancing:DeleteLoadBalancer\"],\"Condition\":{\"Null\":{\"aws:ResourceTag/elbv2.k8s.aws/cluster\":\"false\"}},\"Effect\":\"Allow\",\"Resource\":\"*\",\"Sid\":\"\"},{\"Action\":[\"elasticloadbalancing:RegisterTargets\",\"elasticloadbalancing:DeregisterTargets\"],\"Effect\":\"Allow\",\"Resource\":\"arn:aws:elasticloadbalancing:*:*:targetgroup/*/*\",\"Sid\":\"\"},{\"Action\":[\"elasticloadbalancing:SetWebAcl\",\"elasticloadbalancing:RemoveListenerCertificates\",\"elasticloadbalancing:ModifyRule\",\"elasticloadbalancing:ModifyListener\",\"elasticloadbalancing:AddListenerCertificates\"],\"Effect\":\"Allow\",\"Resource\":\"*\",\"Sid\":\"\"}],\"Version\":\"2012-10-17\"}",
            "policy_id": "ANPAWI4EDZH5U75FAN4TR",
            "tags": null,
            "tags_all": {}
          },
          "sensitive_attributes": [],
          "private": "bnVsbA==",
          "dependencies": [
            "data.terraform_remote_state.network",
            "module.eks.module.eks_blueprints.data.aws_iam_policy_document.eks_key",
            "module.eks.module.eks_blueprints.module.aws_eks.aws_cloudwatch_log_group.this",
            "module.eks.module.eks_blueprints.module.aws_eks.aws_eks_cluster.this",
            "module.eks.module.eks_blueprints.module.aws_eks.aws_iam_role.this",
            "module.eks.module.eks_blueprints.module.aws_eks.aws_iam_role_policy_attachment.this",
            "module.eks.module.eks_blueprints.module.aws_eks.aws_security_group.cluster",
            "module.eks.module.eks_blueprints.module.aws_eks.aws_security_group.node",
            "module.eks.module.eks_blueprints.module.aws_eks.aws_security_group_rule.cluster",
            "module.eks.module.eks_blueprints.module.aws_eks.aws_security_group_rule.node",
            "module.eks.module.eks_blueprints.module.aws_eks.data.aws_iam_policy_document.assume_role_policy",
            "module.eks.module.eks_blueprints.module.aws_eks.data.aws_partition.current",
            "module.eks.module.eks_blueprints.module.aws_eks.module.kms.aws_kms_external_key.this",
            "module.eks.module.eks_blueprints.module.aws_eks.module.kms.aws_kms_key.this",
            "module.eks.module.eks_blueprints.module.kms.aws_kms_key.this",
            "module.eks.module.eks_blueprints_kubernetes_addons.data.aws_caller_identity.current",
            "module.eks.module.eks_blueprints_kubernetes_addons.data.aws_eks_cluster.eks_cluster",
            "module.eks.module.eks_blueprints_kubernetes_addons.data.aws_partition.current",
            "module.eks.module.eks_blueprints_kubernetes_addons.data.aws_region.current",
            "module.eks.module.eks_blueprints_kubernetes_addons.module.aws_load_balancer_controller.data.aws_iam_policy_document.aws_lb",
            "module.eks.module.eks_blueprints_kubernetes_addons.time_sleep.dataplane"
          ]
        }
      ]
    },
    {
      "module": "module.eks.module.eks_blueprints_kubernetes_addons.module.aws_load_balancer_controller[0].module.helm_addon.module.irsa[0]",
      "mode": "managed",
      "type": "aws_iam_role",
      "name": "irsa",
      "provider": "provider[\"registry.terraform.io/hashicorp/aws\"]",
      "instances": [
        {
          "index_key": 0,
          "schema_version": 0,
          "attributes": {
            "arn": "arn:aws:iam::431384414715:role/nocnoc-production-aws-load-balancer-controller-sa-irsa",
            "assume_role_policy": "{\"Statement\":[{\"Action\":\"sts:AssumeRoleWithWebIdentity\",\"Condition\":{\"StringLike\":{\"oidc.eks.ap-southeast-1.amazonaws.com/id/19EEBAA2771067CC07CF4ACF1AAB4A72:aud\":\"sts.amazonaws.com\",\"oidc.eks.ap-southeast-1.amazonaws.com/id/19EEBAA2771067CC07CF4ACF1AAB4A72:sub\":\"system:serviceaccount:kube-system:aws-load-balancer-controller-sa\"}},\"Effect\":\"Allow\",\"Principal\":{\"Federated\":\"arn:aws:iam::431384414715:oidc-provider/oidc.eks.ap-southeast-1.amazonaws.com/id/19EEBAA2771067CC07CF4ACF1AAB4A72\"}}],\"Version\":\"2012-10-17\"}",
            "create_date": "2022-12-22T09:34:44Z",
            "description": "AWS IAM Role for the Kubernetes service account aws-load-balancer-controller-sa.",
            "force_detach_policies": true,
            "id": "nocnoc-production-aws-load-balancer-controller-sa-irsa",
            "inline_policy": [],
            "managed_policy_arns": [],
            "max_session_duration": 3600,
            "name": "nocnoc-production-aws-load-balancer-controller-sa-irsa",
            "name_prefix": "",
            "path": "/",
            "permissions_boundary": "",
            "tags": null,
            "tags_all": {},
            "unique_id": "AROAWI4EDZH55PMEBMSKZ"
          },
          "sensitive_attributes": [],
          "private": "bnVsbA==",
          "dependencies": [
            "data.terraform_remote_state.network",
            "module.eks.module.eks_blueprints.data.aws_iam_policy_document.eks_key",
            "module.eks.module.eks_blueprints.module.aws_eks.aws_cloudwatch_log_group.this",
            "module.eks.module.eks_blueprints.module.aws_eks.aws_eks_cluster.this",
            "module.eks.module.eks_blueprints.module.aws_eks.aws_iam_role.this",
            "module.eks.module.eks_blueprints.module.aws_eks.aws_iam_role_policy_attachment.this",
            "module.eks.module.eks_blueprints.module.aws_eks.aws_security_group.cluster",
            "module.eks.module.eks_blueprints.module.aws_eks.aws_security_group.node",
            "module.eks.module.eks_blueprints.module.aws_eks.aws_security_group_rule.cluster",
            "module.eks.module.eks_blueprints.module.aws_eks.aws_security_group_rule.node",
            "module.eks.module.eks_blueprints.module.aws_eks.data.aws_iam_policy_document.assume_role_policy",
            "module.eks.module.eks_blueprints.module.aws_eks.data.aws_partition.current",
            "module.eks.module.eks_blueprints.module.aws_eks.module.kms.aws_kms_external_key.this",
            "module.eks.module.eks_blueprints.module.aws_eks.module.kms.aws_kms_key.this",
            "module.eks.module.eks_blueprints.module.kms.aws_kms_key.this",
            "module.eks.module.eks_blueprints_kubernetes_addons.data.aws_caller_identity.current",
            "module.eks.module.eks_blueprints_kubernetes_addons.data.aws_eks_cluster.eks_cluster",
            "module.eks.module.eks_blueprints_kubernetes_addons.data.aws_partition.current",
            "module.eks.module.eks_blueprints_kubernetes_addons.data.aws_region.current",
            "module.eks.module.eks_blueprints_kubernetes_addons.module.aws_load_balancer_controller.aws_iam_policy.aws_load_balancer_controller",
            "module.eks.module.eks_blueprints_kubernetes_addons.module.aws_load_balancer_controller.data.aws_iam_policy_document.aws_lb",
            "module.eks.module.eks_blueprints_kubernetes_addons.time_sleep.dataplane"
          ]
        }
      ]
    },
    {
      "module": "module.eks.module.eks_blueprints_kubernetes_addons.module.aws_load_balancer_controller[0].module.helm_addon.module.irsa[0]",
      "mode": "managed",
      "type": "aws_iam_role_policy_attachment",
      "name": "irsa",
      "provider": "provider[\"registry.terraform.io/hashicorp/aws\"]",
      "instances": [
        {
          "index_key": 0,
          "schema_version": 0,
          "attributes": {
            "id": "nocnoc-production-aws-load-balancer-controller-sa-irsa-2022122209344688620000001a",
            "policy_arn": "arn:aws:iam::431384414715:policy/nocnoc-production-lb-irsa",
            "role": "nocnoc-production-aws-load-balancer-controller-sa-irsa"
          },
          "sensitive_attributes": [],
          "private": "bnVsbA==",
          "dependencies": [
            "data.terraform_remote_state.network",
            "module.eks.module.eks_blueprints.data.aws_iam_policy_document.eks_key",
            "module.eks.module.eks_blueprints.module.aws_eks.aws_cloudwatch_log_group.this",
            "module.eks.module.eks_blueprints.module.aws_eks.aws_eks_cluster.this",
            "module.eks.module.eks_blueprints.module.aws_eks.aws_iam_role.this",
            "module.eks.module.eks_blueprints.module.aws_eks.aws_iam_role_policy_attachment.this",
            "module.eks.module.eks_blueprints.module.aws_eks.aws_security_group.cluster",
            "module.eks.module.eks_blueprints.module.aws_eks.aws_security_group.node",
            "module.eks.module.eks_blueprints.module.aws_eks.aws_security_group_rule.cluster",
            "module.eks.module.eks_blueprints.module.aws_eks.aws_security_group_rule.node",
            "module.eks.module.eks_blueprints.module.aws_eks.data.aws_iam_policy_document.assume_role_policy",
            "module.eks.module.eks_blueprints.module.aws_eks.data.aws_partition.current",
            "module.eks.module.eks_blueprints.module.aws_eks.module.kms.aws_kms_external_key.this",
            "module.eks.module.eks_blueprints.module.aws_eks.module.kms.aws_kms_key.this",
            "module.eks.module.eks_blueprints.module.kms.aws_kms_key.this",
            "module.eks.module.eks_blueprints_kubernetes_addons.data.aws_caller_identity.current",
            "module.eks.module.eks_blueprints_kubernetes_addons.data.aws_eks_cluster.eks_cluster",
            "module.eks.module.eks_blueprints_kubernetes_addons.data.aws_partition.current",
            "module.eks.module.eks_blueprints_kubernetes_addons.data.aws_region.current",
            "module.eks.module.eks_blueprints_kubernetes_addons.module.aws_load_balancer_controller.aws_iam_policy.aws_load_balancer_controller",
            "module.eks.module.eks_blueprints_kubernetes_addons.module.aws_load_balancer_controller.data.aws_iam_policy_document.aws_lb",
            "module.eks.module.eks_blueprints_kubernetes_addons.module.aws_load_balancer_controller.module.helm_addon.module.irsa.aws_iam_role.irsa",
            "module.eks.module.eks_blueprints_kubernetes_addons.time_sleep.dataplane"
          ]
        }
      ]
    },
    {
      "module": "module.eks.module.eks_blueprints_kubernetes_addons.module.aws_load_balancer_controller[0].module.helm_addon.module.irsa[0]",
      "mode": "managed",
      "type": "kubernetes_service_account_v1",
      "name": "irsa",
      "provider": "module.eks.provider[\"registry.terraform.io/hashicorp/kubernetes\"]",
      "instances": [
        {
          "index_key": 0,
          "schema_version": 0,
          "attributes": {
            "automount_service_account_token": true,
            "default_secret_name": "",
            "id": "kube-system/aws-load-balancer-controller-sa",
            "image_pull_secret": [],
            "metadata": [
              {
                "annotations": {
                  "eks.amazonaws.com/role-arn": "arn:aws:iam::431384414715:role/nocnoc-production-aws-load-balancer-controller-sa-irsa"
                },
                "generate_name": "",
                "generation": 0,
                "labels": null,
                "name": "aws-load-balancer-controller-sa",
                "namespace": "kube-system",
                "resource_version": "1411",
                "uid": "1c3da2f7-a444-43c7-9263-152dbb065f85"
              }
            ],
            "secret": [],
            "timeouts": null
          },
          "sensitive_attributes": [],
          "private": "eyJlMmJmYjczMC1lY2FhLTExZTYtOGY4OC0zNDM2M2JjN2M0YzAiOnsiY3JlYXRlIjozMDAwMDAwMDAwMH19",
          "dependencies": [
            "data.terraform_remote_state.network",
            "module.eks.data.aws_eks_cluster_auth.this",
            "module.eks.module.eks_blueprints.data.aws_iam_policy_document.eks_key",
            "module.eks.module.eks_blueprints.module.aws_eks.aws_cloudwatch_log_group.this",
            "module.eks.module.eks_blueprints.module.aws_eks.aws_eks_cluster.this",
            "module.eks.module.eks_blueprints.module.aws_eks.aws_iam_role.this",
            "module.eks.module.eks_blueprints.module.aws_eks.aws_iam_role_policy_attachment.this",
            "module.eks.module.eks_blueprints.module.aws_eks.aws_security_group.cluster",
            "module.eks.module.eks_blueprints.module.aws_eks.aws_security_group.node",
            "module.eks.module.eks_blueprints.module.aws_eks.aws_security_group_rule.cluster",
            "module.eks.module.eks_blueprints.module.aws_eks.aws_security_group_rule.node",
            "module.eks.module.eks_blueprints.module.aws_eks.data.aws_iam_policy_document.assume_role_policy",
            "module.eks.module.eks_blueprints.module.aws_eks.data.aws_partition.current",
            "module.eks.module.eks_blueprints.module.aws_eks.module.kms.aws_kms_external_key.this",
            "module.eks.module.eks_blueprints.module.aws_eks.module.kms.aws_kms_key.this",
            "module.eks.module.eks_blueprints.module.kms.aws_kms_key.this",
            "module.eks.module.eks_blueprints_kubernetes_addons.data.aws_caller_identity.current",
            "module.eks.module.eks_blueprints_kubernetes_addons.data.aws_eks_cluster.eks_cluster",
            "module.eks.module.eks_blueprints_kubernetes_addons.data.aws_partition.current",
            "module.eks.module.eks_blueprints_kubernetes_addons.data.aws_region.current",
            "module.eks.module.eks_blueprints_kubernetes_addons.module.aws_load_balancer_controller.aws_iam_policy.aws_load_balancer_controller",
            "module.eks.module.eks_blueprints_kubernetes_addons.module.aws_load_balancer_controller.data.aws_iam_policy_document.aws_lb",
            "module.eks.module.eks_blueprints_kubernetes_addons.module.aws_load_balancer_controller.module.helm_addon.module.irsa.aws_iam_role.irsa",
            "module.eks.module.eks_blueprints_kubernetes_addons.module.aws_load_balancer_controller.module.helm_addon.module.irsa.kubernetes_namespace_v1.irsa",
            "module.eks.module.eks_blueprints_kubernetes_addons.time_sleep.dataplane"
          ]
        }
      ]
    },
    {
      "module": "module.eks.module.eks_blueprints_kubernetes_addons.module.aws_vpc_cni[0]",
      "mode": "data",
      "type": "aws_eks_addon_version",
      "name": "this",
      "provider": "provider[\"registry.terraform.io/hashicorp/aws\"]",
      "instances": [
        {
          "schema_version": 0,
          "attributes": {
            "addon_name": "vpc-cni",
            "id": "vpc-cni",
            "kubernetes_version": "1.24",
            "most_recent": false,
            "version": "v1.11.4-eksbuild.1"
          },
          "sensitive_attributes": []
        }
      ]
    },
    {
      "module": "module.eks.module.eks_blueprints_kubernetes_addons.module.aws_vpc_cni[0]",
      "mode": "managed",
      "type": "aws_eks_addon",
      "name": "vpc_cni",
      "provider": "provider[\"registry.terraform.io/hashicorp/aws\"]",
      "instances": [
        {
          "schema_version": 0,
          "attributes": {
            "addon_name": "vpc-cni",
            "addon_version": "v1.11.4-eksbuild.1",
            "arn": "arn:aws:eks:ap-southeast-1:431384414715:addon/nocnoc-production/vpc-cni/2ec29c97-a348-d494-f624-370c0554fa0c",
            "cluster_name": "nocnoc-production",
            "configuration_values": "",
            "created_at": "2022-12-22T09:34:37Z",
            "id": "nocnoc-production:vpc-cni",
            "modified_at": "2022-12-22T09:34:39Z",
            "preserve": true,
            "resolve_conflicts": "OVERWRITE",
            "service_account_role_arn": "arn:aws:iam::431384414715:role/nocnoc-production-aws-node-irsa",
            "tags": null,
            "tags_all": {},
            "timeouts": null
          },
          "sensitive_attributes": [],
          "private": "eyJlMmJmYjczMC1lY2FhLTExZTYtOGY4OC0zNDM2M2JjN2M0YzAiOnsiY3JlYXRlIjoxMjAwMDAwMDAwMDAwLCJkZWxldGUiOjI0MDAwMDAwMDAwMDAsInVwZGF0ZSI6MTIwMDAwMDAwMDAwMH19",
          "dependencies": [
            "data.terraform_remote_state.network",
            "module.eks.module.eks_blueprints.data.aws_iam_policy_document.eks_key",
            "module.eks.module.eks_blueprints.module.aws_eks.aws_cloudwatch_log_group.this",
            "module.eks.module.eks_blueprints.module.aws_eks.aws_eks_cluster.this",
            "module.eks.module.eks_blueprints.module.aws_eks.aws_iam_role.this",
            "module.eks.module.eks_blueprints.module.aws_eks.aws_iam_role_policy_attachment.this",
            "module.eks.module.eks_blueprints.module.aws_eks.aws_security_group.cluster",
            "module.eks.module.eks_blueprints.module.aws_eks.aws_security_group.node",
            "module.eks.module.eks_blueprints.module.aws_eks.aws_security_group_rule.cluster",
            "module.eks.module.eks_blueprints.module.aws_eks.aws_security_group_rule.node",
            "module.eks.module.eks_blueprints.module.aws_eks.data.aws_iam_policy_document.assume_role_policy",
            "module.eks.module.eks_blueprints.module.aws_eks.data.aws_partition.current",
            "module.eks.module.eks_blueprints.module.aws_eks.module.kms.aws_kms_external_key.this",
            "module.eks.module.eks_blueprints.module.aws_eks.module.kms.aws_kms_key.this",
            "module.eks.module.eks_blueprints.module.kms.aws_kms_key.this",
            "module.eks.module.eks_blueprints_kubernetes_addons.data.aws_caller_identity.current",
            "module.eks.module.eks_blueprints_kubernetes_addons.data.aws_eks_cluster.eks_cluster",
            "module.eks.module.eks_blueprints_kubernetes_addons.data.aws_partition.current",
            "module.eks.module.eks_blueprints_kubernetes_addons.data.aws_region.current",
            "module.eks.module.eks_blueprints_kubernetes_addons.module.aws_vpc_cni.aws_iam_policy.cni_ipv6_policy",
            "module.eks.module.eks_blueprints_kubernetes_addons.module.aws_vpc_cni.data.aws_eks_addon_version.this",
            "module.eks.module.eks_blueprints_kubernetes_addons.module.aws_vpc_cni.module.irsa_addon.aws_iam_role.irsa",
            "module.eks.module.eks_blueprints_kubernetes_addons.time_sleep.dataplane"
          ]
        }
      ]
    },
    {
      "module": "module.eks.module.eks_blueprints_kubernetes_addons.module.aws_vpc_cni[0].module.irsa_addon[0]",
      "mode": "managed",
      "type": "aws_iam_role",
      "name": "irsa",
      "provider": "provider[\"registry.terraform.io/hashicorp/aws\"]",
      "instances": [
        {
          "index_key": 0,
          "schema_version": 0,
          "attributes": {
            "arn": "arn:aws:iam::431384414715:role/nocnoc-production-aws-node-irsa",
            "assume_role_policy": "{\"Statement\":[{\"Action\":\"sts:AssumeRoleWithWebIdentity\",\"Condition\":{\"StringLike\":{\"oidc.eks.ap-southeast-1.amazonaws.com/id/19EEBAA2771067CC07CF4ACF1AAB4A72:aud\":\"sts.amazonaws.com\",\"oidc.eks.ap-southeast-1.amazonaws.com/id/19EEBAA2771067CC07CF4ACF1AAB4A72:sub\":\"system:serviceaccount:kube-system:aws-node\"}},\"Effect\":\"Allow\",\"Principal\":{\"Federated\":\"arn:aws:iam::431384414715:oidc-provider/oidc.eks.ap-southeast-1.amazonaws.com/id/19EEBAA2771067CC07CF4ACF1AAB4A72\"}}],\"Version\":\"2012-10-17\"}",
            "create_date": "2022-12-22T09:34:11Z",
            "description": "AWS IAM Role for the Kubernetes service account aws-node.",
            "force_detach_policies": true,
            "id": "nocnoc-production-aws-node-irsa",
            "inline_policy": [],
            "managed_policy_arns": [],
            "max_session_duration": 3600,
            "name": "nocnoc-production-aws-node-irsa",
            "name_prefix": "",
            "path": "/",
            "permissions_boundary": "",
            "tags": null,
            "tags_all": {},
            "unique_id": "AROAWI4EDZH5YBKIANK7L"
          },
          "sensitive_attributes": [],
          "private": "bnVsbA==",
          "dependencies": [
            "data.terraform_remote_state.network",
            "module.eks.module.eks_blueprints.data.aws_iam_policy_document.eks_key",
            "module.eks.module.eks_blueprints.module.aws_eks.aws_cloudwatch_log_group.this",
            "module.eks.module.eks_blueprints.module.aws_eks.aws_eks_cluster.this",
            "module.eks.module.eks_blueprints.module.aws_eks.aws_iam_role.this",
            "module.eks.module.eks_blueprints.module.aws_eks.aws_iam_role_policy_attachment.this",
            "module.eks.module.eks_blueprints.module.aws_eks.aws_security_group.cluster",
            "module.eks.module.eks_blueprints.module.aws_eks.aws_security_group.node",
            "module.eks.module.eks_blueprints.module.aws_eks.aws_security_group_rule.cluster",
            "module.eks.module.eks_blueprints.module.aws_eks.aws_security_group_rule.node",
            "module.eks.module.eks_blueprints.module.aws_eks.data.aws_iam_policy_document.assume_role_policy",
            "module.eks.module.eks_blueprints.module.aws_eks.data.aws_partition.current",
            "module.eks.module.eks_blueprints.module.aws_eks.module.kms.aws_kms_external_key.this",
            "module.eks.module.eks_blueprints.module.aws_eks.module.kms.aws_kms_key.this",
            "module.eks.module.eks_blueprints.module.kms.aws_kms_key.this",
            "module.eks.module.eks_blueprints_kubernetes_addons.data.aws_caller_identity.current",
            "module.eks.module.eks_blueprints_kubernetes_addons.data.aws_eks_cluster.eks_cluster",
            "module.eks.module.eks_blueprints_kubernetes_addons.data.aws_partition.current",
            "module.eks.module.eks_blueprints_kubernetes_addons.data.aws_region.current",
            "module.eks.module.eks_blueprints_kubernetes_addons.module.aws_vpc_cni.aws_iam_policy.cni_ipv6_policy",
            "module.eks.module.eks_blueprints_kubernetes_addons.time_sleep.dataplane"
          ]
        }
      ]
    },
    {
      "module": "module.eks.module.eks_blueprints_kubernetes_addons.module.aws_vpc_cni[0].module.irsa_addon[0]",
      "mode": "managed",
      "type": "aws_iam_role_policy_attachment",
      "name": "irsa",
      "provider": "provider[\"registry.terraform.io/hashicorp/aws\"]",
      "instances": [
        {
          "index_key": 0,
          "schema_version": 0,
          "attributes": {
            "id": "nocnoc-production-aws-node-irsa-20221222093414774300000014",
            "policy_arn": "arn:aws:iam::aws:policy/AmazonEKS_CNI_Policy",
            "role": "nocnoc-production-aws-node-irsa"
          },
          "sensitive_attributes": [],
          "private": "bnVsbA==",
          "dependencies": [
            "data.terraform_remote_state.network",
            "module.eks.module.eks_blueprints.data.aws_iam_policy_document.eks_key",
            "module.eks.module.eks_blueprints.module.aws_eks.aws_cloudwatch_log_group.this",
            "module.eks.module.eks_blueprints.module.aws_eks.aws_eks_cluster.this",
            "module.eks.module.eks_blueprints.module.aws_eks.aws_iam_role.this",
            "module.eks.module.eks_blueprints.module.aws_eks.aws_iam_role_policy_attachment.this",
            "module.eks.module.eks_blueprints.module.aws_eks.aws_security_group.cluster",
            "module.eks.module.eks_blueprints.module.aws_eks.aws_security_group.node",
            "module.eks.module.eks_blueprints.module.aws_eks.aws_security_group_rule.cluster",
            "module.eks.module.eks_blueprints.module.aws_eks.aws_security_group_rule.node",
            "module.eks.module.eks_blueprints.module.aws_eks.data.aws_iam_policy_document.assume_role_policy",
            "module.eks.module.eks_blueprints.module.aws_eks.data.aws_partition.current",
            "module.eks.module.eks_blueprints.module.aws_eks.module.kms.aws_kms_external_key.this",
            "module.eks.module.eks_blueprints.module.aws_eks.module.kms.aws_kms_key.this",
            "module.eks.module.eks_blueprints.module.kms.aws_kms_key.this",
            "module.eks.module.eks_blueprints_kubernetes_addons.data.aws_caller_identity.current",
            "module.eks.module.eks_blueprints_kubernetes_addons.data.aws_eks_cluster.eks_cluster",
            "module.eks.module.eks_blueprints_kubernetes_addons.data.aws_partition.current",
            "module.eks.module.eks_blueprints_kubernetes_addons.data.aws_region.current",
            "module.eks.module.eks_blueprints_kubernetes_addons.module.aws_vpc_cni.aws_iam_policy.cni_ipv6_policy",
            "module.eks.module.eks_blueprints_kubernetes_addons.module.aws_vpc_cni.module.irsa_addon.aws_iam_role.irsa",
            "module.eks.module.eks_blueprints_kubernetes_addons.time_sleep.dataplane"
          ]
        }
      ]
    },
    {
      "module": "module.eks.module.eks_blueprints_kubernetes_addons.module.cert_manager[0]",
      "mode": "data",
      "type": "aws_iam_policy_document",
      "name": "cert_manager_iam_policy_document",
      "provider": "provider[\"registry.terraform.io/hashicorp/aws\"]",
      "instances": [
        {
          "schema_version": 0,
          "attributes": {
            "id": "2873133587",
            "json": "{\n  \"Version\": \"2012-10-17\",\n  \"Statement\": [\n    {\n      \"Sid\": \"\",\n      \"Effect\": \"Allow\",\n      \"Action\": \"route53:GetChange\",\n      \"Resource\": \"arn:aws:route53:::change/*\"\n    },\n    {\n      \"Sid\": \"\",\n      \"Effect\": \"Allow\",\n      \"Action\": \"route53:ListHostedZonesByName\",\n      \"Resource\": \"*\"\n    }\n  ]\n}",
            "override_json": null,
            "override_policy_documents": null,
            "policy_id": null,
            "source_json": null,
            "source_policy_documents": null,
            "statement": [
              {
                "actions": [
                  "route53:GetChange"
                ],
                "condition": [],
                "effect": "Allow",
                "not_actions": [],
                "not_principals": [],
                "not_resources": [],
                "principals": [],
                "resources": [
                  "arn:aws:route53:::change/*"
                ],
                "sid": ""
              },
              {
                "actions": [
                  "route53:ListHostedZonesByName"
                ],
                "condition": [],
                "effect": "Allow",
                "not_actions": [],
                "not_principals": [],
                "not_resources": [],
                "principals": [],
                "resources": [
                  "*"
                ],
                "sid": ""
              }
            ],
            "version": "2012-10-17"
          },
          "sensitive_attributes": []
        }
      ]
    },
    {
      "module": "module.eks.module.eks_blueprints_kubernetes_addons.module.cert_manager[0]",
      "mode": "managed",
      "type": "aws_iam_policy",
      "name": "cert_manager",
      "provider": "provider[\"registry.terraform.io/hashicorp/aws\"]",
      "instances": [
        {
          "schema_version": 0,
          "attributes": {
            "arn": "arn:aws:iam::431384414715:policy/nocnoc-production-cert-manager-irsa",
            "description": "cert-manager IAM policy.",
            "id": "arn:aws:iam::431384414715:policy/nocnoc-production-cert-manager-irsa",
            "name": "nocnoc-production-cert-manager-irsa",
            "name_prefix": null,
            "path": "/",
            "policy": "{\"Statement\":[{\"Action\":\"route53:GetChange\",\"Effect\":\"Allow\",\"Resource\":\"arn:aws:route53:::change/*\",\"Sid\":\"\"},{\"Action\":\"route53:ListHostedZonesByName\",\"Effect\":\"Allow\",\"Resource\":\"*\",\"Sid\":\"\"}],\"Version\":\"2012-10-17\"}",
            "policy_id": "ANPAWI4EDZH55CSGQVWW6",
            "tags": null,
            "tags_all": {}
          },
          "sensitive_attributes": [],
          "private": "bnVsbA==",
          "dependencies": [
            "data.terraform_remote_state.network",
            "module.eks.module.eks_blueprints.data.aws_iam_policy_document.eks_key",
            "module.eks.module.eks_blueprints.module.aws_eks.aws_cloudwatch_log_group.this",
            "module.eks.module.eks_blueprints.module.aws_eks.aws_eks_cluster.this",
            "module.eks.module.eks_blueprints.module.aws_eks.aws_iam_role.this",
            "module.eks.module.eks_blueprints.module.aws_eks.aws_iam_role_policy_attachment.this",
            "module.eks.module.eks_blueprints.module.aws_eks.aws_security_group.cluster",
            "module.eks.module.eks_blueprints.module.aws_eks.aws_security_group.node",
            "module.eks.module.eks_blueprints.module.aws_eks.aws_security_group_rule.cluster",
            "module.eks.module.eks_blueprints.module.aws_eks.aws_security_group_rule.node",
            "module.eks.module.eks_blueprints.module.aws_eks.data.aws_iam_policy_document.assume_role_policy",
            "module.eks.module.eks_blueprints.module.aws_eks.data.aws_partition.current",
            "module.eks.module.eks_blueprints.module.aws_eks.module.kms.aws_kms_external_key.this",
            "module.eks.module.eks_blueprints.module.aws_eks.module.kms.aws_kms_key.this",
            "module.eks.module.eks_blueprints.module.kms.aws_kms_key.this",
            "module.eks.module.eks_blueprints_kubernetes_addons.data.aws_caller_identity.current",
            "module.eks.module.eks_blueprints_kubernetes_addons.data.aws_eks_cluster.eks_cluster",
            "module.eks.module.eks_blueprints_kubernetes_addons.data.aws_partition.current",
            "module.eks.module.eks_blueprints_kubernetes_addons.data.aws_region.current",
            "module.eks.module.eks_blueprints_kubernetes_addons.module.cert_manager.data.aws_iam_policy_document.cert_manager_iam_policy_document",
            "module.eks.module.eks_blueprints_kubernetes_addons.time_sleep.dataplane"
          ]
        }
      ]
    },
    {
      "module": "module.eks.module.eks_blueprints_kubernetes_addons.module.cert_manager[0].module.helm_addon.module.irsa[0]",
      "mode": "managed",
      "type": "aws_iam_role",
      "name": "irsa",
      "provider": "provider[\"registry.terraform.io/hashicorp/aws\"]",
      "instances": [
        {
          "index_key": 0,
          "schema_version": 0,
          "attributes": {
            "arn": "arn:aws:iam::431384414715:role/nocnoc-production-cert-manager-irsa",
            "assume_role_policy": "{\"Statement\":[{\"Action\":\"sts:AssumeRoleWithWebIdentity\",\"Condition\":{\"StringLike\":{\"oidc.eks.ap-southeast-1.amazonaws.com/id/19EEBAA2771067CC07CF4ACF1AAB4A72:aud\":\"sts.amazonaws.com\",\"oidc.eks.ap-southeast-1.amazonaws.com/id/19EEBAA2771067CC07CF4ACF1AAB4A72:sub\":\"system:serviceaccount:cert-manager:cert-manager\"}},\"Effect\":\"Allow\",\"Principal\":{\"Federated\":\"arn:aws:iam::431384414715:oidc-provider/oidc.eks.ap-southeast-1.amazonaws.com/id/19EEBAA2771067CC07CF4ACF1AAB4A72\"}}],\"Version\":\"2012-10-17\"}",
            "create_date": "2022-12-22T09:34:41Z",
            "description": "AWS IAM Role for the Kubernetes service account cert-manager.",
            "force_detach_policies": true,
            "id": "nocnoc-production-cert-manager-irsa",
            "inline_policy": [],
            "managed_policy_arns": [],
            "max_session_duration": 3600,
            "name": "nocnoc-production-cert-manager-irsa",
            "name_prefix": "",
            "path": "/",
            "permissions_boundary": "",
            "tags": null,
            "tags_all": {},
            "unique_id": "AROAWI4EDZH522ZUUKMOP"
          },
          "sensitive_attributes": [],
          "private": "bnVsbA==",
          "dependencies": [
            "data.terraform_remote_state.network",
            "module.eks.module.eks_blueprints.data.aws_iam_policy_document.eks_key",
            "module.eks.module.eks_blueprints.module.aws_eks.aws_cloudwatch_log_group.this",
            "module.eks.module.eks_blueprints.module.aws_eks.aws_eks_cluster.this",
            "module.eks.module.eks_blueprints.module.aws_eks.aws_iam_role.this",
            "module.eks.module.eks_blueprints.module.aws_eks.aws_iam_role_policy_attachment.this",
            "module.eks.module.eks_blueprints.module.aws_eks.aws_security_group.cluster",
            "module.eks.module.eks_blueprints.module.aws_eks.aws_security_group.node",
            "module.eks.module.eks_blueprints.module.aws_eks.aws_security_group_rule.cluster",
            "module.eks.module.eks_blueprints.module.aws_eks.aws_security_group_rule.node",
            "module.eks.module.eks_blueprints.module.aws_eks.data.aws_iam_policy_document.assume_role_policy",
            "module.eks.module.eks_blueprints.module.aws_eks.data.aws_partition.current",
            "module.eks.module.eks_blueprints.module.aws_eks.module.kms.aws_kms_external_key.this",
            "module.eks.module.eks_blueprints.module.aws_eks.module.kms.aws_kms_key.this",
            "module.eks.module.eks_blueprints.module.kms.aws_kms_key.this",
            "module.eks.module.eks_blueprints_kubernetes_addons.data.aws_caller_identity.current",
            "module.eks.module.eks_blueprints_kubernetes_addons.data.aws_eks_cluster.eks_cluster",
            "module.eks.module.eks_blueprints_kubernetes_addons.data.aws_partition.current",
            "module.eks.module.eks_blueprints_kubernetes_addons.data.aws_region.current",
            "module.eks.module.eks_blueprints_kubernetes_addons.module.cert_manager.aws_iam_policy.cert_manager",
            "module.eks.module.eks_blueprints_kubernetes_addons.module.cert_manager.data.aws_iam_policy_document.cert_manager_iam_policy_document",
            "module.eks.module.eks_blueprints_kubernetes_addons.time_sleep.dataplane"
          ]
        }
      ]
    },
    {
      "module": "module.eks.module.eks_blueprints_kubernetes_addons.module.cert_manager[0].module.helm_addon.module.irsa[0]",
      "mode": "managed",
      "type": "aws_iam_role_policy_attachment",
      "name": "irsa",
      "provider": "provider[\"registry.terraform.io/hashicorp/aws\"]",
      "instances": [
        {
          "index_key": 0,
          "schema_version": 0,
          "attributes": {
            "id": "nocnoc-production-cert-manager-irsa-20221222093445829300000018",
            "policy_arn": "arn:aws:iam::431384414715:policy/nocnoc-production-cert-manager-irsa",
            "role": "nocnoc-production-cert-manager-irsa"
          },
          "sensitive_attributes": [],
          "private": "bnVsbA==",
          "dependencies": [
            "data.terraform_remote_state.network",
            "module.eks.module.eks_blueprints.data.aws_iam_policy_document.eks_key",
            "module.eks.module.eks_blueprints.module.aws_eks.aws_cloudwatch_log_group.this",
            "module.eks.module.eks_blueprints.module.aws_eks.aws_eks_cluster.this",
            "module.eks.module.eks_blueprints.module.aws_eks.aws_iam_role.this",
            "module.eks.module.eks_blueprints.module.aws_eks.aws_iam_role_policy_attachment.this",
            "module.eks.module.eks_blueprints.module.aws_eks.aws_security_group.cluster",
            "module.eks.module.eks_blueprints.module.aws_eks.aws_security_group.node",
            "module.eks.module.eks_blueprints.module.aws_eks.aws_security_group_rule.cluster",
            "module.eks.module.eks_blueprints.module.aws_eks.aws_security_group_rule.node",
            "module.eks.module.eks_blueprints.module.aws_eks.data.aws_iam_policy_document.assume_role_policy",
            "module.eks.module.eks_blueprints.module.aws_eks.data.aws_partition.current",
            "module.eks.module.eks_blueprints.module.aws_eks.module.kms.aws_kms_external_key.this",
            "module.eks.module.eks_blueprints.module.aws_eks.module.kms.aws_kms_key.this",
            "module.eks.module.eks_blueprints.module.kms.aws_kms_key.this",
            "module.eks.module.eks_blueprints_kubernetes_addons.data.aws_caller_identity.current",
            "module.eks.module.eks_blueprints_kubernetes_addons.data.aws_eks_cluster.eks_cluster",
            "module.eks.module.eks_blueprints_kubernetes_addons.data.aws_partition.current",
            "module.eks.module.eks_blueprints_kubernetes_addons.data.aws_region.current",
            "module.eks.module.eks_blueprints_kubernetes_addons.module.cert_manager.aws_iam_policy.cert_manager",
            "module.eks.module.eks_blueprints_kubernetes_addons.module.cert_manager.data.aws_iam_policy_document.cert_manager_iam_policy_document",
            "module.eks.module.eks_blueprints_kubernetes_addons.module.cert_manager.module.helm_addon.module.irsa.aws_iam_role.irsa",
            "module.eks.module.eks_blueprints_kubernetes_addons.time_sleep.dataplane"
          ]
        }
      ]
    },
    {
      "module": "module.eks.module.eks_blueprints_kubernetes_addons.module.cert_manager[0].module.helm_addon.module.irsa[0]",
      "mode": "managed",
      "type": "kubernetes_namespace_v1",
      "name": "irsa",
      "provider": "module.eks.provider[\"registry.terraform.io/hashicorp/kubernetes\"]",
      "instances": [
        {
          "index_key": 0,
          "schema_version": 0,
          "attributes": {
            "id": "cert-manager",
            "metadata": [
              {
                "annotations": null,
                "generate_name": "",
                "generation": 0,
                "labels": null,
                "name": "cert-manager",
                "resource_version": "1368",
                "uid": "4afa7dc8-aefe-4df5-8b02-3011315a2d55"
              }
            ],
            "timeouts": {
              "delete": "15m"
            }
          },
          "sensitive_attributes": [],
          "private": "eyJlMmJmYjczMC1lY2FhLTExZTYtOGY4OC0zNDM2M2JjN2M0YzAiOnsiZGVsZXRlIjo5MDAwMDAwMDAwMDB9fQ==",
          "dependencies": [
            "data.terraform_remote_state.network",
            "module.eks.data.aws_eks_cluster_auth.this",
            "module.eks.module.eks_blueprints.data.aws_iam_policy_document.eks_key",
            "module.eks.module.eks_blueprints.module.aws_eks.aws_cloudwatch_log_group.this",
            "module.eks.module.eks_blueprints.module.aws_eks.aws_eks_cluster.this",
            "module.eks.module.eks_blueprints.module.aws_eks.aws_iam_role.this",
            "module.eks.module.eks_blueprints.module.aws_eks.aws_iam_role_policy_attachment.this",
            "module.eks.module.eks_blueprints.module.aws_eks.aws_security_group.cluster",
            "module.eks.module.eks_blueprints.module.aws_eks.aws_security_group.node",
            "module.eks.module.eks_blueprints.module.aws_eks.aws_security_group_rule.cluster",
            "module.eks.module.eks_blueprints.module.aws_eks.aws_security_group_rule.node",
            "module.eks.module.eks_blueprints.module.aws_eks.data.aws_iam_policy_document.assume_role_policy",
            "module.eks.module.eks_blueprints.module.aws_eks.data.aws_partition.current",
            "module.eks.module.eks_blueprints.module.aws_eks.module.kms.aws_kms_external_key.this",
            "module.eks.module.eks_blueprints.module.aws_eks.module.kms.aws_kms_key.this",
            "module.eks.module.eks_blueprints.module.kms.aws_kms_key.this",
            "module.eks.module.eks_blueprints_kubernetes_addons.data.aws_caller_identity.current",
            "module.eks.module.eks_blueprints_kubernetes_addons.data.aws_eks_cluster.eks_cluster",
            "module.eks.module.eks_blueprints_kubernetes_addons.data.aws_partition.current",
            "module.eks.module.eks_blueprints_kubernetes_addons.data.aws_region.current",
            "module.eks.module.eks_blueprints_kubernetes_addons.module.cert_manager.aws_iam_policy.cert_manager",
            "module.eks.module.eks_blueprints_kubernetes_addons.module.cert_manager.data.aws_iam_policy_document.cert_manager_iam_policy_document",
            "module.eks.module.eks_blueprints_kubernetes_addons.time_sleep.dataplane"
          ]
        }
      ]
    },
    {
      "module": "module.eks.module.eks_blueprints_kubernetes_addons.module.cert_manager[0].module.helm_addon.module.irsa[0]",
      "mode": "managed",
      "type": "kubernetes_service_account_v1",
      "name": "irsa",
      "provider": "module.eks.provider[\"registry.terraform.io/hashicorp/kubernetes\"]",
      "instances": [
        {
          "index_key": 0,
          "schema_version": 0,
          "attributes": {
            "automount_service_account_token": true,
            "default_secret_name": "",
            "id": "cert-manager/cert-manager",
            "image_pull_secret": [],
            "metadata": [
              {
                "annotations": {
                  "eks.amazonaws.com/role-arn": "arn:aws:iam::431384414715:role/nocnoc-production-cert-manager-irsa"
                },
                "generate_name": "",
                "generation": 0,
                "labels": null,
                "name": "cert-manager",
                "namespace": "cert-manager",
                "resource_version": "1406",
                "uid": "95003781-73bb-4ff1-bac5-8cafb96fe2ea"
              }
            ],
            "secret": [],
            "timeouts": null
          },
          "sensitive_attributes": [],
          "private": "eyJlMmJmYjczMC1lY2FhLTExZTYtOGY4OC0zNDM2M2JjN2M0YzAiOnsiY3JlYXRlIjozMDAwMDAwMDAwMH19",
          "dependencies": [
            "data.terraform_remote_state.network",
            "module.eks.data.aws_eks_cluster_auth.this",
            "module.eks.module.eks_blueprints.data.aws_iam_policy_document.eks_key",
            "module.eks.module.eks_blueprints.module.aws_eks.aws_cloudwatch_log_group.this",
            "module.eks.module.eks_blueprints.module.aws_eks.aws_eks_cluster.this",
            "module.eks.module.eks_blueprints.module.aws_eks.aws_iam_role.this",
            "module.eks.module.eks_blueprints.module.aws_eks.aws_iam_role_policy_attachment.this",
            "module.eks.module.eks_blueprints.module.aws_eks.aws_security_group.cluster",
            "module.eks.module.eks_blueprints.module.aws_eks.aws_security_group.node",
            "module.eks.module.eks_blueprints.module.aws_eks.aws_security_group_rule.cluster",
            "module.eks.module.eks_blueprints.module.aws_eks.aws_security_group_rule.node",
            "module.eks.module.eks_blueprints.module.aws_eks.data.aws_iam_policy_document.assume_role_policy",
            "module.eks.module.eks_blueprints.module.aws_eks.data.aws_partition.current",
            "module.eks.module.eks_blueprints.module.aws_eks.module.kms.aws_kms_external_key.this",
            "module.eks.module.eks_blueprints.module.aws_eks.module.kms.aws_kms_key.this",
            "module.eks.module.eks_blueprints.module.kms.aws_kms_key.this",
            "module.eks.module.eks_blueprints_kubernetes_addons.data.aws_caller_identity.current",
            "module.eks.module.eks_blueprints_kubernetes_addons.data.aws_eks_cluster.eks_cluster",
            "module.eks.module.eks_blueprints_kubernetes_addons.data.aws_partition.current",
            "module.eks.module.eks_blueprints_kubernetes_addons.data.aws_region.current",
            "module.eks.module.eks_blueprints_kubernetes_addons.module.cert_manager.aws_iam_policy.cert_manager",
            "module.eks.module.eks_blueprints_kubernetes_addons.module.cert_manager.data.aws_iam_policy_document.cert_manager_iam_policy_document",
            "module.eks.module.eks_blueprints_kubernetes_addons.module.cert_manager.module.helm_addon.module.irsa.aws_iam_role.irsa",
            "module.eks.module.eks_blueprints_kubernetes_addons.module.cert_manager.module.helm_addon.module.irsa.kubernetes_namespace_v1.irsa",
            "module.eks.module.eks_blueprints_kubernetes_addons.time_sleep.dataplane"
          ]
        }
      ]
    },
    {
      "module": "module.eks.module.eks_blueprints_kubernetes_addons.module.cluster_autoscaler[0]",
      "mode": "data",
      "type": "aws_iam_policy_document",
      "name": "cluster_autoscaler",
      "provider": "provider[\"registry.terraform.io/hashicorp/aws\"]",
      "instances": [
        {
          "schema_version": 0,
          "attributes": {
            "id": "3650728360",
            "json": "{\n  \"Version\": \"2012-10-17\",\n  \"Statement\": [\n    {\n      \"Sid\": \"\",\n      \"Effect\": \"Allow\",\n      \"Action\": [\n        \"ec2:DescribeLaunchTemplateVersions\",\n        \"ec2:DescribeInstanceTypes\",\n        \"autoscaling:DescribeTags\",\n        \"autoscaling:DescribeLaunchConfigurations\",\n        \"autoscaling:DescribeAutoScalingInstances\",\n        \"autoscaling:DescribeAutoScalingGroups\"\n      ],\n      \"Resource\": \"*\"\n    },\n    {\n      \"Sid\": \"\",\n      \"Effect\": \"Allow\",\n      \"Action\": [\n        \"eks:DescribeNodegroup\",\n        \"ec2:DescribeInstanceTypes\",\n        \"autoscaling:TerminateInstanceInAutoScalingGroup\",\n        \"autoscaling:SetDesiredCapacity\"\n      ],\n      \"Resource\": \"*\",\n      \"Condition\": {\n        \"StringEquals\": {\n          \"autoscaling:ResourceTag/k8s.io/cluster-autoscaler/nocnoc-production\": \"owned\"\n        }\n      }\n    }\n  ]\n}",
            "override_json": null,
            "override_policy_documents": null,
            "policy_id": null,
            "source_json": null,
            "source_policy_documents": null,
            "statement": [
              {
                "actions": [
                  "autoscaling:DescribeAutoScalingGroups",
                  "autoscaling:DescribeAutoScalingInstances",
                  "autoscaling:DescribeLaunchConfigurations",
                  "autoscaling:DescribeTags",
                  "ec2:DescribeInstanceTypes",
                  "ec2:DescribeLaunchTemplateVersions"
                ],
                "condition": [],
                "effect": "Allow",
                "not_actions": [],
                "not_principals": [],
                "not_resources": [],
                "principals": [],
                "resources": [
                  "*"
                ],
                "sid": ""
              },
              {
                "actions": [
                  "autoscaling:SetDesiredCapacity",
                  "autoscaling:TerminateInstanceInAutoScalingGroup",
                  "ec2:DescribeInstanceTypes",
                  "eks:DescribeNodegroup"
                ],
                "condition": [
                  {
                    "test": "StringEquals",
                    "values": [
                      "owned"
                    ],
                    "variable": "autoscaling:ResourceTag/k8s.io/cluster-autoscaler/nocnoc-production"
                  }
                ],
                "effect": "Allow",
                "not_actions": [],
                "not_principals": [],
                "not_resources": [],
                "principals": [],
                "resources": [
                  "*"
                ],
                "sid": ""
              }
            ],
            "version": "2012-10-17"
          },
          "sensitive_attributes": []
        }
      ]
    },
    {
      "module": "module.eks.module.eks_blueprints_kubernetes_addons.module.cluster_autoscaler[0]",
      "mode": "managed",
      "type": "aws_iam_policy",
      "name": "cluster_autoscaler",
      "provider": "provider[\"registry.terraform.io/hashicorp/aws\"]",
      "instances": [
        {
          "schema_version": 0,
          "attributes": {
            "arn": "arn:aws:iam::431384414715:policy/nocnoc-production-cluster-autoscaler-irsa",
            "description": "Cluster Autoscaler IAM policy",
            "id": "arn:aws:iam::431384414715:policy/nocnoc-production-cluster-autoscaler-irsa",
            "name": "nocnoc-production-cluster-autoscaler-irsa",
            "name_prefix": null,
            "path": "/",
            "policy": "{\"Statement\":[{\"Action\":[\"ec2:DescribeLaunchTemplateVersions\",\"ec2:DescribeInstanceTypes\",\"autoscaling:DescribeTags\",\"autoscaling:DescribeLaunchConfigurations\",\"autoscaling:DescribeAutoScalingInstances\",\"autoscaling:DescribeAutoScalingGroups\"],\"Effect\":\"Allow\",\"Resource\":\"*\",\"Sid\":\"\"},{\"Action\":[\"eks:DescribeNodegroup\",\"ec2:DescribeInstanceTypes\",\"autoscaling:TerminateInstanceInAutoScalingGroup\",\"autoscaling:SetDesiredCapacity\"],\"Condition\":{\"StringEquals\":{\"autoscaling:ResourceTag/k8s.io/cluster-autoscaler/nocnoc-production\":\"owned\"}},\"Effect\":\"Allow\",\"Resource\":\"*\",\"Sid\":\"\"}],\"Version\":\"2012-10-17\"}",
            "policy_id": "ANPAWI4EDZH5QEGQU5F4A",
            "tags": null,
            "tags_all": {}
          },
          "sensitive_attributes": [],
          "private": "bnVsbA==",
          "dependencies": [
            "data.terraform_remote_state.network",
            "module.eks.module.eks_blueprints.data.aws_iam_policy_document.eks_key",
            "module.eks.module.eks_blueprints.module.aws_eks.aws_cloudwatch_log_group.this",
            "module.eks.module.eks_blueprints.module.aws_eks.aws_eks_cluster.this",
            "module.eks.module.eks_blueprints.module.aws_eks.aws_iam_role.this",
            "module.eks.module.eks_blueprints.module.aws_eks.aws_iam_role_policy_attachment.this",
            "module.eks.module.eks_blueprints.module.aws_eks.aws_security_group.cluster",
            "module.eks.module.eks_blueprints.module.aws_eks.aws_security_group.node",
            "module.eks.module.eks_blueprints.module.aws_eks.aws_security_group_rule.cluster",
            "module.eks.module.eks_blueprints.module.aws_eks.aws_security_group_rule.node",
            "module.eks.module.eks_blueprints.module.aws_eks.data.aws_iam_policy_document.assume_role_policy",
            "module.eks.module.eks_blueprints.module.aws_eks.data.aws_partition.current",
            "module.eks.module.eks_blueprints.module.aws_eks.module.kms.aws_kms_external_key.this",
            "module.eks.module.eks_blueprints.module.aws_eks.module.kms.aws_kms_key.this",
            "module.eks.module.eks_blueprints.module.kms.aws_kms_key.this",
            "module.eks.module.eks_blueprints_kubernetes_addons.data.aws_caller_identity.current",
            "module.eks.module.eks_blueprints_kubernetes_addons.data.aws_eks_cluster.eks_cluster",
            "module.eks.module.eks_blueprints_kubernetes_addons.data.aws_partition.current",
            "module.eks.module.eks_blueprints_kubernetes_addons.data.aws_region.current",
            "module.eks.module.eks_blueprints_kubernetes_addons.module.cluster_autoscaler.data.aws_iam_policy_document.cluster_autoscaler",
            "module.eks.module.eks_blueprints_kubernetes_addons.time_sleep.dataplane"
          ]
        }
      ]
    },
    {
      "module": "module.eks.module.eks_blueprints_kubernetes_addons.module.cluster_autoscaler[0].module.helm_addon.module.irsa[0]",
      "mode": "managed",
      "type": "aws_iam_role",
      "name": "irsa",
      "provider": "provider[\"registry.terraform.io/hashicorp/aws\"]",
      "instances": [
        {
          "index_key": 0,
          "schema_version": 0,
          "attributes": {
            "arn": "arn:aws:iam::431384414715:role/nocnoc-production-cluster-autoscaler-sa-irsa",
            "assume_role_policy": "{\"Statement\":[{\"Action\":\"sts:AssumeRoleWithWebIdentity\",\"Condition\":{\"StringLike\":{\"oidc.eks.ap-southeast-1.amazonaws.com/id/19EEBAA2771067CC07CF4ACF1AAB4A72:aud\":\"sts.amazonaws.com\",\"oidc.eks.ap-southeast-1.amazonaws.com/id/19EEBAA2771067CC07CF4ACF1AAB4A72:sub\":\"system:serviceaccount:kube-system:cluster-autoscaler-sa\"}},\"Effect\":\"Allow\",\"Principal\":{\"Federated\":\"arn:aws:iam::431384414715:oidc-provider/oidc.eks.ap-southeast-1.amazonaws.com/id/19EEBAA2771067CC07CF4ACF1AAB4A72\"}}],\"Version\":\"2012-10-17\"}",
            "create_date": "2022-12-22T09:34:38Z",
            "description": "AWS IAM Role for the Kubernetes service account cluster-autoscaler-sa.",
            "force_detach_policies": true,
            "id": "nocnoc-production-cluster-autoscaler-sa-irsa",
            "inline_policy": [],
            "managed_policy_arns": [],
            "max_session_duration": 3600,
            "name": "nocnoc-production-cluster-autoscaler-sa-irsa",
            "name_prefix": "",
            "path": "/",
            "permissions_boundary": "",
            "tags": null,
            "tags_all": {},
            "unique_id": "AROAWI4EDZH5ZGMNS45LM"
          },
          "sensitive_attributes": [],
          "private": "bnVsbA==",
          "dependencies": [
            "data.terraform_remote_state.network",
            "module.eks.module.eks_blueprints.data.aws_iam_policy_document.eks_key",
            "module.eks.module.eks_blueprints.module.aws_eks.aws_cloudwatch_log_group.this",
            "module.eks.module.eks_blueprints.module.aws_eks.aws_eks_cluster.this",
            "module.eks.module.eks_blueprints.module.aws_eks.aws_iam_role.this",
            "module.eks.module.eks_blueprints.module.aws_eks.aws_iam_role_policy_attachment.this",
            "module.eks.module.eks_blueprints.module.aws_eks.aws_security_group.cluster",
            "module.eks.module.eks_blueprints.module.aws_eks.aws_security_group.node",
            "module.eks.module.eks_blueprints.module.aws_eks.aws_security_group_rule.cluster",
            "module.eks.module.eks_blueprints.module.aws_eks.aws_security_group_rule.node",
            "module.eks.module.eks_blueprints.module.aws_eks.data.aws_iam_policy_document.assume_role_policy",
            "module.eks.module.eks_blueprints.module.aws_eks.data.aws_partition.current",
            "module.eks.module.eks_blueprints.module.aws_eks.module.kms.aws_kms_external_key.this",
            "module.eks.module.eks_blueprints.module.aws_eks.module.kms.aws_kms_key.this",
            "module.eks.module.eks_blueprints.module.kms.aws_kms_key.this",
            "module.eks.module.eks_blueprints_kubernetes_addons.data.aws_caller_identity.current",
            "module.eks.module.eks_blueprints_kubernetes_addons.data.aws_eks_cluster.eks_cluster",
            "module.eks.module.eks_blueprints_kubernetes_addons.data.aws_partition.current",
            "module.eks.module.eks_blueprints_kubernetes_addons.data.aws_region.current",
            "module.eks.module.eks_blueprints_kubernetes_addons.module.cluster_autoscaler.aws_iam_policy.cluster_autoscaler",
            "module.eks.module.eks_blueprints_kubernetes_addons.module.cluster_autoscaler.data.aws_iam_policy_document.cluster_autoscaler",
            "module.eks.module.eks_blueprints_kubernetes_addons.time_sleep.dataplane"
          ]
        }
      ]
    },
    {
      "module": "module.eks.module.eks_blueprints_kubernetes_addons.module.cluster_autoscaler[0].module.helm_addon.module.irsa[0]",
      "mode": "managed",
      "type": "aws_iam_role_policy_attachment",
      "name": "irsa",
      "provider": "provider[\"registry.terraform.io/hashicorp/aws\"]",
      "instances": [
        {
          "index_key": 0,
          "schema_version": 0,
          "attributes": {
            "id": "nocnoc-production-cluster-autoscaler-sa-irsa-20221222093444902300000017",
            "policy_arn": "arn:aws:iam::431384414715:policy/nocnoc-production-cluster-autoscaler-irsa",
            "role": "nocnoc-production-cluster-autoscaler-sa-irsa"
          },
          "sensitive_attributes": [],
          "private": "bnVsbA==",
          "dependencies": [
            "data.terraform_remote_state.network",
            "module.eks.module.eks_blueprints.data.aws_iam_policy_document.eks_key",
            "module.eks.module.eks_blueprints.module.aws_eks.aws_cloudwatch_log_group.this",
            "module.eks.module.eks_blueprints.module.aws_eks.aws_eks_cluster.this",
            "module.eks.module.eks_blueprints.module.aws_eks.aws_iam_role.this",
            "module.eks.module.eks_blueprints.module.aws_eks.aws_iam_role_policy_attachment.this",
            "module.eks.module.eks_blueprints.module.aws_eks.aws_security_group.cluster",
            "module.eks.module.eks_blueprints.module.aws_eks.aws_security_group.node",
            "module.eks.module.eks_blueprints.module.aws_eks.aws_security_group_rule.cluster",
            "module.eks.module.eks_blueprints.module.aws_eks.aws_security_group_rule.node",
            "module.eks.module.eks_blueprints.module.aws_eks.data.aws_iam_policy_document.assume_role_policy",
            "module.eks.module.eks_blueprints.module.aws_eks.data.aws_partition.current",
            "module.eks.module.eks_blueprints.module.aws_eks.module.kms.aws_kms_external_key.this",
            "module.eks.module.eks_blueprints.module.aws_eks.module.kms.aws_kms_key.this",
            "module.eks.module.eks_blueprints.module.kms.aws_kms_key.this",
            "module.eks.module.eks_blueprints_kubernetes_addons.data.aws_caller_identity.current",
            "module.eks.module.eks_blueprints_kubernetes_addons.data.aws_eks_cluster.eks_cluster",
            "module.eks.module.eks_blueprints_kubernetes_addons.data.aws_partition.current",
            "module.eks.module.eks_blueprints_kubernetes_addons.data.aws_region.current",
            "module.eks.module.eks_blueprints_kubernetes_addons.module.cluster_autoscaler.aws_iam_policy.cluster_autoscaler",
            "module.eks.module.eks_blueprints_kubernetes_addons.module.cluster_autoscaler.data.aws_iam_policy_document.cluster_autoscaler",
            "module.eks.module.eks_blueprints_kubernetes_addons.module.cluster_autoscaler.module.helm_addon.module.irsa.aws_iam_role.irsa",
            "module.eks.module.eks_blueprints_kubernetes_addons.time_sleep.dataplane"
          ]
        }
      ]
    },
    {
      "module": "module.eks.module.eks_blueprints_kubernetes_addons.module.cluster_autoscaler[0].module.helm_addon.module.irsa[0]",
      "mode": "managed",
      "type": "kubernetes_service_account_v1",
      "name": "irsa",
      "provider": "module.eks.provider[\"registry.terraform.io/hashicorp/kubernetes\"]",
      "instances": [
        {
          "index_key": 0,
          "schema_version": 0,
          "attributes": {
            "automount_service_account_token": true,
            "default_secret_name": "",
            "id": "kube-system/cluster-autoscaler-sa",
            "image_pull_secret": [],
            "metadata": [
              {
                "annotations": {
                  "eks.amazonaws.com/role-arn": "arn:aws:iam::431384414715:role/nocnoc-production-cluster-autoscaler-sa-irsa"
                },
                "generate_name": "",
                "generation": 0,
                "labels": null,
                "name": "cluster-autoscaler-sa",
                "namespace": "kube-system",
                "resource_version": "1402",
                "uid": "8ed04e44-3cd8-4649-86ff-925c61aa6702"
              }
            ],
            "secret": [],
            "timeouts": null
          },
          "sensitive_attributes": [],
          "private": "eyJlMmJmYjczMC1lY2FhLTExZTYtOGY4OC0zNDM2M2JjN2M0YzAiOnsiY3JlYXRlIjozMDAwMDAwMDAwMH19",
          "dependencies": [
            "data.terraform_remote_state.network",
            "module.eks.data.aws_eks_cluster_auth.this",
            "module.eks.module.eks_blueprints.data.aws_iam_policy_document.eks_key",
            "module.eks.module.eks_blueprints.module.aws_eks.aws_cloudwatch_log_group.this",
            "module.eks.module.eks_blueprints.module.aws_eks.aws_eks_cluster.this",
            "module.eks.module.eks_blueprints.module.aws_eks.aws_iam_role.this",
            "module.eks.module.eks_blueprints.module.aws_eks.aws_iam_role_policy_attachment.this",
            "module.eks.module.eks_blueprints.module.aws_eks.aws_security_group.cluster",
            "module.eks.module.eks_blueprints.module.aws_eks.aws_security_group.node",
            "module.eks.module.eks_blueprints.module.aws_eks.aws_security_group_rule.cluster",
            "module.eks.module.eks_blueprints.module.aws_eks.aws_security_group_rule.node",
            "module.eks.module.eks_blueprints.module.aws_eks.data.aws_iam_policy_document.assume_role_policy",
            "module.eks.module.eks_blueprints.module.aws_eks.data.aws_partition.current",
            "module.eks.module.eks_blueprints.module.aws_eks.module.kms.aws_kms_external_key.this",
            "module.eks.module.eks_blueprints.module.aws_eks.module.kms.aws_kms_key.this",
            "module.eks.module.eks_blueprints.module.kms.aws_kms_key.this",
            "module.eks.module.eks_blueprints_kubernetes_addons.data.aws_caller_identity.current",
            "module.eks.module.eks_blueprints_kubernetes_addons.data.aws_eks_cluster.eks_cluster",
            "module.eks.module.eks_blueprints_kubernetes_addons.data.aws_partition.current",
            "module.eks.module.eks_blueprints_kubernetes_addons.data.aws_region.current",
            "module.eks.module.eks_blueprints_kubernetes_addons.module.cluster_autoscaler.aws_iam_policy.cluster_autoscaler",
            "module.eks.module.eks_blueprints_kubernetes_addons.module.cluster_autoscaler.data.aws_iam_policy_document.cluster_autoscaler",
            "module.eks.module.eks_blueprints_kubernetes_addons.module.cluster_autoscaler.module.helm_addon.module.irsa.aws_iam_role.irsa",
            "module.eks.module.eks_blueprints_kubernetes_addons.module.cluster_autoscaler.module.helm_addon.module.irsa.kubernetes_namespace_v1.irsa",
            "module.eks.module.eks_blueprints_kubernetes_addons.time_sleep.dataplane"
          ]
        }
      ]
    },
    {
      "module": "module.eks.module.eks_blueprints_kubernetes_addons.module.kube_prometheus_stack[0]",
      "mode": "managed",
      "type": "kubernetes_namespace_v1",
      "name": "prometheus",
      "provider": "module.eks.provider[\"registry.terraform.io/hashicorp/kubernetes\"]",
      "instances": [
        {
          "schema_version": 0,
          "attributes": {
            "id": "kube-prometheus-stack",
            "metadata": [
              {
                "annotations": null,
                "generate_name": "",
                "generation": 0,
                "labels": null,
                "name": "kube-prometheus-stack",
                "resource_version": "846",
                "uid": "18ce907b-9bfe-46b1-9282-fec9f89caef8"
              }
            ],
            "timeouts": null
          },
          "sensitive_attributes": [],
          "private": "eyJlMmJmYjczMC1lY2FhLTExZTYtOGY4OC0zNDM2M2JjN2M0YzAiOnsiZGVsZXRlIjozMDAwMDAwMDAwMDB9fQ==",
          "dependencies": [
            "data.terraform_remote_state.network",
            "module.eks.data.aws_eks_cluster_auth.this",
            "module.eks.module.eks_blueprints.data.aws_iam_policy_document.eks_key",
            "module.eks.module.eks_blueprints.module.aws_eks.aws_cloudwatch_log_group.this",
            "module.eks.module.eks_blueprints.module.aws_eks.aws_eks_cluster.this",
            "module.eks.module.eks_blueprints.module.aws_eks.aws_iam_role.this",
            "module.eks.module.eks_blueprints.module.aws_eks.aws_iam_role_policy_attachment.this",
            "module.eks.module.eks_blueprints.module.aws_eks.aws_security_group.cluster",
            "module.eks.module.eks_blueprints.module.aws_eks.aws_security_group.node",
            "module.eks.module.eks_blueprints.module.aws_eks.aws_security_group_rule.cluster",
            "module.eks.module.eks_blueprints.module.aws_eks.aws_security_group_rule.node",
            "module.eks.module.eks_blueprints.module.aws_eks.data.aws_iam_policy_document.assume_role_policy",
            "module.eks.module.eks_blueprints.module.aws_eks.data.aws_partition.current",
            "module.eks.module.eks_blueprints.module.aws_eks.module.kms.aws_kms_external_key.this",
            "module.eks.module.eks_blueprints.module.aws_eks.module.kms.aws_kms_key.this",
            "module.eks.module.eks_blueprints.module.kms.aws_kms_key.this"
          ]
        }
      ]
    }
  ]
}
